
Microsoft Visual Studio Solution File, Format Version 12.00
# Visual Studio 2013
VisualStudioVersion = 12.0.21005.1
MinimumVisualStudioVersion = 10.0.40219.1
Project("{FAE04EC0-301F-11D3-BF4B-00C04F79EFBC}") = "ObjectDataReader", "ObjectDataReader\ObjectDataReader.csproj", "{5CCFF329-23DE-4A95-A6D4-0C33FE71F7A6}"
EndProject
Project("{FAE04EC0-301F-11D3-BF4B-00C04F79EFBC}") = "ObjectDataReaderTest", "ObjectDataReaderTest\ObjectDataReaderTest.csproj", "{006C6BCA-D5B9-49B5-9674-C179E60E073C}"
EndProject
Global
	GlobalSection(SolutionConfigurationPlatforms) = preSolution
		Debug|Any CPU = Debug|Any CPU
		Release|Any CPU = Release|Any CPU
	EndGlobalSection
	GlobalSection(ProjectConfigurationPlatforms) = postSolution
		{5CCFF329-23DE-4A95-A6D4-0C33FE71F7A6}.Debug|Any CPU.ActiveCfg = Debug|Any CPU
		{5CCFF329-23DE-4A95-A6D4-0C33FE71F7A6}.Debug|Any CPU.Build.0 = Debug|Any CPU
		{5CCFF329-23DE-4A95-A6D4-0C33FE71F7A6}.Release|Any CPU.ActiveCfg = Release|Any CPU
		{5CCFF329-23DE-4A95-A6D4-0C33FE71F7A6}.Release|Any CPU.Build.0 = Release|Any CPU
		{006C6BCA-D5B9-49B5-9674-C179E60E073C}.Debug|Any CPU.ActiveCfg = Debug|Any CPU
		{006C6BCA-D5B9-49B5-9674-C179E60E073C}.Debug|Any CPU.Build.0 = Debug|Any CPU
		{006C6BCA-D5B9-49B5-9674-C179E60E073C}.Release|Any CPU.ActiveCfg = Release|Any CPU
		{006C6BCA-D5B9-49B5-9674-C179E60E073C}.Release|Any CPU.Build.0 = Release|Any CPU
	EndGlobalSection
	GlobalSection(SolutionProperties) = preSolution
		HideSolutionNode = FALSE
	EndGlobalSection
EndGlobal
