
Microsoft Visual Studio Solution File, Format Version 12.00
# Visual Studio 2013
VisualStudioVersion = 12.0.31101.0
MinimumVisualStudioVersion = 10.0.40219.1
Project("{FAE04EC0-301F-11D3-BF4B-00C04F79EFBC}") = "OwinSignalR.Pulse", "OwinSignalR.Pulse\OwinSignalR.Pulse.csproj", "{3329FA6A-12FB-4DD1-94F7-7ABB1AC15FCE}"
EndProject
Project("{FAE04EC0-301F-11D3-BF4B-00C04F79EFBC}") = "OwinSignalR.Common", "OwinSignalR.Common\OwinSignalR.Common.csproj", "{37B227B5-4583-4BB6-A0E3-BF39A9D3E6D4}"
EndProject
Project("{FAE04EC0-301F-11D3-BF4B-00C04F79EFBC}") = "OwinSignalR.Data", "OwinSignalR.Data\OwinSignalR.Data.csproj", "{D2B93570-3732-42A8-B36E-129403E6C6A5}"
EndProject
Project("{FAE04EC0-301F-11D3-BF4B-00C04F79EFBC}") = "OwinSignalR.PulseHost", "OwinSignalR.PulseHost\OwinSignalR.PulseHost.csproj", "{8A103601-6CD8-405B-97B0-5D0EFA35335B}"
EndProject
Project("{FAE04EC0-301F-11D3-BF4B-00C04F79EFBC}") = "OwinSignalR.Notificator", "OwinSignalR.Notificator\OwinSignalR.Notificator.csproj", "{D6CC9C11-B247-490C-BE4D-629814F4206C}"
EndProject
Project("{FAE04EC0-301F-11D3-BF4B-00C04F79EFBC}") = "OwinSignalR.Client", "OwinSignalR.Client\OwinSignalR.Client.csproj", "{6BBC9A48-59C8-4F0E-931D-3BF8C29494BD}"
EndProject
Global
	GlobalSection(SolutionConfigurationPlatforms) = preSolution
		Debug|Any CPU = Debug|Any CPU
		Release|Any CPU = Release|Any CPU
	EndGlobalSection
	GlobalSection(ProjectConfigurationPlatforms) = postSolution
		{3329FA6A-12FB-4DD1-94F7-7ABB1AC15FCE}.Debug|Any CPU.ActiveCfg = Debug|Any CPU
		{3329FA6A-12FB-4DD1-94F7-7ABB1AC15FCE}.Debug|Any CPU.Build.0 = Debug|Any CPU
		{3329FA6A-12FB-4DD1-94F7-7ABB1AC15FCE}.Release|Any CPU.ActiveCfg = Release|Any CPU
		{3329FA6A-12FB-4DD1-94F7-7ABB1AC15FCE}.Release|Any CPU.Build.0 = Release|Any CPU
		{37B227B5-4583-4BB6-A0E3-BF39A9D3E6D4}.Debug|Any CPU.ActiveCfg = Debug|Any CPU
		{37B227B5-4583-4BB6-A0E3-BF39A9D3E6D4}.Debug|Any CPU.Build.0 = Debug|Any CPU
		{37B227B5-4583-4BB6-A0E3-BF39A9D3E6D4}.Release|Any CPU.ActiveCfg = Release|Any CPU
		{37B227B5-4583-4BB6-A0E3-BF39A9D3E6D4}.Release|Any CPU.Build.0 = Release|Any CPU
		{D2B93570-3732-42A8-B36E-129403E6C6A5}.Debug|Any CPU.ActiveCfg = Debug|Any CPU
		{D2B93570-3732-42A8-B36E-129403E6C6A5}.Debug|Any CPU.Build.0 = Debug|Any CPU
		{D2B93570-3732-42A8-B36E-129403E6C6A5}.Release|Any CPU.ActiveCfg = Release|Any CPU
		{D2B93570-3732-42A8-B36E-129403E6C6A5}.Release|Any CPU.Build.0 = Release|Any CPU
		{8A103601-6CD8-405B-97B0-5D0EFA35335B}.Debug|Any CPU.ActiveCfg = Debug|Any CPU
		{8A103601-6CD8-405B-97B0-5D0EFA35335B}.Debug|Any CPU.Build.0 = Debug|Any CPU
		{8A103601-6CD8-405B-97B0-5D0EFA35335B}.Release|Any CPU.ActiveCfg = Release|Any CPU
		{8A103601-6CD8-405B-97B0-5D0EFA35335B}.Release|Any CPU.Build.0 = Release|Any CPU
		{D6CC9C11-B247-490C-BE4D-629814F4206C}.Debug|Any CPU.ActiveCfg = Debug|Any CPU
		{D6CC9C11-B247-490C-BE4D-629814F4206C}.Debug|Any CPU.Build.0 = Debug|Any CPU
		{D6CC9C11-B247-490C-BE4D-629814F4206C}.Release|Any CPU.ActiveCfg = Release|Any CPU
		{D6CC9C11-B247-490C-BE4D-629814F4206C}.Release|Any CPU.Build.0 = Release|Any CPU
		{6BBC9A48-59C8-4F0E-931D-3BF8C29494BD}.Debug|Any CPU.ActiveCfg = Debug|Any CPU
		{6BBC9A48-59C8-4F0E-931D-3BF8C29494BD}.Debug|Any CPU.Build.0 = Debug|Any CPU
		{6BBC9A48-59C8-4F0E-931D-3BF8C29494BD}.Release|Any CPU.ActiveCfg = Release|Any CPU
		{6BBC9A48-59C8-4F0E-931D-3BF8C29494BD}.Release|Any CPU.Build.0 = Release|Any CPU
	EndGlobalSection
	GlobalSection(SolutionProperties) = preSolution
		HideSolutionNode = FALSE
	EndGlobalSection
EndGlobal
