
Microsoft Visual Studio Solution File, Format Version 12.00
# Visual Studio 2013
VisualStudioVersion = 12.0.21005.1
MinimumVisualStudioVersion = 10.0.40219.1
Project("{2150E333-8FDC-42A3-9474-1A3956D46DE8}") = "Solution Items", "Solution Items", "{8D9F02ED-AE7E-4A8D-809D-07DD31FDC714}"
	ProjectSection(SolutionItems) = preProject
		CodeCoverage.runsettings = CodeCoverage.runsettings
		CommonAssemblyInfo.cs = CommonAssemblyInfo.cs
		CustomCodeAnalysisDictionary.xml = CustomCodeAnalysisDictionary.xml
		Readme.txt = Readme.txt
	EndProjectSection
EndProject
Project("{FAE04EC0-301F-11D3-BF4B-00C04F79EFBC}") = "MyCompany.Vacation.Data", "MyCompany.Vacation.Data\MyCompany.Vacation.Data.csproj", "{0D9AC8C7-B5A6-4DEF-8478-17412E5F2359}"
EndProject
Project("{FAE04EC0-301F-11D3-BF4B-00C04F79EFBC}") = "MyCompany.Vacation.Data.Tests", "MyCompany.Vacation.Data.Tests\MyCompany.Vacation.Data.Tests.csproj", "{D39FC8F8-E9E3-4888-8323-87F75B04CDC4}"
EndProject
Project("{FAE04EC0-301F-11D3-BF4B-00C04F79EFBC}") = "MyCompany.Vacation.Model", "MyCompany.Vacation.Model\MyCompany.Vacation.Model.csproj", "{05A33938-B402-4A82-8446-3A81CB0F5AA1}"
EndProject
Project("{FAE04EC0-301F-11D3-BF4B-00C04F79EFBC}") = "MyCompany.Vacation.AzureEventBusPlugin", "MyCompany.Vacation.EventBus\MyCompany.Vacation.AzureEventBusPlugin.csproj", "{EC39B54B-05C7-4241-8A56-717E6DAE21B5}"
EndProject
Project("{2150E333-8FDC-42A3-9474-1A3956D46DE8}") = "ExternalLibs", "ExternalLibs", "{B66274EE-900F-4542-85EB-F3BD72E56202}"
	ProjectSection(SolutionItems) = preProject
		ExternalLibs\MyCompany.Common.CrossCutting.dll = ExternalLibs\MyCompany.Common.CrossCutting.dll
		ExternalLibs\MyCompany.Common.EventBus.dll = ExternalLibs\MyCompany.Common.EventBus.dll
		ExternalLibs\MyCompany.Common.Notification.dll = ExternalLibs\MyCompany.Common.Notification.dll
		ExternalLibs\MyCompany.Common.Security.dll = ExternalLibs\MyCompany.Common.Security.dll
		ExternalLibs\Readme.txt = ExternalLibs\Readme.txt
	EndProjectSection
EndProject
Project("{FAE04EC0-301F-11D3-BF4B-00C04F79EFBC}") = "MyCompany.Vacation.Web", "MyCompany.Vacation.WebOData\MyCompany.Vacation.Web.csproj", "{A2D2B1B4-A65A-40A1-81B7-2DADA59BB28E}"
EndProject
Project("{FAE04EC0-301F-11D3-BF4B-00C04F79EFBC}") = "MyCompany.Vacation.Web.Tests", "MyCompany.Vacation.WebOData.Tests\MyCompany.Vacation.Web.Tests.csproj", "{DDB865D4-B878-42ED-AA79-777E659C13E1}"
EndProject
Project("{FAE04EC0-301F-11D3-BF4B-00C04F79EFBC}") = "MyCompany.Vacation.Client.Tests", "MyCompany.Vacation.Client.Tests\MyCompany.Vacation.Client.Tests.csproj", "{1B7DB0E9-285B-498B-95D9-B1F87BB25B79}"
EndProject
Project("{2150E333-8FDC-42A3-9474-1A3956D46DE8}") = "01. Clients", "01. Clients", "{E6CBEBB9-61C8-45E9-9582-81F639A111DC}"
EndProject
Project("{2150E333-8FDC-42A3-9474-1A3956D46DE8}") = "02. Server", "02. Server", "{63766C3A-8FCE-4640-94FA-565AB1F501D3}"
EndProject
Global
	GlobalSection(SolutionConfigurationPlatforms) = preSolution
		Debug|Any CPU = Debug|Any CPU
		DebugCD|Any CPU = DebugCD|Any CPU
		Release_LocalDeployment|Any CPU = Release_LocalDeployment|Any CPU
		Release|Any CPU = Release|Any CPU
	EndGlobalSection
	GlobalSection(ProjectConfigurationPlatforms) = postSolution
		{0D9AC8C7-B5A6-4DEF-8478-17412E5F2359}.Debug|Any CPU.ActiveCfg = Debug|Any CPU
		{0D9AC8C7-B5A6-4DEF-8478-17412E5F2359}.Debug|Any CPU.Build.0 = Debug|Any CPU
		{0D9AC8C7-B5A6-4DEF-8478-17412E5F2359}.DebugCD|Any CPU.ActiveCfg = DebugCD|Any CPU
		{0D9AC8C7-B5A6-4DEF-8478-17412E5F2359}.DebugCD|Any CPU.Build.0 = DebugCD|Any CPU
		{0D9AC8C7-B5A6-4DEF-8478-17412E5F2359}.Release_LocalDeployment|Any CPU.ActiveCfg = Release_LocalDeployment|Any CPU
		{0D9AC8C7-B5A6-4DEF-8478-17412E5F2359}.Release_LocalDeployment|Any CPU.Build.0 = Release_LocalDeployment|Any CPU
		{0D9AC8C7-B5A6-4DEF-8478-17412E5F2359}.Release|Any CPU.ActiveCfg = Release|Any CPU
		{0D9AC8C7-B5A6-4DEF-8478-17412E5F2359}.Release|Any CPU.Build.0 = Release|Any CPU
		{D39FC8F8-E9E3-4888-8323-87F75B04CDC4}.Debug|Any CPU.ActiveCfg = Debug|Any CPU
		{D39FC8F8-E9E3-4888-8323-87F75B04CDC4}.Debug|Any CPU.Build.0 = Debug|Any CPU
		{D39FC8F8-E9E3-4888-8323-87F75B04CDC4}.DebugCD|Any CPU.ActiveCfg = DebugCD|Any CPU
		{D39FC8F8-E9E3-4888-8323-87F75B04CDC4}.DebugCD|Any CPU.Build.0 = DebugCD|Any CPU
		{D39FC8F8-E9E3-4888-8323-87F75B04CDC4}.Release_LocalDeployment|Any CPU.ActiveCfg = Release_LocalDeployment|Any CPU
		{D39FC8F8-E9E3-4888-8323-87F75B04CDC4}.Release_LocalDeployment|Any CPU.Build.0 = Release_LocalDeployment|Any CPU
		{D39FC8F8-E9E3-4888-8323-87F75B04CDC4}.Release|Any CPU.ActiveCfg = Release|Any CPU
		{D39FC8F8-E9E3-4888-8323-87F75B04CDC4}.Release|Any CPU.Build.0 = Release|Any CPU
		{05A33938-B402-4A82-8446-3A81CB0F5AA1}.Debug|Any CPU.ActiveCfg = Debug|Any CPU
		{05A33938-B402-4A82-8446-3A81CB0F5AA1}.Debug|Any CPU.Build.0 = Debug|Any CPU
		{05A33938-B402-4A82-8446-3A81CB0F5AA1}.DebugCD|Any CPU.ActiveCfg = DebugCD|Any CPU
		{05A33938-B402-4A82-8446-3A81CB0F5AA1}.DebugCD|Any CPU.Build.0 = DebugCD|Any CPU
		{05A33938-B402-4A82-8446-3A81CB0F5AA1}.Release_LocalDeployment|Any CPU.ActiveCfg = Release_LocalDeployment|Any CPU
		{05A33938-B402-4A82-8446-3A81CB0F5AA1}.Release_LocalDeployment|Any CPU.Build.0 = Release_LocalDeployment|Any CPU
		{05A33938-B402-4A82-8446-3A81CB0F5AA1}.Release|Any CPU.ActiveCfg = Release|Any CPU
		{05A33938-B402-4A82-8446-3A81CB0F5AA1}.Release|Any CPU.Build.0 = Release|Any CPU
		{EC39B54B-05C7-4241-8A56-717E6DAE21B5}.Debug|Any CPU.ActiveCfg = Debug|Any CPU
		{EC39B54B-05C7-4241-8A56-717E6DAE21B5}.Debug|Any CPU.Build.0 = Debug|Any CPU
		{EC39B54B-05C7-4241-8A56-717E6DAE21B5}.DebugCD|Any CPU.ActiveCfg = Debug|Any CPU
		{EC39B54B-05C7-4241-8A56-717E6DAE21B5}.DebugCD|Any CPU.Build.0 = Debug|Any CPU
		{EC39B54B-05C7-4241-8A56-717E6DAE21B5}.Release_LocalDeployment|Any CPU.ActiveCfg = Release_LocalDeployment|Any CPU
		{EC39B54B-05C7-4241-8A56-717E6DAE21B5}.Release_LocalDeployment|Any CPU.Build.0 = Release_LocalDeployment|Any CPU
		{EC39B54B-05C7-4241-8A56-717E6DAE21B5}.Release|Any CPU.ActiveCfg = Release|Any CPU
		{EC39B54B-05C7-4241-8A56-717E6DAE21B5}.Release|Any CPU.Build.0 = Release|Any CPU
		{A2D2B1B4-A65A-40A1-81B7-2DADA59BB28E}.Debug|Any CPU.ActiveCfg = Debug|Any CPU
		{A2D2B1B4-A65A-40A1-81B7-2DADA59BB28E}.Debug|Any CPU.Build.0 = Debug|Any CPU
		{A2D2B1B4-A65A-40A1-81B7-2DADA59BB28E}.DebugCD|Any CPU.ActiveCfg = DebugCD|Any CPU
		{A2D2B1B4-A65A-40A1-81B7-2DADA59BB28E}.DebugCD|Any CPU.Build.0 = DebugCD|Any CPU
		{A2D2B1B4-A65A-40A1-81B7-2DADA59BB28E}.Release_LocalDeployment|Any CPU.ActiveCfg = Release_LocalDeployment|Any CPU
		{A2D2B1B4-A65A-40A1-81B7-2DADA59BB28E}.Release_LocalDeployment|Any CPU.Build.0 = Release_LocalDeployment|Any CPU
		{A2D2B1B4-A65A-40A1-81B7-2DADA59BB28E}.Release|Any CPU.ActiveCfg = Release|Any CPU
		{A2D2B1B4-A65A-40A1-81B7-2DADA59BB28E}.Release|Any CPU.Build.0 = Release|Any CPU
		{DDB865D4-B878-42ED-AA79-777E659C13E1}.Debug|Any CPU.ActiveCfg = Debug|Any CPU
		{DDB865D4-B878-42ED-AA79-777E659C13E1}.Debug|Any CPU.Build.0 = Debug|Any CPU
		{DDB865D4-B878-42ED-AA79-777E659C13E1}.DebugCD|Any CPU.ActiveCfg = DebugCD|Any CPU
		{DDB865D4-B878-42ED-AA79-777E659C13E1}.DebugCD|Any CPU.Build.0 = DebugCD|Any CPU
		{DDB865D4-B878-42ED-AA79-777E659C13E1}.Release_LocalDeployment|Any CPU.ActiveCfg = Release_LocalDeployment|Any CPU
		{DDB865D4-B878-42ED-AA79-777E659C13E1}.Release_LocalDeployment|Any CPU.Build.0 = Release_LocalDeployment|Any CPU
		{DDB865D4-B878-42ED-AA79-777E659C13E1}.Release|Any CPU.ActiveCfg = Release|Any CPU
		{DDB865D4-B878-42ED-AA79-777E659C13E1}.Release|Any CPU.Build.0 = Release|Any CPU
		{1B7DB0E9-285B-498B-95D9-B1F87BB25B79}.Debug|Any CPU.ActiveCfg = Debug|Any CPU
		{1B7DB0E9-285B-498B-95D9-B1F87BB25B79}.Debug|Any CPU.Build.0 = Debug|Any CPU
		{1B7DB0E9-285B-498B-95D9-B1F87BB25B79}.DebugCD|Any CPU.ActiveCfg = Debug|Any CPU
		{1B7DB0E9-285B-498B-95D9-B1F87BB25B79}.DebugCD|Any CPU.Build.0 = Debug|Any CPU
		{1B7DB0E9-285B-498B-95D9-B1F87BB25B79}.Release_LocalDeployment|Any CPU.ActiveCfg = Release_LocalDeployment|Any CPU
		{1B7DB0E9-285B-498B-95D9-B1F87BB25B79}.Release_LocalDeployment|Any CPU.Build.0 = Release_LocalDeployment|Any CPU
		{1B7DB0E9-285B-498B-95D9-B1F87BB25B79}.Release|Any CPU.ActiveCfg = Release|Any CPU
		{1B7DB0E9-285B-498B-95D9-B1F87BB25B79}.Release|Any CPU.Build.0 = Release|Any CPU
	EndGlobalSection
	GlobalSection(SolutionProperties) = preSolution
		HideSolutionNode = FALSE
	EndGlobalSection
	GlobalSection(NestedProjects) = preSolution
		{D39FC8F8-E9E3-4888-8323-87F75B04CDC4} = {63766C3A-8FCE-4640-94FA-565AB1F501D3}
		{05A33938-B402-4A82-8446-3A81CB0F5AA1} = {63766C3A-8FCE-4640-94FA-565AB1F501D3}
		{EC39B54B-05C7-4241-8A56-717E6DAE21B5} = {63766C3A-8FCE-4640-94FA-565AB1F501D3}
		{A2D2B1B4-A65A-40A1-81B7-2DADA59BB28E} = {63766C3A-8FCE-4640-94FA-565AB1F501D3}
		{DDB865D4-B878-42ED-AA79-777E659C13E1} = {63766C3A-8FCE-4640-94FA-565AB1F501D3}
		{0D9AC8C7-B5A6-4DEF-8478-17412E5F2359} = {63766C3A-8FCE-4640-94FA-565AB1F501D3}
		{1B7DB0E9-285B-498B-95D9-B1F87BB25B79} = {E6CBEBB9-61C8-45E9-9582-81F639A111DC}
	EndGlobalSection
EndGlobal
