
Microsoft Visual Studio Solution File, Format Version 12.00
# Visual Studio 2012
Project("{FAE04EC0-301F-11D3-BF4B-00C04F79EFBC}") = "taapBrowser", "taapBrowser\taapBrowser.csproj", "{CE6F0546-27DA-4B5F-A418-566746E178EC}"
EndProject
Global
	GlobalSection(TeamFoundationVersionControl) = preSolution
		SccNumberOfProjects = 2
		SccEnterpriseProvider = {4CA58AB2-18FA-4F8D-95D4-32DDF27D184C}
		SccTeamFoundationServer = https://ccslabs.visualstudio.com/defaultcollection
		SccLocalPath0 = .
		SccProjectUniqueName1 = taapBrowser\\taapBrowser.csproj
		SccProjectName1 = taapBrowser
		SccLocalPath1 = taapBrowser
	EndGlobalSection
	GlobalSection(SolutionConfigurationPlatforms) = preSolution
		Debug|Any CPU = Debug|Any CPU
		Release|Any CPU = Release|Any CPU
	EndGlobalSection
	GlobalSection(ProjectConfigurationPlatforms) = postSolution
		{CE6F0546-27DA-4B5F-A418-566746E178EC}.Debug|Any CPU.ActiveCfg = Debug|Any CPU
		{CE6F0546-27DA-4B5F-A418-566746E178EC}.Debug|Any CPU.Build.0 = Debug|Any CPU
		{CE6F0546-27DA-4B5F-A418-566746E178EC}.Release|Any CPU.ActiveCfg = Release|Any CPU
		{CE6F0546-27DA-4B5F-A418-566746E178EC}.Release|Any CPU.Build.0 = Release|Any CPU
	EndGlobalSection
	GlobalSection(SolutionProperties) = preSolution
		HideSolutionNode = FALSE
	EndGlobalSection
EndGlobal
