
Microsoft Visual Studio Solution File, Format Version 12.00
# Visual Studio 2012
Project("{FAE04EC0-301F-11D3-BF4B-00C04F79EFBC}") = "CIK.News.Web", "Web\CIK.News.Web.csproj", "{D2B5F13E-976B-4354-B38F-FF35D97942C1}"
EndProject
Project("{FAE04EC0-301F-11D3-BF4B-00C04F79EFBC}") = "CIK.News.Web.Tests", "Web.Tests\CIK.News.Web.Tests.csproj", "{79BC2EEE-4B20-4C64-BFE5-6FADB5F11D62}"
EndProject
Project("{FAE04EC0-301F-11D3-BF4B-00C04F79EFBC}") = "CIK.News.Web.Infras", "Web.Infrastructure\CIK.News.Web.Infras.csproj", "{14FD496D-1F35-47C7-B050-E9CD225179DD}"
EndProject
Project("{FAE04EC0-301F-11D3-BF4B-00C04F79EFBC}") = "CIK.News.Data.Infras", "Data.Infrastructure\CIK.News.Data.Infras.csproj", "{92ABEC06-CE0A-4252-BFFB-7101580C961B}"
EndProject
Project("{FAE04EC0-301F-11D3-BF4B-00C04F79EFBC}") = "CIK.News.Data", "Data\CIK.News.Data.csproj", "{75F3C1EC-8818-4526-8651-FA14C149CF86}"
EndProject
Project("{FAE04EC0-301F-11D3-BF4B-00C04F79EFBC}") = "CIK.News.Entities", "Domain\CIK.News.Entities.csproj", "{381D5A10-BB0D-4262-8369-C2CD351B8011}"
EndProject
Project("{FAE04EC0-301F-11D3-BF4B-00C04F79EFBC}") = "CIK.News.Framework", "Framework\CIK.News.Framework.csproj", "{B51B27D7-A648-4E3A-9F4F-2261BA04B610}"
EndProject
Project("{2150E333-8FDC-42A3-9474-1A3956D46DE8}") = "Framework", "Framework", "{024D8783-5212-4A77-874E-B0E252ACE855}"
EndProject
Project("{2150E333-8FDC-42A3-9474-1A3956D46DE8}") = "Domain", "Domain", "{CFFDFF0D-5E62-4078-BBFE-EB22D96C8761}"
EndProject
Project("{2150E333-8FDC-42A3-9474-1A3956D46DE8}") = "Web", "Web", "{384C2EDB-C75E-4F62-9CED-48DE94EE59EF}"
EndProject
Project("{2150E333-8FDC-42A3-9474-1A3956D46DE8}") = "Testing", "Testing", "{600BFD5E-A679-4BA4-BD67-1C7DE3F69D82}"
EndProject
Project("{FAE04EC0-301F-11D3-BF4B-00C04F79EFBC}") = "CIK.News.Mapping", "CIK.News.Mapping\CIK.News.Mapping.csproj", "{097F8A48-03D1-4C83-BCF7-C9424A32018A}"
EndProject
Global
	GlobalSection(SolutionConfigurationPlatforms) = preSolution
		Debug|Any CPU = Debug|Any CPU
		Release|Any CPU = Release|Any CPU
	EndGlobalSection
	GlobalSection(ProjectConfigurationPlatforms) = postSolution
		{D2B5F13E-976B-4354-B38F-FF35D97942C1}.Debug|Any CPU.ActiveCfg = Debug|Any CPU
		{D2B5F13E-976B-4354-B38F-FF35D97942C1}.Debug|Any CPU.Build.0 = Debug|Any CPU
		{D2B5F13E-976B-4354-B38F-FF35D97942C1}.Release|Any CPU.ActiveCfg = Release|Any CPU
		{D2B5F13E-976B-4354-B38F-FF35D97942C1}.Release|Any CPU.Build.0 = Release|Any CPU
		{79BC2EEE-4B20-4C64-BFE5-6FADB5F11D62}.Debug|Any CPU.ActiveCfg = Debug|Any CPU
		{79BC2EEE-4B20-4C64-BFE5-6FADB5F11D62}.Debug|Any CPU.Build.0 = Debug|Any CPU
		{79BC2EEE-4B20-4C64-BFE5-6FADB5F11D62}.Release|Any CPU.ActiveCfg = Release|Any CPU
		{79BC2EEE-4B20-4C64-BFE5-6FADB5F11D62}.Release|Any CPU.Build.0 = Release|Any CPU
		{14FD496D-1F35-47C7-B050-E9CD225179DD}.Debug|Any CPU.ActiveCfg = Debug|Any CPU
		{14FD496D-1F35-47C7-B050-E9CD225179DD}.Debug|Any CPU.Build.0 = Debug|Any CPU
		{14FD496D-1F35-47C7-B050-E9CD225179DD}.Release|Any CPU.ActiveCfg = Release|Any CPU
		{14FD496D-1F35-47C7-B050-E9CD225179DD}.Release|Any CPU.Build.0 = Release|Any CPU
		{92ABEC06-CE0A-4252-BFFB-7101580C961B}.Debug|Any CPU.ActiveCfg = Debug|Any CPU
		{92ABEC06-CE0A-4252-BFFB-7101580C961B}.Debug|Any CPU.Build.0 = Debug|Any CPU
		{92ABEC06-CE0A-4252-BFFB-7101580C961B}.Release|Any CPU.ActiveCfg = Release|Any CPU
		{92ABEC06-CE0A-4252-BFFB-7101580C961B}.Release|Any CPU.Build.0 = Release|Any CPU
		{75F3C1EC-8818-4526-8651-FA14C149CF86}.Debug|Any CPU.ActiveCfg = Debug|Any CPU
		{75F3C1EC-8818-4526-8651-FA14C149CF86}.Debug|Any CPU.Build.0 = Debug|Any CPU
		{75F3C1EC-8818-4526-8651-FA14C149CF86}.Release|Any CPU.ActiveCfg = Release|Any CPU
		{75F3C1EC-8818-4526-8651-FA14C149CF86}.Release|Any CPU.Build.0 = Release|Any CPU
		{381D5A10-BB0D-4262-8369-C2CD351B8011}.Debug|Any CPU.ActiveCfg = Debug|Any CPU
		{381D5A10-BB0D-4262-8369-C2CD351B8011}.Debug|Any CPU.Build.0 = Debug|Any CPU
		{381D5A10-BB0D-4262-8369-C2CD351B8011}.Release|Any CPU.ActiveCfg = Release|Any CPU
		{381D5A10-BB0D-4262-8369-C2CD351B8011}.Release|Any CPU.Build.0 = Release|Any CPU
		{B51B27D7-A648-4E3A-9F4F-2261BA04B610}.Debug|Any CPU.ActiveCfg = Debug|Any CPU
		{B51B27D7-A648-4E3A-9F4F-2261BA04B610}.Debug|Any CPU.Build.0 = Debug|Any CPU
		{B51B27D7-A648-4E3A-9F4F-2261BA04B610}.Release|Any CPU.ActiveCfg = Release|Any CPU
		{B51B27D7-A648-4E3A-9F4F-2261BA04B610}.Release|Any CPU.Build.0 = Release|Any CPU
		{097F8A48-03D1-4C83-BCF7-C9424A32018A}.Debug|Any CPU.ActiveCfg = Debug|Any CPU
		{097F8A48-03D1-4C83-BCF7-C9424A32018A}.Debug|Any CPU.Build.0 = Debug|Any CPU
		{097F8A48-03D1-4C83-BCF7-C9424A32018A}.Release|Any CPU.ActiveCfg = Release|Any CPU
		{097F8A48-03D1-4C83-BCF7-C9424A32018A}.Release|Any CPU.Build.0 = Release|Any CPU
	EndGlobalSection
	GlobalSection(SolutionProperties) = preSolution
		HideSolutionNode = FALSE
	EndGlobalSection
	GlobalSection(NestedProjects) = preSolution
		{75F3C1EC-8818-4526-8651-FA14C149CF86} = {024D8783-5212-4A77-874E-B0E252ACE855}
		{B51B27D7-A648-4E3A-9F4F-2261BA04B610} = {024D8783-5212-4A77-874E-B0E252ACE855}
		{92ABEC06-CE0A-4252-BFFB-7101580C961B} = {024D8783-5212-4A77-874E-B0E252ACE855}
		{381D5A10-BB0D-4262-8369-C2CD351B8011} = {CFFDFF0D-5E62-4078-BBFE-EB22D96C8761}
		{097F8A48-03D1-4C83-BCF7-C9424A32018A} = {CFFDFF0D-5E62-4078-BBFE-EB22D96C8761}
		{D2B5F13E-976B-4354-B38F-FF35D97942C1} = {384C2EDB-C75E-4F62-9CED-48DE94EE59EF}
		{14FD496D-1F35-47C7-B050-E9CD225179DD} = {384C2EDB-C75E-4F62-9CED-48DE94EE59EF}
		{79BC2EEE-4B20-4C64-BFE5-6FADB5F11D62} = {600BFD5E-A679-4BA4-BD67-1C7DE3F69D82}
	EndGlobalSection
EndGlobal
