
Microsoft Visual Studio Solution File, Format Version 11.00
# Visual Studio 2010
Project("{FAE04EC0-301F-11D3-BF4B-00C04F79EFBC}") = "CSharpNetworkBandwidth", "CSharpNetworkBandwidth\CSharpNetworkBandwidth.csproj", "{E0E287A2-7505-4895-827F-D5CBB4F632AB}"
EndProject
Project("{F184B08F-C81C-45F6-A57F-5ABD9991F28F}") = "VBNetworkBandwidth", "VBNetworkBandwidth\VBNetworkBandwidth.vbproj", "{0E3EE918-0F90-4F6D-AE0D-B4CE75836019}"
EndProject
Global
	GlobalSection(SolutionConfigurationPlatforms) = preSolution
		Debug|x86 = Debug|x86
		Release|x86 = Release|x86
	EndGlobalSection
	GlobalSection(ProjectConfigurationPlatforms) = postSolution
		{E0E287A2-7505-4895-827F-D5CBB4F632AB}.Debug|x86.ActiveCfg = Debug|x86
		{E0E287A2-7505-4895-827F-D5CBB4F632AB}.Debug|x86.Build.0 = Debug|x86
		{E0E287A2-7505-4895-827F-D5CBB4F632AB}.Release|x86.ActiveCfg = Release|x86
		{E0E287A2-7505-4895-827F-D5CBB4F632AB}.Release|x86.Build.0 = Release|x86
		{0E3EE918-0F90-4F6D-AE0D-B4CE75836019}.Debug|x86.ActiveCfg = Debug|x86
		{0E3EE918-0F90-4F6D-AE0D-B4CE75836019}.Debug|x86.Build.0 = Debug|x86
		{0E3EE918-0F90-4F6D-AE0D-B4CE75836019}.Release|x86.ActiveCfg = Release|x86
		{0E3EE918-0F90-4F6D-AE0D-B4CE75836019}.Release|x86.Build.0 = Release|x86
	EndGlobalSection
	GlobalSection(SolutionProperties) = preSolution
		HideSolutionNode = FALSE
	EndGlobalSection
EndGlobal
