
Microsoft Visual Studio Solution File, Format Version 11.00
# Visual Studio 2010
Project("{FAE04EC0-301F-11D3-BF4B-00C04F79EFBC}") = "WebPrint", "WebPrint\WebPrint.csproj", "{53E3D6E0-9B51-4272-A7A4-8F0FB828E15E}"
EndProject
Global
	GlobalSection(SolutionConfigurationPlatforms) = preSolution
		Debug|Any CPU = Debug|Any CPU
		Release|Any CPU = Release|Any CPU
	EndGlobalSection
	GlobalSection(ProjectConfigurationPlatforms) = postSolution
		{53E3D6E0-9B51-4272-A7A4-8F0FB828E15E}.Debug|Any CPU.ActiveCfg = Debug|Any CPU
		{53E3D6E0-9B51-4272-A7A4-8F0FB828E15E}.Debug|Any CPU.Build.0 = Debug|Any CPU
		{53E3D6E0-9B51-4272-A7A4-8F0FB828E15E}.Release|Any CPU.ActiveCfg = Release|Any CPU
		{53E3D6E0-9B51-4272-A7A4-8F0FB828E15E}.Release|Any CPU.Build.0 = Release|Any CPU
	EndGlobalSection
	GlobalSection(SolutionProperties) = preSolution
		HideSolutionNode = FALSE
	EndGlobalSection
EndGlobal
