
Microsoft Visual Studio Solution File, Format Version 11.00
# Visual Studio 2010
Project("{FAE04EC0-301F-11D3-BF4B-00C04F79EFBC}") = "SystemColors", "SystemColors\SystemColors.csproj", "{29b97f6d-954b-4eca-a222-f89f4d88fb64}"
EndProject
Global
	GlobalSection(SolutionConfigurationPlatforms) = preSolution
		Debug|Any CPU = Debug|Any CPU
		Release|Any CPU = Release|Any CPU
	EndGlobalSection
	GlobalSection(ProjectConfigurationPlatforms) = postSolution
		{29B97F6D-954B-4ECA-A222-F89F4D88FB64}.Debug|Any CPU.ActiveCfg = Debug|Any CPU
		{29B97F6D-954B-4ECA-A222-F89F4D88FB64}.Debug|Any CPU.Build.0 = Debug|Any CPU
		{29B97F6D-954B-4ECA-A222-F89F4D88FB64}.Release|Any CPU.ActiveCfg = Release|Any CPU
		{29B97F6D-954B-4ECA-A222-F89F4D88FB64}.Release|Any CPU.Build.0 = Release|Any CPU
	EndGlobalSection
EndGlobal
