
Microsoft Visual Studio Solution File, Format Version 12.00
# Visual Studio 14
VisualStudioVersion = 14.0.24720.0
MinimumVisualStudioVersion = 10.0.40219.1
Project("{F184B08F-C81C-45F6-A57F-5ABD9991F28F}") = "Miscellaneous", "Miscellaneous\Miscellaneous.vbproj", "{881F7039-10CA-4670-8557-D727892688FB}"
EndProject
Project("{F14B399A-7131-4C87-9E4B-1186C45EF12D}") = "ServerDatabase", "ServerDatabase\ServerDatabase.rptproj", "{29707528-83F7-4958-BA6A-9BC257F1B7CA}"
EndProject
Project("{F14B399A-7131-4C87-9E4B-1186C45EF12D}") = "ServerReport", "ServerReports\ServerReport.rptproj", "{49823FC4-3FF4-4C8D-A022-639D5F79F0F7}"
EndProject
Global
	GlobalSection(SolutionConfigurationPlatforms) = preSolution
		Debug|Any CPU = Debug|Any CPU
		DebugLocal|Any CPU = DebugLocal|Any CPU
		Release|Any CPU = Release|Any CPU
	EndGlobalSection
	GlobalSection(ProjectConfigurationPlatforms) = postSolution
		{881F7039-10CA-4670-8557-D727892688FB}.Debug|Any CPU.ActiveCfg = Debug|Any CPU
		{881F7039-10CA-4670-8557-D727892688FB}.Debug|Any CPU.Build.0 = Debug|Any CPU
		{881F7039-10CA-4670-8557-D727892688FB}.DebugLocal|Any CPU.ActiveCfg = Debug|Any CPU
		{881F7039-10CA-4670-8557-D727892688FB}.DebugLocal|Any CPU.Build.0 = Debug|Any CPU
		{881F7039-10CA-4670-8557-D727892688FB}.Release|Any CPU.ActiveCfg = Release|Any CPU
		{881F7039-10CA-4670-8557-D727892688FB}.Release|Any CPU.Build.0 = Release|Any CPU
		{29707528-83F7-4958-BA6A-9BC257F1B7CA}.Debug|Any CPU.ActiveCfg = Debug
		{29707528-83F7-4958-BA6A-9BC257F1B7CA}.Debug|Any CPU.Build.0 = Debug
		{29707528-83F7-4958-BA6A-9BC257F1B7CA}.Debug|Any CPU.Deploy.0 = Debug
		{29707528-83F7-4958-BA6A-9BC257F1B7CA}.DebugLocal|Any CPU.ActiveCfg = DebugLocal
		{29707528-83F7-4958-BA6A-9BC257F1B7CA}.DebugLocal|Any CPU.Build.0 = DebugLocal
		{29707528-83F7-4958-BA6A-9BC257F1B7CA}.DebugLocal|Any CPU.Deploy.0 = DebugLocal
		{29707528-83F7-4958-BA6A-9BC257F1B7CA}.Release|Any CPU.ActiveCfg = Release
		{29707528-83F7-4958-BA6A-9BC257F1B7CA}.Release|Any CPU.Build.0 = Release
		{29707528-83F7-4958-BA6A-9BC257F1B7CA}.Release|Any CPU.Deploy.0 = Release
		{49823FC4-3FF4-4C8D-A022-639D5F79F0F7}.Debug|Any CPU.ActiveCfg = Debug
		{49823FC4-3FF4-4C8D-A022-639D5F79F0F7}.Debug|Any CPU.Build.0 = Debug
		{49823FC4-3FF4-4C8D-A022-639D5F79F0F7}.Debug|Any CPU.Deploy.0 = Debug
		{49823FC4-3FF4-4C8D-A022-639D5F79F0F7}.DebugLocal|Any CPU.ActiveCfg = DebugLocal
		{49823FC4-3FF4-4C8D-A022-639D5F79F0F7}.DebugLocal|Any CPU.Build.0 = DebugLocal
		{49823FC4-3FF4-4C8D-A022-639D5F79F0F7}.DebugLocal|Any CPU.Deploy.0 = DebugLocal
		{49823FC4-3FF4-4C8D-A022-639D5F79F0F7}.Release|Any CPU.ActiveCfg = Release
		{49823FC4-3FF4-4C8D-A022-639D5F79F0F7}.Release|Any CPU.Build.0 = Release
		{49823FC4-3FF4-4C8D-A022-639D5F79F0F7}.Release|Any CPU.Deploy.0 = Release
	EndGlobalSection
	GlobalSection(SolutionProperties) = preSolution
		HideSolutionNode = FALSE
	EndGlobalSection
EndGlobal
