
Microsoft Visual Studio Solution File, Format Version 12.00
# Visual Studio 14
VisualStudioVersion = 14.0.25123.0
MinimumVisualStudioVersion = 10.0.40219.1
Project("{FAE04EC0-301F-11D3-BF4B-00C04F79EFBC}") = "TestFaceIdentify", "TestFaceIdentify\TestFaceIdentify.csproj", "{546E6979-4567-4C18-A887-514DAE56FDE6}"
EndProject
Global
	GlobalSection(SolutionConfigurationPlatforms) = preSolution
		Debug|Any CPU = Debug|Any CPU
		Release|Any CPU = Release|Any CPU
	EndGlobalSection
	GlobalSection(ProjectConfigurationPlatforms) = postSolution
		{546E6979-4567-4C18-A887-514DAE56FDE6}.Debug|Any CPU.ActiveCfg = Debug|Any CPU
		{546E6979-4567-4C18-A887-514DAE56FDE6}.Debug|Any CPU.Build.0 = Debug|Any CPU
		{546E6979-4567-4C18-A887-514DAE56FDE6}.Release|Any CPU.ActiveCfg = Release|Any CPU
		{546E6979-4567-4C18-A887-514DAE56FDE6}.Release|Any CPU.Build.0 = Release|Any CPU
	EndGlobalSection
	GlobalSection(SolutionProperties) = preSolution
		HideSolutionNode = FALSE
	EndGlobalSection
EndGlobal
