
Microsoft Visual Studio Solution File, Format Version 11.00
# Visual Studio 2010
Project("{FAE04EC0-301F-11D3-BF4B-00C04F79EFBC}") = "EModel", "EModel\EModel.csproj", "{09840990-5F85-48AD-9297-1E6055183CA0}"
EndProject
Project("{FAE04EC0-301F-11D3-BF4B-00C04F79EFBC}") = "Presenter", "Presenter\Presenter.csproj", "{74F98FFA-28B8-4582-8684-B1372A3FA965}"
EndProject
Project("{FAE04EC0-301F-11D3-BF4B-00C04F79EFBC}") = "Service", "Service\Service.csproj", "{E2270797-5DF2-43E3-BC92-DD05B46576F0}"
EndProject
Project("{FAE04EC0-301F-11D3-BF4B-00C04F79EFBC}") = "Views", "WebMVP\Views.csproj", "{6D949CC4-828C-4608-8CCB-40DAA6A7DBF8}"
	ProjectSection(ProjectDependencies) = postProject
		{E2270797-5DF2-43E3-BC92-DD05B46576F0} = {E2270797-5DF2-43E3-BC92-DD05B46576F0}
	EndProjectSection
EndProject
Global
	GlobalSection(SolutionConfigurationPlatforms) = preSolution
		Debug|Any CPU = Debug|Any CPU
		Release|Any CPU = Release|Any CPU
	EndGlobalSection
	GlobalSection(ProjectConfigurationPlatforms) = postSolution
		{09840990-5F85-48AD-9297-1E6055183CA0}.Debug|Any CPU.ActiveCfg = Debug|Any CPU
		{09840990-5F85-48AD-9297-1E6055183CA0}.Debug|Any CPU.Build.0 = Debug|Any CPU
		{09840990-5F85-48AD-9297-1E6055183CA0}.Release|Any CPU.ActiveCfg = Release|Any CPU
		{09840990-5F85-48AD-9297-1E6055183CA0}.Release|Any CPU.Build.0 = Release|Any CPU
		{74F98FFA-28B8-4582-8684-B1372A3FA965}.Debug|Any CPU.ActiveCfg = Debug|Any CPU
		{74F98FFA-28B8-4582-8684-B1372A3FA965}.Debug|Any CPU.Build.0 = Debug|Any CPU
		{74F98FFA-28B8-4582-8684-B1372A3FA965}.Release|Any CPU.ActiveCfg = Release|Any CPU
		{74F98FFA-28B8-4582-8684-B1372A3FA965}.Release|Any CPU.Build.0 = Release|Any CPU
		{E2270797-5DF2-43E3-BC92-DD05B46576F0}.Debug|Any CPU.ActiveCfg = Debug|Any CPU
		{E2270797-5DF2-43E3-BC92-DD05B46576F0}.Debug|Any CPU.Build.0 = Debug|Any CPU
		{E2270797-5DF2-43E3-BC92-DD05B46576F0}.Release|Any CPU.ActiveCfg = Release|Any CPU
		{E2270797-5DF2-43E3-BC92-DD05B46576F0}.Release|Any CPU.Build.0 = Release|Any CPU
		{6D949CC4-828C-4608-8CCB-40DAA6A7DBF8}.Debug|Any CPU.ActiveCfg = Debug|Any CPU
		{6D949CC4-828C-4608-8CCB-40DAA6A7DBF8}.Debug|Any CPU.Build.0 = Debug|Any CPU
		{6D949CC4-828C-4608-8CCB-40DAA6A7DBF8}.Release|Any CPU.ActiveCfg = Release|Any CPU
		{6D949CC4-828C-4608-8CCB-40DAA6A7DBF8}.Release|Any CPU.Build.0 = Release|Any CPU
	EndGlobalSection
	GlobalSection(SolutionProperties) = preSolution
		HideSolutionNode = FALSE
	EndGlobalSection
EndGlobal
