
Microsoft Visual Studio Solution File, Format Version 12.00
# Visual Studio 2013
VisualStudioVersion = 12.0.31101.0
MinimumVisualStudioVersion = 10.0.40219.1
Project("{FAE04EC0-301F-11D3-BF4B-00C04F79EFBC}") = "NumericTextBoxSample", "NumerictextBoxSample\NumericTextBoxSample.csproj", "{77744E34-598D-4C8B-A70E-55DC1BB1504D}"
	ProjectSection(ProjectDependencies) = postProject
		{8F0DDDF0-9312-4EC8-AF8F-E6B45798EAE4} = {8F0DDDF0-9312-4EC8-AF8F-E6B45798EAE4}
	EndProjectSection
EndProject
Project("{FAE04EC0-301F-11D3-BF4B-00C04F79EFBC}") = "NumericalTextBoxes", "NumericalTextBoxes\NumericalTextBoxes.csproj", "{8F0DDDF0-9312-4EC8-AF8F-E6B45798EAE4}"
EndProject
Global
	GlobalSection(SolutionConfigurationPlatforms) = preSolution
		Debug|Any CPU = Debug|Any CPU
		Release|Any CPU = Release|Any CPU
	EndGlobalSection
	GlobalSection(ProjectConfigurationPlatforms) = postSolution
		{77744E34-598D-4C8B-A70E-55DC1BB1504D}.Debug|Any CPU.ActiveCfg = Debug|Any CPU
		{77744E34-598D-4C8B-A70E-55DC1BB1504D}.Debug|Any CPU.Build.0 = Debug|Any CPU
		{77744E34-598D-4C8B-A70E-55DC1BB1504D}.Release|Any CPU.ActiveCfg = Release|Any CPU
		{77744E34-598D-4C8B-A70E-55DC1BB1504D}.Release|Any CPU.Build.0 = Release|Any CPU
		{8F0DDDF0-9312-4EC8-AF8F-E6B45798EAE4}.Debug|Any CPU.ActiveCfg = Debug|Any CPU
		{8F0DDDF0-9312-4EC8-AF8F-E6B45798EAE4}.Debug|Any CPU.Build.0 = Debug|Any CPU
		{8F0DDDF0-9312-4EC8-AF8F-E6B45798EAE4}.Release|Any CPU.ActiveCfg = Release|Any CPU
		{8F0DDDF0-9312-4EC8-AF8F-E6B45798EAE4}.Release|Any CPU.Build.0 = Release|Any CPU
	EndGlobalSection
	GlobalSection(SolutionProperties) = preSolution
		HideSolutionNode = FALSE
	EndGlobalSection
EndGlobal
