
Microsoft Visual Studio Solution File, Format Version 12.00
# Visual Studio 2013
VisualStudioVersion = 12.0.31101.0
MinimumVisualStudioVersion = 10.0.40219.1
Project("{FAE04EC0-301F-11D3-BF4B-00C04F79EFBC}") = "MApp", "MApp\MApp\MApp.csproj", "{69D63BAD-8308-42D4-BCC7-DAE0DDAB273C}"
EndProject
Project("{FAE04EC0-301F-11D3-BF4B-00C04F79EFBC}") = "MApp.iOS", "MApp\MApp.iOS\MApp.iOS.csproj", "{774112F4-502F-4C8F-B5FF-142C89B2E813}"
EndProject
Project("{FAE04EC0-301F-11D3-BF4B-00C04F79EFBC}") = "MApp.Droid", "MApp\MApp.Droid\MApp.Droid.csproj", "{104E0698-43F4-4F60-B97E-EF2F03916B4A}"
EndProject
Project("{FAE04EC0-301F-11D3-BF4B-00C04F79EFBC}") = "MApp.WinPhone", "MApp\MApp.WinPhone\MApp.WinPhone.csproj", "{911C486A-C0D0-4E94-8834-5CC30ACD387A}"
EndProject
Global
	GlobalSection(SolutionConfigurationPlatforms) = preSolution
		Ad-Hoc|Any CPU = Ad-Hoc|Any CPU
		Ad-Hoc|ARM = Ad-Hoc|ARM
		Ad-Hoc|iPhone = Ad-Hoc|iPhone
		Ad-Hoc|iPhoneSimulator = Ad-Hoc|iPhoneSimulator
		Ad-Hoc|Mixed Platforms = Ad-Hoc|Mixed Platforms
		Ad-Hoc|x86 = Ad-Hoc|x86
		AppStore|Any CPU = AppStore|Any CPU
		AppStore|ARM = AppStore|ARM
		AppStore|iPhone = AppStore|iPhone
		AppStore|iPhoneSimulator = AppStore|iPhoneSimulator
		AppStore|Mixed Platforms = AppStore|Mixed Platforms
		AppStore|x86 = AppStore|x86
		Debug|Any CPU = Debug|Any CPU
		Debug|ARM = Debug|ARM
		Debug|iPhone = Debug|iPhone
		Debug|iPhoneSimulator = Debug|iPhoneSimulator
		Debug|Mixed Platforms = Debug|Mixed Platforms
		Debug|x86 = Debug|x86
		Release|Any CPU = Release|Any CPU
		Release|ARM = Release|ARM
		Release|iPhone = Release|iPhone
		Release|iPhoneSimulator = Release|iPhoneSimulator
		Release|Mixed Platforms = Release|Mixed Platforms
		Release|x86 = Release|x86
	EndGlobalSection
	GlobalSection(ProjectConfigurationPlatforms) = postSolution
		{69D63BAD-8308-42D4-BCC7-DAE0DDAB273C}.Ad-Hoc|Any CPU.ActiveCfg = Release|Any CPU
		{69D63BAD-8308-42D4-BCC7-DAE0DDAB273C}.Ad-Hoc|Any CPU.Build.0 = Release|Any CPU
		{69D63BAD-8308-42D4-BCC7-DAE0DDAB273C}.Ad-Hoc|ARM.ActiveCfg = Release|Any CPU
		{69D63BAD-8308-42D4-BCC7-DAE0DDAB273C}.Ad-Hoc|iPhone.ActiveCfg = Release|Any CPU
		{69D63BAD-8308-42D4-BCC7-DAE0DDAB273C}.Ad-Hoc|iPhoneSimulator.ActiveCfg = Release|Any CPU
		{69D63BAD-8308-42D4-BCC7-DAE0DDAB273C}.Ad-Hoc|Mixed Platforms.ActiveCfg = Release|Any CPU
		{69D63BAD-8308-42D4-BCC7-DAE0DDAB273C}.Ad-Hoc|Mixed Platforms.Build.0 = Release|Any CPU
		{69D63BAD-8308-42D4-BCC7-DAE0DDAB273C}.Ad-Hoc|x86.ActiveCfg = Release|Any CPU
		{69D63BAD-8308-42D4-BCC7-DAE0DDAB273C}.AppStore|Any CPU.ActiveCfg = Release|Any CPU
		{69D63BAD-8308-42D4-BCC7-DAE0DDAB273C}.AppStore|Any CPU.Build.0 = Release|Any CPU
		{69D63BAD-8308-42D4-BCC7-DAE0DDAB273C}.AppStore|ARM.ActiveCfg = Release|Any CPU
		{69D63BAD-8308-42D4-BCC7-DAE0DDAB273C}.AppStore|iPhone.ActiveCfg = Release|Any CPU
		{69D63BAD-8308-42D4-BCC7-DAE0DDAB273C}.AppStore|iPhoneSimulator.ActiveCfg = Release|Any CPU
		{69D63BAD-8308-42D4-BCC7-DAE0DDAB273C}.AppStore|Mixed Platforms.ActiveCfg = Release|Any CPU
		{69D63BAD-8308-42D4-BCC7-DAE0DDAB273C}.AppStore|Mixed Platforms.Build.0 = Release|Any CPU
		{69D63BAD-8308-42D4-BCC7-DAE0DDAB273C}.AppStore|x86.ActiveCfg = Release|Any CPU
		{69D63BAD-8308-42D4-BCC7-DAE0DDAB273C}.Debug|Any CPU.ActiveCfg = Debug|Any CPU
		{69D63BAD-8308-42D4-BCC7-DAE0DDAB273C}.Debug|Any CPU.Build.0 = Debug|Any CPU
		{69D63BAD-8308-42D4-BCC7-DAE0DDAB273C}.Debug|ARM.ActiveCfg = Debug|Any CPU
		{69D63BAD-8308-42D4-BCC7-DAE0DDAB273C}.Debug|iPhone.ActiveCfg = Debug|Any CPU
		{69D63BAD-8308-42D4-BCC7-DAE0DDAB273C}.Debug|iPhoneSimulator.ActiveCfg = Debug|Any CPU
		{69D63BAD-8308-42D4-BCC7-DAE0DDAB273C}.Debug|Mixed Platforms.ActiveCfg = Debug|Any CPU
		{69D63BAD-8308-42D4-BCC7-DAE0DDAB273C}.Debug|Mixed Platforms.Build.0 = Debug|Any CPU
		{69D63BAD-8308-42D4-BCC7-DAE0DDAB273C}.Debug|x86.ActiveCfg = Debug|Any CPU
		{69D63BAD-8308-42D4-BCC7-DAE0DDAB273C}.Release|Any CPU.ActiveCfg = Release|Any CPU
		{69D63BAD-8308-42D4-BCC7-DAE0DDAB273C}.Release|Any CPU.Build.0 = Release|Any CPU
		{69D63BAD-8308-42D4-BCC7-DAE0DDAB273C}.Release|ARM.ActiveCfg = Release|Any CPU
		{69D63BAD-8308-42D4-BCC7-DAE0DDAB273C}.Release|iPhone.ActiveCfg = Release|Any CPU
		{69D63BAD-8308-42D4-BCC7-DAE0DDAB273C}.Release|iPhoneSimulator.ActiveCfg = Release|Any CPU
		{69D63BAD-8308-42D4-BCC7-DAE0DDAB273C}.Release|Mixed Platforms.ActiveCfg = Release|Any CPU
		{69D63BAD-8308-42D4-BCC7-DAE0DDAB273C}.Release|Mixed Platforms.Build.0 = Release|Any CPU
		{69D63BAD-8308-42D4-BCC7-DAE0DDAB273C}.Release|x86.ActiveCfg = Release|Any CPU
		{774112F4-502F-4C8F-B5FF-142C89B2E813}.Ad-Hoc|Any CPU.ActiveCfg = Ad-Hoc|iPhone
		{774112F4-502F-4C8F-B5FF-142C89B2E813}.Ad-Hoc|ARM.ActiveCfg = Ad-Hoc|iPhone
		{774112F4-502F-4C8F-B5FF-142C89B2E813}.Ad-Hoc|iPhone.ActiveCfg = Ad-Hoc|iPhone
		{774112F4-502F-4C8F-B5FF-142C89B2E813}.Ad-Hoc|iPhone.Build.0 = Ad-Hoc|iPhone
		{774112F4-502F-4C8F-B5FF-142C89B2E813}.Ad-Hoc|iPhoneSimulator.ActiveCfg = Ad-Hoc|iPhoneSimulator
		{774112F4-502F-4C8F-B5FF-142C89B2E813}.Ad-Hoc|iPhoneSimulator.Build.0 = Ad-Hoc|iPhoneSimulator
		{774112F4-502F-4C8F-B5FF-142C89B2E813}.Ad-Hoc|Mixed Platforms.ActiveCfg = Ad-Hoc|iPhone
		{774112F4-502F-4C8F-B5FF-142C89B2E813}.Ad-Hoc|Mixed Platforms.Build.0 = Ad-Hoc|iPhone
		{774112F4-502F-4C8F-B5FF-142C89B2E813}.Ad-Hoc|x86.ActiveCfg = Ad-Hoc|iPhone
		{774112F4-502F-4C8F-B5FF-142C89B2E813}.AppStore|Any CPU.ActiveCfg = AppStore|iPhone
		{774112F4-502F-4C8F-B5FF-142C89B2E813}.AppStore|ARM.ActiveCfg = AppStore|iPhone
		{774112F4-502F-4C8F-B5FF-142C89B2E813}.AppStore|iPhone.ActiveCfg = AppStore|iPhone
		{774112F4-502F-4C8F-B5FF-142C89B2E813}.AppStore|iPhone.Build.0 = AppStore|iPhone
		{774112F4-502F-4C8F-B5FF-142C89B2E813}.AppStore|iPhoneSimulator.ActiveCfg = AppStore|iPhoneSimulator
		{774112F4-502F-4C8F-B5FF-142C89B2E813}.AppStore|iPhoneSimulator.Build.0 = AppStore|iPhoneSimulator
		{774112F4-502F-4C8F-B5FF-142C89B2E813}.AppStore|Mixed Platforms.ActiveCfg = AppStore|iPhone
		{774112F4-502F-4C8F-B5FF-142C89B2E813}.AppStore|Mixed Platforms.Build.0 = AppStore|iPhone
		{774112F4-502F-4C8F-B5FF-142C89B2E813}.AppStore|x86.ActiveCfg = AppStore|iPhone
		{774112F4-502F-4C8F-B5FF-142C89B2E813}.Debug|Any CPU.ActiveCfg = Debug|iPhone
		{774112F4-502F-4C8F-B5FF-142C89B2E813}.Debug|ARM.ActiveCfg = Debug|iPhone
		{774112F4-502F-4C8F-B5FF-142C89B2E813}.Debug|iPhone.ActiveCfg = Debug|iPhone
		{774112F4-502F-4C8F-B5FF-142C89B2E813}.Debug|iPhone.Build.0 = Debug|iPhone
		{774112F4-502F-4C8F-B5FF-142C89B2E813}.Debug|iPhoneSimulator.ActiveCfg = Debug|iPhoneSimulator
		{774112F4-502F-4C8F-B5FF-142C89B2E813}.Debug|iPhoneSimulator.Build.0 = Debug|iPhoneSimulator
		{774112F4-502F-4C8F-B5FF-142C89B2E813}.Debug|Mixed Platforms.ActiveCfg = Debug|iPhone
		{774112F4-502F-4C8F-B5FF-142C89B2E813}.Debug|Mixed Platforms.Build.0 = Debug|iPhone
		{774112F4-502F-4C8F-B5FF-142C89B2E813}.Debug|x86.ActiveCfg = Debug|iPhone
		{774112F4-502F-4C8F-B5FF-142C89B2E813}.Release|Any CPU.ActiveCfg = Release|iPhone
		{774112F4-502F-4C8F-B5FF-142C89B2E813}.Release|ARM.ActiveCfg = Release|iPhone
		{774112F4-502F-4C8F-B5FF-142C89B2E813}.Release|iPhone.ActiveCfg = Release|iPhone
		{774112F4-502F-4C8F-B5FF-142C89B2E813}.Release|iPhone.Build.0 = Release|iPhone
		{774112F4-502F-4C8F-B5FF-142C89B2E813}.Release|iPhoneSimulator.ActiveCfg = Release|iPhoneSimulator
		{774112F4-502F-4C8F-B5FF-142C89B2E813}.Release|iPhoneSimulator.Build.0 = Release|iPhoneSimulator
		{774112F4-502F-4C8F-B5FF-142C89B2E813}.Release|Mixed Platforms.ActiveCfg = Release|iPhone
		{774112F4-502F-4C8F-B5FF-142C89B2E813}.Release|Mixed Platforms.Build.0 = Release|iPhone
		{774112F4-502F-4C8F-B5FF-142C89B2E813}.Release|x86.ActiveCfg = Release|iPhone
		{104E0698-43F4-4F60-B97E-EF2F03916B4A}.Ad-Hoc|Any CPU.ActiveCfg = Release|Any CPU
		{104E0698-43F4-4F60-B97E-EF2F03916B4A}.Ad-Hoc|Any CPU.Build.0 = Release|Any CPU
		{104E0698-43F4-4F60-B97E-EF2F03916B4A}.Ad-Hoc|Any CPU.Deploy.0 = Release|Any CPU
		{104E0698-43F4-4F60-B97E-EF2F03916B4A}.Ad-Hoc|ARM.ActiveCfg = Release|Any CPU
		{104E0698-43F4-4F60-B97E-EF2F03916B4A}.Ad-Hoc|iPhone.ActiveCfg = Release|Any CPU
		{104E0698-43F4-4F60-B97E-EF2F03916B4A}.Ad-Hoc|iPhoneSimulator.ActiveCfg = Release|Any CPU
		{104E0698-43F4-4F60-B97E-EF2F03916B4A}.Ad-Hoc|Mixed Platforms.ActiveCfg = Release|Any CPU
		{104E0698-43F4-4F60-B97E-EF2F03916B4A}.Ad-Hoc|Mixed Platforms.Build.0 = Release|Any CPU
		{104E0698-43F4-4F60-B97E-EF2F03916B4A}.Ad-Hoc|Mixed Platforms.Deploy.0 = Release|Any CPU
		{104E0698-43F4-4F60-B97E-EF2F03916B4A}.Ad-Hoc|x86.ActiveCfg = Release|Any CPU
		{104E0698-43F4-4F60-B97E-EF2F03916B4A}.AppStore|Any CPU.ActiveCfg = Release|Any CPU
		{104E0698-43F4-4F60-B97E-EF2F03916B4A}.AppStore|Any CPU.Build.0 = Release|Any CPU
		{104E0698-43F4-4F60-B97E-EF2F03916B4A}.AppStore|Any CPU.Deploy.0 = Release|Any CPU
		{104E0698-43F4-4F60-B97E-EF2F03916B4A}.AppStore|ARM.ActiveCfg = Release|Any CPU
		{104E0698-43F4-4F60-B97E-EF2F03916B4A}.AppStore|iPhone.ActiveCfg = Release|Any CPU
		{104E0698-43F4-4F60-B97E-EF2F03916B4A}.AppStore|iPhoneSimulator.ActiveCfg = Release|Any CPU
		{104E0698-43F4-4F60-B97E-EF2F03916B4A}.AppStore|Mixed Platforms.ActiveCfg = Release|Any CPU
		{104E0698-43F4-4F60-B97E-EF2F03916B4A}.AppStore|Mixed Platforms.Build.0 = Release|Any CPU
		{104E0698-43F4-4F60-B97E-EF2F03916B4A}.AppStore|Mixed Platforms.Deploy.0 = Release|Any CPU
		{104E0698-43F4-4F60-B97E-EF2F03916B4A}.AppStore|x86.ActiveCfg = Release|Any CPU
		{104E0698-43F4-4F60-B97E-EF2F03916B4A}.Debug|Any CPU.ActiveCfg = Debug|Any CPU
		{104E0698-43F4-4F60-B97E-EF2F03916B4A}.Debug|Any CPU.Build.0 = Debug|Any CPU
		{104E0698-43F4-4F60-B97E-EF2F03916B4A}.Debug|Any CPU.Deploy.0 = Debug|Any CPU
		{104E0698-43F4-4F60-B97E-EF2F03916B4A}.Debug|ARM.ActiveCfg = Debug|Any CPU
		{104E0698-43F4-4F60-B97E-EF2F03916B4A}.Debug|iPhone.ActiveCfg = Debug|Any CPU
		{104E0698-43F4-4F60-B97E-EF2F03916B4A}.Debug|iPhoneSimulator.ActiveCfg = Debug|Any CPU
		{104E0698-43F4-4F60-B97E-EF2F03916B4A}.Debug|Mixed Platforms.ActiveCfg = Debug|Any CPU
		{104E0698-43F4-4F60-B97E-EF2F03916B4A}.Debug|Mixed Platforms.Build.0 = Debug|Any CPU
		{104E0698-43F4-4F60-B97E-EF2F03916B4A}.Debug|Mixed Platforms.Deploy.0 = Debug|Any CPU
		{104E0698-43F4-4F60-B97E-EF2F03916B4A}.Debug|x86.ActiveCfg = Debug|Any CPU
		{104E0698-43F4-4F60-B97E-EF2F03916B4A}.Release|Any CPU.ActiveCfg = Release|Any CPU
		{104E0698-43F4-4F60-B97E-EF2F03916B4A}.Release|Any CPU.Build.0 = Release|Any CPU
		{104E0698-43F4-4F60-B97E-EF2F03916B4A}.Release|Any CPU.Deploy.0 = Release|Any CPU
		{104E0698-43F4-4F60-B97E-EF2F03916B4A}.Release|ARM.ActiveCfg = Release|Any CPU
		{104E0698-43F4-4F60-B97E-EF2F03916B4A}.Release|iPhone.ActiveCfg = Release|Any CPU
		{104E0698-43F4-4F60-B97E-EF2F03916B4A}.Release|iPhoneSimulator.ActiveCfg = Release|Any CPU
		{104E0698-43F4-4F60-B97E-EF2F03916B4A}.Release|Mixed Platforms.ActiveCfg = Release|Any CPU
		{104E0698-43F4-4F60-B97E-EF2F03916B4A}.Release|Mixed Platforms.Build.0 = Release|Any CPU
		{104E0698-43F4-4F60-B97E-EF2F03916B4A}.Release|Mixed Platforms.Deploy.0 = Release|Any CPU
		{104E0698-43F4-4F60-B97E-EF2F03916B4A}.Release|x86.ActiveCfg = Release|Any CPU
		{911C486A-C0D0-4E94-8834-5CC30ACD387A}.Ad-Hoc|Any CPU.ActiveCfg = Release|Any CPU
		{911C486A-C0D0-4E94-8834-5CC30ACD387A}.Ad-Hoc|Any CPU.Build.0 = Release|Any CPU
		{911C486A-C0D0-4E94-8834-5CC30ACD387A}.Ad-Hoc|Any CPU.Deploy.0 = Release|Any CPU
		{911C486A-C0D0-4E94-8834-5CC30ACD387A}.Ad-Hoc|ARM.ActiveCfg = Release|ARM
		{911C486A-C0D0-4E94-8834-5CC30ACD387A}.Ad-Hoc|ARM.Build.0 = Release|ARM
		{911C486A-C0D0-4E94-8834-5CC30ACD387A}.Ad-Hoc|ARM.Deploy.0 = Release|ARM
		{911C486A-C0D0-4E94-8834-5CC30ACD387A}.Ad-Hoc|iPhone.ActiveCfg = Release|Any CPU
		{911C486A-C0D0-4E94-8834-5CC30ACD387A}.Ad-Hoc|iPhoneSimulator.ActiveCfg = Release|Any CPU
		{911C486A-C0D0-4E94-8834-5CC30ACD387A}.Ad-Hoc|Mixed Platforms.ActiveCfg = Release|x86
		{911C486A-C0D0-4E94-8834-5CC30ACD387A}.Ad-Hoc|Mixed Platforms.Build.0 = Release|x86
		{911C486A-C0D0-4E94-8834-5CC30ACD387A}.Ad-Hoc|Mixed Platforms.Deploy.0 = Release|x86
		{911C486A-C0D0-4E94-8834-5CC30ACD387A}.Ad-Hoc|x86.ActiveCfg = Release|x86
		{911C486A-C0D0-4E94-8834-5CC30ACD387A}.Ad-Hoc|x86.Build.0 = Release|x86
		{911C486A-C0D0-4E94-8834-5CC30ACD387A}.Ad-Hoc|x86.Deploy.0 = Release|x86
		{911C486A-C0D0-4E94-8834-5CC30ACD387A}.AppStore|Any CPU.ActiveCfg = Release|Any CPU
		{911C486A-C0D0-4E94-8834-5CC30ACD387A}.AppStore|Any CPU.Build.0 = Release|Any CPU
		{911C486A-C0D0-4E94-8834-5CC30ACD387A}.AppStore|Any CPU.Deploy.0 = Release|Any CPU
		{911C486A-C0D0-4E94-8834-5CC30ACD387A}.AppStore|ARM.ActiveCfg = Release|ARM
		{911C486A-C0D0-4E94-8834-5CC30ACD387A}.AppStore|ARM.Build.0 = Release|ARM
		{911C486A-C0D0-4E94-8834-5CC30ACD387A}.AppStore|ARM.Deploy.0 = Release|ARM
		{911C486A-C0D0-4E94-8834-5CC30ACD387A}.AppStore|iPhone.ActiveCfg = Release|Any CPU
		{911C486A-C0D0-4E94-8834-5CC30ACD387A}.AppStore|iPhoneSimulator.ActiveCfg = Release|Any CPU
		{911C486A-C0D0-4E94-8834-5CC30ACD387A}.AppStore|Mixed Platforms.ActiveCfg = Release|x86
		{911C486A-C0D0-4E94-8834-5CC30ACD387A}.AppStore|Mixed Platforms.Build.0 = Release|x86
		{911C486A-C0D0-4E94-8834-5CC30ACD387A}.AppStore|Mixed Platforms.Deploy.0 = Release|x86
		{911C486A-C0D0-4E94-8834-5CC30ACD387A}.AppStore|x86.ActiveCfg = Release|x86
		{911C486A-C0D0-4E94-8834-5CC30ACD387A}.AppStore|x86.Build.0 = Release|x86
		{911C486A-C0D0-4E94-8834-5CC30ACD387A}.AppStore|x86.Deploy.0 = Release|x86
		{911C486A-C0D0-4E94-8834-5CC30ACD387A}.Debug|Any CPU.ActiveCfg = Debug|Any CPU
		{911C486A-C0D0-4E94-8834-5CC30ACD387A}.Debug|Any CPU.Build.0 = Debug|Any CPU
		{911C486A-C0D0-4E94-8834-5CC30ACD387A}.Debug|Any CPU.Deploy.0 = Debug|Any CPU
		{911C486A-C0D0-4E94-8834-5CC30ACD387A}.Debug|ARM.ActiveCfg = Debug|ARM
		{911C486A-C0D0-4E94-8834-5CC30ACD387A}.Debug|ARM.Build.0 = Debug|ARM
		{911C486A-C0D0-4E94-8834-5CC30ACD387A}.Debug|ARM.Deploy.0 = Debug|ARM
		{911C486A-C0D0-4E94-8834-5CC30ACD387A}.Debug|iPhone.ActiveCfg = Debug|Any CPU
		{911C486A-C0D0-4E94-8834-5CC30ACD387A}.Debug|iPhoneSimulator.ActiveCfg = Debug|Any CPU
		{911C486A-C0D0-4E94-8834-5CC30ACD387A}.Debug|Mixed Platforms.ActiveCfg = Debug|x86
		{911C486A-C0D0-4E94-8834-5CC30ACD387A}.Debug|Mixed Platforms.Build.0 = Debug|x86
		{911C486A-C0D0-4E94-8834-5CC30ACD387A}.Debug|Mixed Platforms.Deploy.0 = Debug|x86
		{911C486A-C0D0-4E94-8834-5CC30ACD387A}.Debug|x86.ActiveCfg = Debug|x86
		{911C486A-C0D0-4E94-8834-5CC30ACD387A}.Debug|x86.Build.0 = Debug|x86
		{911C486A-C0D0-4E94-8834-5CC30ACD387A}.Debug|x86.Deploy.0 = Debug|x86
		{911C486A-C0D0-4E94-8834-5CC30ACD387A}.Release|Any CPU.ActiveCfg = Release|Any CPU
		{911C486A-C0D0-4E94-8834-5CC30ACD387A}.Release|Any CPU.Build.0 = Release|Any CPU
		{911C486A-C0D0-4E94-8834-5CC30ACD387A}.Release|Any CPU.Deploy.0 = Release|Any CPU
		{911C486A-C0D0-4E94-8834-5CC30ACD387A}.Release|ARM.ActiveCfg = Release|ARM
		{911C486A-C0D0-4E94-8834-5CC30ACD387A}.Release|ARM.Build.0 = Release|ARM
		{911C486A-C0D0-4E94-8834-5CC30ACD387A}.Release|ARM.Deploy.0 = Release|ARM
		{911C486A-C0D0-4E94-8834-5CC30ACD387A}.Release|iPhone.ActiveCfg = Release|Any CPU
		{911C486A-C0D0-4E94-8834-5CC30ACD387A}.Release|iPhoneSimulator.ActiveCfg = Release|Any CPU
		{911C486A-C0D0-4E94-8834-5CC30ACD387A}.Release|Mixed Platforms.ActiveCfg = Release|x86
		{911C486A-C0D0-4E94-8834-5CC30ACD387A}.Release|Mixed Platforms.Build.0 = Release|x86
		{911C486A-C0D0-4E94-8834-5CC30ACD387A}.Release|Mixed Platforms.Deploy.0 = Release|x86
		{911C486A-C0D0-4E94-8834-5CC30ACD387A}.Release|x86.ActiveCfg = Release|x86
		{911C486A-C0D0-4E94-8834-5CC30ACD387A}.Release|x86.Build.0 = Release|x86
		{911C486A-C0D0-4E94-8834-5CC30ACD387A}.Release|x86.Deploy.0 = Release|x86
	EndGlobalSection
	GlobalSection(SolutionProperties) = preSolution
		HideSolutionNode = FALSE
	EndGlobalSection
EndGlobal
