
Microsoft Visual Studio Solution File, Format Version 12.00
# Visual Studio 2013
VisualStudioVersion = 12.0.21005.1
MinimumVisualStudioVersion = 10.0.40219.1
Project("{FAE04EC0-301F-11D3-BF4B-00C04F79EFBC}") = "MyCompany.Vacation.Mail", "MyCompany.Vacation.Mail\MyCompany.Vacation.Mail.csproj", "{5835EA00-4C24-4DF8-A835-F368A967871F}"
EndProject
Project("{FAE04EC0-301F-11D3-BF4B-00C04F79EFBC}") = "MyCompany.Vacation.MailWeb", "MyCompany.Vacation.MailWeb\MyCompany.Vacation.MailWeb.csproj", "{44481714-E0CA-4935-9F20-5773459CBE6C}"
EndProject
Global
	GlobalSection(SolutionConfigurationPlatforms) = preSolution
		Debug|Any CPU = Debug|Any CPU
		Release|Any CPU = Release|Any CPU
	EndGlobalSection
	GlobalSection(ProjectConfigurationPlatforms) = postSolution
		{5835EA00-4C24-4DF8-A835-F368A967871F}.Debug|Any CPU.ActiveCfg = Debug|Any CPU
		{5835EA00-4C24-4DF8-A835-F368A967871F}.Debug|Any CPU.Build.0 = Debug|Any CPU
		{5835EA00-4C24-4DF8-A835-F368A967871F}.Debug|Any CPU.Deploy.0 = Debug|Any CPU
		{5835EA00-4C24-4DF8-A835-F368A967871F}.Release|Any CPU.ActiveCfg = Release|Any CPU
		{5835EA00-4C24-4DF8-A835-F368A967871F}.Release|Any CPU.Build.0 = Release|Any CPU
		{5835EA00-4C24-4DF8-A835-F368A967871F}.Release|Any CPU.Deploy.0 = Release|Any CPU
		{44481714-E0CA-4935-9F20-5773459CBE6C}.Debug|Any CPU.ActiveCfg = Debug|Any CPU
		{44481714-E0CA-4935-9F20-5773459CBE6C}.Debug|Any CPU.Build.0 = Debug|Any CPU
		{44481714-E0CA-4935-9F20-5773459CBE6C}.Release|Any CPU.ActiveCfg = Release|Any CPU
		{44481714-E0CA-4935-9F20-5773459CBE6C}.Release|Any CPU.Build.0 = Release|Any CPU
	EndGlobalSection
	GlobalSection(SolutionProperties) = preSolution
		HideSolutionNode = FALSE
	EndGlobalSection
EndGlobal
