
Microsoft Visual Studio Solution File, Format Version 12.00
# Visual Studio 2012
Project("{FAE04EC0-301F-11D3-BF4B-00C04F79EFBC}") = "Snake", "Snake.csproj", "{782F3707-1137-4B7A-B8E5-D79D37604F2C}"
EndProject
Global
	GlobalSection(SolutionConfigurationPlatforms) = preSolution
		Debug|x86 = Debug|x86
		Release|x86 = Release|x86
	EndGlobalSection
	GlobalSection(ProjectConfigurationPlatforms) = postSolution
		{782F3707-1137-4B7A-B8E5-D79D37604F2C}.Debug|x86.ActiveCfg = Debug|x86
		{782F3707-1137-4B7A-B8E5-D79D37604F2C}.Debug|x86.Build.0 = Debug|x86
		{782F3707-1137-4B7A-B8E5-D79D37604F2C}.Release|x86.ActiveCfg = Release|x86
		{782F3707-1137-4B7A-B8E5-D79D37604F2C}.Release|x86.Build.0 = Release|x86
	EndGlobalSection
	GlobalSection(SolutionProperties) = preSolution
		HideSolutionNode = FALSE
	EndGlobalSection
EndGlobal
