
Microsoft Visual Studio Solution File, Format Version 12.00
# Visual Studio 2013
VisualStudioVersion = 12.0.21005.1
MinimumVisualStudioVersion = 10.0.40219.1
Project("{FAE04EC0-301F-11D3-BF4B-00C04F79EFBC}") = "Gallery", "Gallery\Gallery.csproj", "{E6D59120-2C16-4DCF-B57F-6387A691391B}"
EndProject
Project("{FAE04EC0-301F-11D3-BF4B-00C04F79EFBC}") = "PhotoUploader", "PhotoUploader\PhotoUploader.csproj", "{13D283D8-14F6-4BD7-ACCD-FC4E5A83E772}"
EndProject
Project("{2150E333-8FDC-42A3-9474-1A3956D46DE8}") = ".nuget", ".nuget", "{8DD3F812-C0B3-442E-AB6E-EA0C1FC2BB58}"
	ProjectSection(SolutionItems) = preProject
		.nuget\NuGet.Config = .nuget\NuGet.Config
		.nuget\NuGet.exe = .nuget\NuGet.exe
		.nuget\NuGet.targets = .nuget\NuGet.targets
	EndProjectSection
EndProject
Global
	GlobalSection(SolutionConfigurationPlatforms) = preSolution
		Debug|Any CPU = Debug|Any CPU
		Debug|ARM = Debug|ARM
		Debug|x86 = Debug|x86
		Release|Any CPU = Release|Any CPU
		Release|ARM = Release|ARM
		Release|x86 = Release|x86
	EndGlobalSection
	GlobalSection(ProjectConfigurationPlatforms) = postSolution
		{E6D59120-2C16-4DCF-B57F-6387A691391B}.Debug|Any CPU.ActiveCfg = Debug|Any CPU
		{E6D59120-2C16-4DCF-B57F-6387A691391B}.Debug|Any CPU.Build.0 = Debug|Any CPU
		{E6D59120-2C16-4DCF-B57F-6387A691391B}.Debug|ARM.ActiveCfg = Debug|Any CPU
		{E6D59120-2C16-4DCF-B57F-6387A691391B}.Debug|x86.ActiveCfg = Debug|Any CPU
		{E6D59120-2C16-4DCF-B57F-6387A691391B}.Release|Any CPU.ActiveCfg = Release|Any CPU
		{E6D59120-2C16-4DCF-B57F-6387A691391B}.Release|Any CPU.Build.0 = Release|Any CPU
		{E6D59120-2C16-4DCF-B57F-6387A691391B}.Release|ARM.ActiveCfg = Release|Any CPU
		{E6D59120-2C16-4DCF-B57F-6387A691391B}.Release|x86.ActiveCfg = Release|Any CPU
		{13D283D8-14F6-4BD7-ACCD-FC4E5A83E772}.Debug|Any CPU.ActiveCfg = Debug|Any CPU
		{13D283D8-14F6-4BD7-ACCD-FC4E5A83E772}.Debug|Any CPU.Build.0 = Debug|Any CPU
		{13D283D8-14F6-4BD7-ACCD-FC4E5A83E772}.Debug|Any CPU.Deploy.0 = Debug|Any CPU
		{13D283D8-14F6-4BD7-ACCD-FC4E5A83E772}.Debug|ARM.ActiveCfg = Debug|ARM
		{13D283D8-14F6-4BD7-ACCD-FC4E5A83E772}.Debug|ARM.Build.0 = Debug|ARM
		{13D283D8-14F6-4BD7-ACCD-FC4E5A83E772}.Debug|ARM.Deploy.0 = Debug|ARM
		{13D283D8-14F6-4BD7-ACCD-FC4E5A83E772}.Debug|x86.ActiveCfg = Debug|x86
		{13D283D8-14F6-4BD7-ACCD-FC4E5A83E772}.Debug|x86.Build.0 = Debug|x86
		{13D283D8-14F6-4BD7-ACCD-FC4E5A83E772}.Debug|x86.Deploy.0 = Debug|x86
		{13D283D8-14F6-4BD7-ACCD-FC4E5A83E772}.Release|Any CPU.ActiveCfg = Release|Any CPU
		{13D283D8-14F6-4BD7-ACCD-FC4E5A83E772}.Release|Any CPU.Build.0 = Release|Any CPU
		{13D283D8-14F6-4BD7-ACCD-FC4E5A83E772}.Release|Any CPU.Deploy.0 = Release|Any CPU
		{13D283D8-14F6-4BD7-ACCD-FC4E5A83E772}.Release|ARM.ActiveCfg = Release|ARM
		{13D283D8-14F6-4BD7-ACCD-FC4E5A83E772}.Release|ARM.Build.0 = Release|ARM
		{13D283D8-14F6-4BD7-ACCD-FC4E5A83E772}.Release|ARM.Deploy.0 = Release|ARM
		{13D283D8-14F6-4BD7-ACCD-FC4E5A83E772}.Release|x86.ActiveCfg = Release|x86
		{13D283D8-14F6-4BD7-ACCD-FC4E5A83E772}.Release|x86.Build.0 = Release|x86
		{13D283D8-14F6-4BD7-ACCD-FC4E5A83E772}.Release|x86.Deploy.0 = Release|x86
	EndGlobalSection
	GlobalSection(SolutionProperties) = preSolution
		HideSolutionNode = FALSE
	EndGlobalSection
EndGlobal
