
Microsoft Visual Studio Solution File, Format Version 11.00
# Visual Studio 2010
Project("{FAE04EC0-301F-11D3-BF4B-00C04F79EFBC}") = "FileSharing_FTP_Server", "FileSharing_FTP_Server\FileSharing_FTP_Server.csproj", "{2E426C40-AC43-4E27-B3C1-9D7FE330163E}"
EndProject
Project("{FAE04EC0-301F-11D3-BF4B-00C04F79EFBC}") = "Business_Layer", "Business_Layer\Business_Layer.csproj", "{2CF193BA-A0EA-4548-8696-97B7D15E8538}"
EndProject
Project("{FAE04EC0-301F-11D3-BF4B-00C04F79EFBC}") = "FileSharing_FTP_Client", "FileSharing_FTP_Client\FileSharing_FTP_Client.csproj", "{997329EB-11EE-4473-92FE-B7B2A3434309}"
EndProject
Global
	GlobalSection(SolutionConfigurationPlatforms) = preSolution
		Debug|Any CPU = Debug|Any CPU
		Debug|Mixed Platforms = Debug|Mixed Platforms
		Debug|x86 = Debug|x86
		Release|Any CPU = Release|Any CPU
		Release|Mixed Platforms = Release|Mixed Platforms
		Release|x86 = Release|x86
	EndGlobalSection
	GlobalSection(ProjectConfigurationPlatforms) = postSolution
		{2E426C40-AC43-4E27-B3C1-9D7FE330163E}.Debug|Any CPU.ActiveCfg = Debug|x86
		{2E426C40-AC43-4E27-B3C1-9D7FE330163E}.Debug|Mixed Platforms.ActiveCfg = Debug|x86
		{2E426C40-AC43-4E27-B3C1-9D7FE330163E}.Debug|Mixed Platforms.Build.0 = Debug|x86
		{2E426C40-AC43-4E27-B3C1-9D7FE330163E}.Debug|x86.ActiveCfg = Debug|x86
		{2E426C40-AC43-4E27-B3C1-9D7FE330163E}.Debug|x86.Build.0 = Debug|x86
		{2E426C40-AC43-4E27-B3C1-9D7FE330163E}.Release|Any CPU.ActiveCfg = Release|x86
		{2E426C40-AC43-4E27-B3C1-9D7FE330163E}.Release|Mixed Platforms.ActiveCfg = Release|x86
		{2E426C40-AC43-4E27-B3C1-9D7FE330163E}.Release|Mixed Platforms.Build.0 = Release|x86
		{2E426C40-AC43-4E27-B3C1-9D7FE330163E}.Release|x86.ActiveCfg = Release|x86
		{2E426C40-AC43-4E27-B3C1-9D7FE330163E}.Release|x86.Build.0 = Release|x86
		{2CF193BA-A0EA-4548-8696-97B7D15E8538}.Debug|Any CPU.ActiveCfg = Debug|Any CPU
		{2CF193BA-A0EA-4548-8696-97B7D15E8538}.Debug|Any CPU.Build.0 = Debug|Any CPU
		{2CF193BA-A0EA-4548-8696-97B7D15E8538}.Debug|Mixed Platforms.ActiveCfg = Debug|Any CPU
		{2CF193BA-A0EA-4548-8696-97B7D15E8538}.Debug|Mixed Platforms.Build.0 = Debug|Any CPU
		{2CF193BA-A0EA-4548-8696-97B7D15E8538}.Debug|x86.ActiveCfg = Debug|Any CPU
		{2CF193BA-A0EA-4548-8696-97B7D15E8538}.Release|Any CPU.ActiveCfg = Release|Any CPU
		{2CF193BA-A0EA-4548-8696-97B7D15E8538}.Release|Any CPU.Build.0 = Release|Any CPU
		{2CF193BA-A0EA-4548-8696-97B7D15E8538}.Release|Mixed Platforms.ActiveCfg = Release|Any CPU
		{2CF193BA-A0EA-4548-8696-97B7D15E8538}.Release|Mixed Platforms.Build.0 = Release|Any CPU
		{2CF193BA-A0EA-4548-8696-97B7D15E8538}.Release|x86.ActiveCfg = Release|Any CPU
		{997329EB-11EE-4473-92FE-B7B2A3434309}.Debug|Any CPU.ActiveCfg = Debug|x86
		{997329EB-11EE-4473-92FE-B7B2A3434309}.Debug|Mixed Platforms.ActiveCfg = Debug|x86
		{997329EB-11EE-4473-92FE-B7B2A3434309}.Debug|Mixed Platforms.Build.0 = Debug|x86
		{997329EB-11EE-4473-92FE-B7B2A3434309}.Debug|x86.ActiveCfg = Debug|x86
		{997329EB-11EE-4473-92FE-B7B2A3434309}.Debug|x86.Build.0 = Debug|x86
		{997329EB-11EE-4473-92FE-B7B2A3434309}.Release|Any CPU.ActiveCfg = Release|x86
		{997329EB-11EE-4473-92FE-B7B2A3434309}.Release|Mixed Platforms.ActiveCfg = Release|x86
		{997329EB-11EE-4473-92FE-B7B2A3434309}.Release|Mixed Platforms.Build.0 = Release|x86
		{997329EB-11EE-4473-92FE-B7B2A3434309}.Release|x86.ActiveCfg = Release|x86
		{997329EB-11EE-4473-92FE-B7B2A3434309}.Release|x86.Build.0 = Release|x86
	EndGlobalSection
	GlobalSection(SolutionProperties) = preSolution
		HideSolutionNode = FALSE
	EndGlobalSection
EndGlobal
