
Microsoft Visual Studio Solution File, Format Version 12.00
# Visual Studio 15
VisualStudioVersion = 15.0.27130.2010
MinimumVisualStudioVersion = 10.0.40219.1
Project("{F184B08F-C81C-45F6-A57F-5ABD9991F28F}") = "ExcelOleDbReadRangeVB", "ExcelOleDbReadRangeVB\ExcelOleDbReadRangeVB.vbproj", "{CAE740A2-871D-4507-B3DA-DDA306C8B88A}"
EndProject
Project("{FAE04EC0-301F-11D3-BF4B-00C04F79EFBC}") = "ExcelExtensionsCS", "ExcelExtensionsCS\ExcelExtensionsCS.csproj", "{7119FAD1-B6D1-46A7-B4C2-F528A8F8A75F}"
EndProject
Project("{F184B08F-C81C-45F6-A57F-5ABD9991F28F}") = "BackEnd", "BackEnd\BackEnd.vbproj", "{3375C544-37BD-4EB1-908E-E96668C3B90F}"
EndProject
Project("{F184B08F-C81C-45F6-A57F-5ABD9991F28F}") = "KarensBaseClasses", "KarensBaseClasses\KarensBaseClasses.vbproj", "{9DED29F3-8DCE-4E97-B051-F801E630A455}"
EndProject
Project("{FAE04EC0-301F-11D3-BF4B-00C04F79EFBC}") = "ExcelConnectionLibraryCS", "ExcelConnectionLibraryCS\ExcelConnectionLibraryCS.csproj", "{30065E1F-38C3-4B1E-BAA9-FE4B0C2FEBBB}"
EndProject
Project("{FAE04EC0-301F-11D3-BF4B-00C04F79EFBC}") = "DataGridViewExtensionsCS", "DataGridViewExtensionsCS\DataGridViewExtensionsCS.csproj", "{456C3BB4-3B7A-4FE4-A81A-96405FB970CF}"
EndProject
Global
	GlobalSection(SolutionConfigurationPlatforms) = preSolution
		Debug|Any CPU = Debug|Any CPU
		Release|Any CPU = Release|Any CPU
	EndGlobalSection
	GlobalSection(ProjectConfigurationPlatforms) = postSolution
		{CAE740A2-871D-4507-B3DA-DDA306C8B88A}.Debug|Any CPU.ActiveCfg = Debug|Any CPU
		{CAE740A2-871D-4507-B3DA-DDA306C8B88A}.Debug|Any CPU.Build.0 = Debug|Any CPU
		{CAE740A2-871D-4507-B3DA-DDA306C8B88A}.Release|Any CPU.ActiveCfg = Release|Any CPU
		{CAE740A2-871D-4507-B3DA-DDA306C8B88A}.Release|Any CPU.Build.0 = Release|Any CPU
		{7119FAD1-B6D1-46A7-B4C2-F528A8F8A75F}.Debug|Any CPU.ActiveCfg = Debug|Any CPU
		{7119FAD1-B6D1-46A7-B4C2-F528A8F8A75F}.Debug|Any CPU.Build.0 = Debug|Any CPU
		{7119FAD1-B6D1-46A7-B4C2-F528A8F8A75F}.Release|Any CPU.ActiveCfg = Release|Any CPU
		{7119FAD1-B6D1-46A7-B4C2-F528A8F8A75F}.Release|Any CPU.Build.0 = Release|Any CPU
		{3375C544-37BD-4EB1-908E-E96668C3B90F}.Debug|Any CPU.ActiveCfg = Debug|Any CPU
		{3375C544-37BD-4EB1-908E-E96668C3B90F}.Debug|Any CPU.Build.0 = Debug|Any CPU
		{3375C544-37BD-4EB1-908E-E96668C3B90F}.Release|Any CPU.ActiveCfg = Release|Any CPU
		{3375C544-37BD-4EB1-908E-E96668C3B90F}.Release|Any CPU.Build.0 = Release|Any CPU
		{9DED29F3-8DCE-4E97-B051-F801E630A455}.Debug|Any CPU.ActiveCfg = Debug|Any CPU
		{9DED29F3-8DCE-4E97-B051-F801E630A455}.Debug|Any CPU.Build.0 = Debug|Any CPU
		{9DED29F3-8DCE-4E97-B051-F801E630A455}.Release|Any CPU.ActiveCfg = Release|Any CPU
		{9DED29F3-8DCE-4E97-B051-F801E630A455}.Release|Any CPU.Build.0 = Release|Any CPU
		{30065E1F-38C3-4B1E-BAA9-FE4B0C2FEBBB}.Debug|Any CPU.ActiveCfg = Debug|Any CPU
		{30065E1F-38C3-4B1E-BAA9-FE4B0C2FEBBB}.Debug|Any CPU.Build.0 = Debug|Any CPU
		{30065E1F-38C3-4B1E-BAA9-FE4B0C2FEBBB}.Release|Any CPU.ActiveCfg = Release|Any CPU
		{30065E1F-38C3-4B1E-BAA9-FE4B0C2FEBBB}.Release|Any CPU.Build.0 = Release|Any CPU
		{456C3BB4-3B7A-4FE4-A81A-96405FB970CF}.Debug|Any CPU.ActiveCfg = Debug|Any CPU
		{456C3BB4-3B7A-4FE4-A81A-96405FB970CF}.Debug|Any CPU.Build.0 = Debug|Any CPU
		{456C3BB4-3B7A-4FE4-A81A-96405FB970CF}.Release|Any CPU.ActiveCfg = Release|Any CPU
		{456C3BB4-3B7A-4FE4-A81A-96405FB970CF}.Release|Any CPU.Build.0 = Release|Any CPU
	EndGlobalSection
	GlobalSection(SolutionProperties) = preSolution
		HideSolutionNode = FALSE
	EndGlobalSection
	GlobalSection(ExtensibilityGlobals) = postSolution
		SolutionGuid = {34C8D476-98A4-4F51-BA9F-AD57C0EB6CB7}
	EndGlobalSection
EndGlobal
