
Microsoft Visual Studio Solution File, Format Version 12.00
# Visual Studio 2012
Project("{D954291E-2A0B-460D-934E-DC6B0785DB48}") = "RadioButtonSample", "RadioButtonSample\RadioButtonSample.shproj", "{03D5814F-693C-4BE7-8F72-37995578B717}"
EndProject
Project("{FAE04EC0-301F-11D3-BF4B-00C04F79EFBC}") = "RadioButtonSample.iOS", "iOS\RadioButtonSample.iOS.csproj", "{E17646E1-8C21-494C-B969-88BDF9A3CEE2}"
EndProject
Project("{FAE04EC0-301F-11D3-BF4B-00C04F79EFBC}") = "RadioButtonSample.Droid", "Droid\RadioButtonSample.Droid.csproj", "{6B9C24E1-4584-41C7-BB46-EDA4DBBCBAAD}"
EndProject
Global
	GlobalSection(SolutionConfigurationPlatforms) = preSolution
		Debug|iPhoneSimulator = Debug|iPhoneSimulator
		Release|iPhone = Release|iPhone
		Release|iPhoneSimulator = Release|iPhoneSimulator
		Debug|iPhone = Debug|iPhone
		Debug|Any CPU = Debug|Any CPU
		Release|Any CPU = Release|Any CPU
	EndGlobalSection
	GlobalSection(ProjectConfigurationPlatforms) = postSolution
		{E17646E1-8C21-494C-B969-88BDF9A3CEE2}.Debug|iPhoneSimulator.ActiveCfg = Debug|iPhoneSimulator
		{E17646E1-8C21-494C-B969-88BDF9A3CEE2}.Debug|iPhoneSimulator.Build.0 = Debug|iPhoneSimulator
		{E17646E1-8C21-494C-B969-88BDF9A3CEE2}.Release|iPhone.ActiveCfg = Release|iPhone
		{E17646E1-8C21-494C-B969-88BDF9A3CEE2}.Release|iPhone.Build.0 = Release|iPhone
		{E17646E1-8C21-494C-B969-88BDF9A3CEE2}.Release|iPhoneSimulator.ActiveCfg = Release|iPhoneSimulator
		{E17646E1-8C21-494C-B969-88BDF9A3CEE2}.Release|iPhoneSimulator.Build.0 = Release|iPhoneSimulator
		{E17646E1-8C21-494C-B969-88BDF9A3CEE2}.Debug|iPhone.ActiveCfg = Debug|iPhone
		{E17646E1-8C21-494C-B969-88BDF9A3CEE2}.Debug|iPhone.Build.0 = Debug|iPhone
		{E17646E1-8C21-494C-B969-88BDF9A3CEE2}.Debug|Any CPU.ActiveCfg = Debug|iPhoneSimulator
		{E17646E1-8C21-494C-B969-88BDF9A3CEE2}.Debug|Any CPU.Build.0 = Debug|iPhoneSimulator
		{E17646E1-8C21-494C-B969-88BDF9A3CEE2}.Release|Any CPU.ActiveCfg = Release|iPhone
		{E17646E1-8C21-494C-B969-88BDF9A3CEE2}.Release|Any CPU.Build.0 = Release|iPhone
		{6B9C24E1-4584-41C7-BB46-EDA4DBBCBAAD}.Debug|iPhoneSimulator.ActiveCfg = Debug|Any CPU
		{6B9C24E1-4584-41C7-BB46-EDA4DBBCBAAD}.Debug|iPhoneSimulator.Build.0 = Debug|Any CPU
		{6B9C24E1-4584-41C7-BB46-EDA4DBBCBAAD}.Release|iPhone.ActiveCfg = Release|Any CPU
		{6B9C24E1-4584-41C7-BB46-EDA4DBBCBAAD}.Release|iPhone.Build.0 = Release|Any CPU
		{6B9C24E1-4584-41C7-BB46-EDA4DBBCBAAD}.Release|iPhoneSimulator.ActiveCfg = Release|Any CPU
		{6B9C24E1-4584-41C7-BB46-EDA4DBBCBAAD}.Release|iPhoneSimulator.Build.0 = Release|Any CPU
		{6B9C24E1-4584-41C7-BB46-EDA4DBBCBAAD}.Debug|iPhone.ActiveCfg = Debug|Any CPU
		{6B9C24E1-4584-41C7-BB46-EDA4DBBCBAAD}.Debug|iPhone.Build.0 = Debug|Any CPU
		{6B9C24E1-4584-41C7-BB46-EDA4DBBCBAAD}.Debug|Any CPU.ActiveCfg = Debug|Any CPU
		{6B9C24E1-4584-41C7-BB46-EDA4DBBCBAAD}.Debug|Any CPU.Build.0 = Debug|Any CPU
		{6B9C24E1-4584-41C7-BB46-EDA4DBBCBAAD}.Release|Any CPU.ActiveCfg = Release|Any CPU
		{6B9C24E1-4584-41C7-BB46-EDA4DBBCBAAD}.Release|Any CPU.Build.0 = Release|Any CPU
	EndGlobalSection
EndGlobal
