Microsoft Visual Studio Solution File, Format Version 12.00
# Visual Studio 2012
Project("{FAE04EC0-301F-11D3-BF4B-00C04F79EFBC}") = "RCE.Web", "code\RCE.Web\RCE.Web.csproj", "{474F6A8B-020D-4DDB-8C72-FE802CA0B754}"
EndProject
Project("{2150E333-8FDC-42A3-9474-1A3956D46DE8}") = "Modules", "Modules", "{0BD56C34-5C25-4B9C-AE34-B5D7862181DB}"
EndProject
Project("{2150E333-8FDC-42A3-9474-1A3956D46DE8}") = "Unit Tests", "Unit Tests", "{4D531831-99F2-4C60-B45C-50FE6785A86E}"
EndProject
Project("{2150E333-8FDC-42A3-9474-1A3956D46DE8}") = "Services", "Services", "{A7C4D564-DF7E-4DDE-B234-2C0C61800ACD}"
EndProject
Project("{2150E333-8FDC-42A3-9474-1A3956D46DE8}") = "Solution Items", "Solution Items", "{D0638F32-7E65-495B-A3F7-CBCFC5A5E803}"
	ProjectSection(SolutionItems) = preProject
		LocalTestRun.testrunconfig = LocalTestRun.testrunconfig
		RoughCutEditor.vsmdi = RoughCutEditor.vsmdi
		Settings.StyleCop = Settings.StyleCop
	EndProjectSection
EndProject
Project("{2150E333-8FDC-42A3-9474-1A3956D46DE8}") = "Data Providers", "Data Providers", "{F74FE9E0-E3C9-4CFD-8112-6F947BDDDF89}"
EndProject
Project("{2150E333-8FDC-42A3-9474-1A3956D46DE8}") = "Infrastructure", "Infrastructure", "{5A84674E-6647-4C14-9715-852C464589A0}"
EndProject
Project("{2150E333-8FDC-42A3-9474-1A3956D46DE8}") = "Web", "Web", "{06EF2BEA-76BC-473D-A2B8-1BFCEDB3212C}"
EndProject
Project("{FAE04EC0-301F-11D3-BF4B-00C04F79EFBC}") = "RCE", "code\RCE\RCE.csproj", "{791763F4-F41E-4DBF-BC4A-211AFBCB1129}"
EndProject
Project("{FAE04EC0-301F-11D3-BF4B-00C04F79EFBC}") = "RCE.Tests", "code\RCE.Tests\RCE.Tests.csproj", "{4112BEB1-42EC-4F39-9A61-6CD1306D1BAC}"
EndProject
Project("{FAE04EC0-301F-11D3-BF4B-00C04F79EFBC}") = "RCE.Modules.Library", "code\RCE.Modules.Library\RCE.Modules.Library.csproj", "{7D32D4A1-26AB-41C6-9FBB-1C393EA882E6}"
EndProject
Project("{FAE04EC0-301F-11D3-BF4B-00C04F79EFBC}") = "RCE.Modules.Library.Tests", "code\RCE.Modules.Library.Tests\RCE.Modules.Library.Tests.csproj", "{1556F2FE-D2CF-43F7-A559-7A6A47E1682B}"
EndProject
Project("{FAE04EC0-301F-11D3-BF4B-00C04F79EFBC}") = "RCE.Infrastructure", "code\RCE.Infrastructure\RCE.Infrastructure.csproj", "{9673EB3C-6B1A-4700-8E63-82265BE1F9BF}"
EndProject
Project("{FAE04EC0-301F-11D3-BF4B-00C04F79EFBC}") = "RCE.Modules.Player", "code\RCE.Modules.Player\RCE.Modules.Player.csproj", "{75372A51-04EC-4B89-B814-4C06294FD9FC}"
	ProjectSection(ProjectDependencies) = postProject
		{474F6A8B-020D-4DDB-8C72-FE802CA0B754} = {474F6A8B-020D-4DDB-8C72-FE802CA0B754}
	EndProjectSection
EndProject
Project("{FAE04EC0-301F-11D3-BF4B-00C04F79EFBC}") = "RCE.Modules.Player.Tests", "code\RCE.Modules.Player.Tests\RCE.Modules.Player.Tests.csproj", "{4C7C2B70-09CE-4DC7-9545-5E1C58E93851}"
EndProject
Project("{FAE04EC0-301F-11D3-BF4B-00C04F79EFBC}") = "RCE.Infrastructure.Tests", "code\RCE.Infrastructure.Tests\RCE.Infrastructure.Tests.csproj", "{13F97BF6-F5D4-4D85-814C-225D52D08899}"
EndProject
Project("{FAE04EC0-301F-11D3-BF4B-00C04F79EFBC}") = "LAgger", "code\LAgger\LAgger.csproj", "{2E4CA616-3EB4-4411-9CB2-B17474EBFBC9}"
EndProject
Project("{FAE04EC0-301F-11D3-BF4B-00C04F79EFBC}") = "LAgger.Service", "code\LAgger.Service\LAgger.Service.csproj", "{04B64DFC-ECE0-48D6-95AE-FDC9092F9152}"
EndProject
Project("{FAE04EC0-301F-11D3-BF4B-00C04F79EFBC}") = "RCE.Modules.Timeline", "code\RCE.Modules.Timeline\RCE.Modules.Timeline.csproj", "{8C8F328E-FC87-4AB8-A2D3-D5A1DEA90379}"
EndProject
Project("{FAE04EC0-301F-11D3-BF4B-00C04F79EFBC}") = "RCE.Modules.Timeline.Tests", "code\RCE.Modules.Timeline.Tests\RCE.Modules.Timeline.Tests.csproj", "{84D06CA8-B688-47B5-9F54-0586E13A90D7}"
EndProject
Project("{FAE04EC0-301F-11D3-BF4B-00C04F79EFBC}") = "RCE.Modules.Comment", "code\RCE.Modules.Comment\RCE.Modules.Comment.csproj", "{F821B069-8100-4001-901C-C966FDE139AE}"
EndProject
Project("{FAE04EC0-301F-11D3-BF4B-00C04F79EFBC}") = "RCE.Modules.Comment.Tests", "code\RCE.Modules.Comment.Tests\RCE.Modules.Comment.Tests.csproj", "{1CCC92F1-B188-433E-87C6-454A1F22C7F6}"
	ProjectSection(ProjectDependencies) = postProject
		{9673EB3C-6B1A-4700-8E63-82265BE1F9BF} = {9673EB3C-6B1A-4700-8E63-82265BE1F9BF}
	EndProjectSection
EndProject
Project("{FAE04EC0-301F-11D3-BF4B-00C04F79EFBC}") = "RCE.Modules.MediaBin.Tests", "code\RCE.Modules.MediaBin.Tests\RCE.Modules.MediaBin.Tests.csproj", "{50294258-3637-4B40-B790-08E6F93B0D75}"
EndProject
Project("{FAE04EC0-301F-11D3-BF4B-00C04F79EFBC}") = "RCE.Modules.Settings", "code\RCE.Modules.Settings\RCE.Modules.Settings.csproj", "{B09C0B16-5D30-4A7E-ACBC-C8D10C53AC48}"
EndProject
Project("{FAE04EC0-301F-11D3-BF4B-00C04F79EFBC}") = "RCE.Modules.Settings.Tests", "code\RCE.Modules.Settings.Tests\RCE.Modules.Settings.Tests.csproj", "{B8B84FBA-B7A6-4279-B2CB-01DF8CD8DEF5}"
EndProject
Project("{FAE04EC0-301F-11D3-BF4B-00C04F79EFBC}") = "RCE.Services", "code\RCE.Services\RCE.Services.csproj", "{7BE5DD29-C0F8-45EF-8792-0F8C2CFD0616}"
EndProject
Project("{FAE04EC0-301F-11D3-BF4B-00C04F79EFBC}") = "RCE.Services.Contracts", "code\RCE.Services.Contracts\RCE.Services.Contracts.csproj", "{01EB83B4-2BC2-4040-90A1-E9199E0DA430}"
EndProject
Project("{FAE04EC0-301F-11D3-BF4B-00C04F79EFBC}") = "RCE.Services.Tests", "code\RCE.Services.Tests\RCE.Services.Tests.csproj", "{147D0DA2-5A0F-4E3F-B9EB-471FFCB2779C}"
EndProject
Project("{FAE04EC0-301F-11D3-BF4B-00C04F79EFBC}") = "RCE.Data.Demo", "code\RCE.Data.Demo\RCE.Data.Demo.csproj", "{D8235B67-C700-4059-9686-5304C0850441}"
EndProject
Project("{FAE04EC0-301F-11D3-BF4B-00C04F79EFBC}") = "RCE.Data.Sql", "code\RCE.Data.SQL\RCE.Data.Sql.csproj", "{57F22D2A-2820-4702-A30E-7F8AE61E02A4}"
EndProject
Project("{FAE04EC0-301F-11D3-BF4B-00C04F79EFBC}") = "RCE.Modules.CommentsBar", "code\RCE.Modules.CommentsBar\RCE.Modules.CommentsBar.csproj", "{BCCE96F9-290C-4029-86FB-7E8342BC36C8}"
EndProject
Project("{FAE04EC0-301F-11D3-BF4B-00C04F79EFBC}") = "RCE.Modules.CommentsBar.Tests", "code\RCE.Modules.CommentsBar.Tests\RCE.Modules.CommentsBar.Tests.csproj", "{788927E1-AE6D-4145-BA84-C7A8F19D5900}"
EndProject
Project("{FAE04EC0-301F-11D3-BF4B-00C04F79EFBC}") = "RCE.Data.Sql.Tests", "code\RCE.Data.Sql.Tests\RCE.Data.Sql.Tests.csproj", "{4793FB00-45E7-43CE-B76E-11DC9A54278B}"
EndProject
Project("{FAE04EC0-301F-11D3-BF4B-00C04F79EFBC}") = "LAgger.Service.Test", "code\LAgger.Service.Test\LAgger.Service.Test.csproj", "{DD9F4772-2AE9-4A06-84A5-68256ADCD033}"
EndProject
Project("{FAE04EC0-301F-11D3-BF4B-00C04F79EFBC}") = "LAgger.Test", "code\LAgger.Test\LAgger.Test.csproj", "{E9E14F7F-5BDF-47C3-9124-291D2A2C93A2}"
EndProject
Project("{FAE04EC0-301F-11D3-BF4B-00C04F79EFBC}") = "RCE.Modules.Projects", "code\RCE.Modules.Projects\RCE.Modules.Projects.csproj", "{1C37AA26-4BB1-4BD0-8E4D-0C6ADFB45C20}"
EndProject
Project("{FAE04EC0-301F-11D3-BF4B-00C04F79EFBC}") = "RCE.Modules.Projects.Tests", "code\RCE.Modules.Projects.Tests\RCE.Modules.Projects.Tests.csproj", "{F85933CC-06B4-4A14-BBCE-813080FBF996}"
EndProject
Project("{FAE04EC0-301F-11D3-BF4B-00C04F79EFBC}") = "RCE.Modules.Metadata.Tests", "code\RCE.Modules.Metadata.Tests\RCE.Modules.Metadata.Tests.csproj", "{336E7767-CABC-4560-9E9F-52A990B4C63B}"
EndProject
Project("{FAE04EC0-301F-11D3-BF4B-00C04F79EFBC}") = "RCE.Modules.Metadata", "code\RCE.Modules.Metadata\RCE.Modules.Metadata.csproj", "{D192B0DA-A62F-4923-8E25-0995C7F3B086}"
EndProject
Project("{FAE04EC0-301F-11D3-BF4B-00C04F79EFBC}") = "RCE.Services.Contracts.Client", "code\RCE.Services.Contracts.Client\RCE.Services.Contracts.Client.csproj", "{7F14113F-B290-412C-A21C-0C9E66C78C1C}"
EndProject
Project("{FAE04EC0-301F-11D3-BF4B-00C04F79EFBC}") = "RCE.Modules.Search", "code\RCE.Modules.Search\RCE.Modules.Search.csproj", "{9DF8DBDE-6558-43A0-B8D1-67F856BFC02F}"
EndProject
Project("{FAE04EC0-301F-11D3-BF4B-00C04F79EFBC}") = "RCE.Modules.Services", "code\RCE.Modules.Services\RCE.Modules.Services.csproj", "{5117154C-EAE8-492F-B7A9-FC3574359012}"
	ProjectSection(ProjectDependencies) = postProject
		{474F6A8B-020D-4DDB-8C72-FE802CA0B754} = {474F6A8B-020D-4DDB-8C72-FE802CA0B754}
	EndProjectSection
EndProject
Project("{FAE04EC0-301F-11D3-BF4B-00C04F79EFBC}") = "RCE.Modules.Services.Tests", "code\RCE.Modules.Services.Tests\RCE.Modules.Services.Tests.csproj", "{96F783DE-11D7-426F-8CC6-5990523DA8CB}"
EndProject
Project("{FAE04EC0-301F-11D3-BF4B-00C04F79EFBC}") = "RCE.Data.FileSystem", "code\RCE.Data.FileSystem\RCE.Data.FileSystem.csproj", "{FCE292F8-F587-4E9A-9277-1DC467E115B9}"
EndProject
Project("{FAE04EC0-301F-11D3-BF4B-00C04F79EFBC}") = "RCE.Metadata.Strategies", "code\RCE.Metadata.Strategies\RCE.Metadata.Strategies.csproj", "{F102E919-8749-4D03-A58A-665C34F6C81C}"
EndProject
Project("{FAE04EC0-301F-11D3-BF4B-00C04F79EFBC}") = "RCE.Services.Infrastructure", "code\RCE.Services.Infrastructure\RCE.Services.Infrastructure.csproj", "{0EC33D31-0D5F-4B22-B410-58111D3206C0}"
EndProject
Project("{FAE04EC0-301F-11D3-BF4B-00C04F79EFBC}") = "RCE.Services.Infrastructure.Tests", "code\RCE.Services.Infrastructure.Tests\RCE.Services.Infrastructure.Tests.csproj", "{65F37A9B-FC95-4063-8855-A7DE618E939E}"
EndProject
Project("{FAE04EC0-301F-11D3-BF4B-00C04F79EFBC}") = "RCE.Modules.EncoderOutput", "code\RCE.Modules.EncoderOutput\RCE.Modules.EncoderOutput.csproj", "{91CE9107-5F8B-4D1A-BBDE-AEBEFFA56FBC}"
	ProjectSection(ProjectDependencies) = postProject
		{474F6A8B-020D-4DDB-8C72-FE802CA0B754} = {474F6A8B-020D-4DDB-8C72-FE802CA0B754}
	EndProjectSection
EndProject
Project("{FAE04EC0-301F-11D3-BF4B-00C04F79EFBC}") = "RCE.Modules.EncoderOutput.Tests", "code\RCE.Modules.EncoderOutput.Tests\RCE.Modules.EncoderOutput.Tests.csproj", "{FA8DE780-D37F-4A0C-99E7-CEE33C3B0F2C}"
EndProject
Project("{FAE04EC0-301F-11D3-BF4B-00C04F79EFBC}") = "RCE.Modules.Ads", "code\RCE.Modules.Ads\RCE.Modules.Ads.csproj", "{7D344DE3-110E-4E52-8BA3-BC7DF45D829F}"
EndProject
Project("{FAE04EC0-301F-11D3-BF4B-00C04F79EFBC}") = "RCE.Modules.Ads.Tests", "code\RCE.Modules.Ads.Tests\RCE.Modules.Ads.Tests.csproj", "{E965EEE2-B190-4D2B-90B0-2E7F94B01665}"
EndProject
Project("{FAE04EC0-301F-11D3-BF4B-00C04F79EFBC}") = "RCE.Modules.Markers", "code\RCE.Modules.Markers\RCE.Modules.Markers.csproj", "{C1527D38-4E50-4649-8188-5742A1FB08AC}"
EndProject
Project("{FAE04EC0-301F-11D3-BF4B-00C04F79EFBC}") = "RCE.Modules.Markers.Tests", "code\RCE.Modules.Markers.Tests\RCE.Modules.Markers.Tests.csproj", "{722BF84A-3B40-47B6-909A-2AC4CA45D3FC}"
EndProject
Project("{FAE04EC0-301F-11D3-BF4B-00C04F79EFBC}") = "SMPTETimecode.Client", "code\SMPTETimecode.Client\SMPTETimecode.Client.csproj", "{9BB1BFDA-5A8D-468B-9C42-A053FC24F908}"
EndProject
Project("{FAE04EC0-301F-11D3-BF4B-00C04F79EFBC}") = "SMPTETimecode", "code\SMPTETimecode\SMPTETimecode.csproj", "{A1861304-5984-4CBD-B674-C358EF13D9CB}"
EndProject
Project("{FAE04EC0-301F-11D3-BF4B-00C04F79EFBC}") = "SMPTETimecode.Tests", "code\SMPTETimecode.Tests\SMPTETimecode.Tests.csproj", "{FE36490D-3C69-46FA-B7FC-22C7909B4CF3}"
EndProject
Project("{FAE04EC0-301F-11D3-BF4B-00C04F79EFBC}") = "RCE.Data.Xml", "code\RCE.Data.Xml\RCE.Data.Xml.csproj", "{AEB55F8D-A106-4553-B6FF-8634B2CFC302}"
EndProject
Project("{FAE04EC0-301F-11D3-BF4B-00C04F79EFBC}") = "RCE.Modules.SubClip", "code\RCE.Modules.SubClip\RCE.Modules.SubClip.csproj", "{129BD423-C0A9-48EE-9CAF-E8C483688F4D}"
EndProject
Project("{FAE04EC0-301F-11D3-BF4B-00C04F79EFBC}") = "RCE.Modules.SubClip.Tests", "code\RCE.Modules.SubClip.Tests\RCE.Modules.SubClip.Tests.csproj", "{14D863DD-0E23-44F8-B886-27C3B8E78939}"
EndProject
Project("{FAE04EC0-301F-11D3-BF4B-00C04F79EFBC}") = "RCE.Modules.Browsers", "code\RCE.Modules.Browsers\RCE.Modules.Browsers.csproj", "{E327F02A-0B81-4619-ABB4-42DE73CE9D98}"
EndProject
Project("{FAE04EC0-301F-11D3-BF4B-00C04F79EFBC}") = "RCE.Modules.Browsers.Tests", "code\RCE.Modules.Browsers.Tests\RCE.Modules.Browsers.Tests.csproj", "{29B98ECF-AD0E-4235-B214-E28CD849042E}"
EndProject
Project("{FAE04EC0-301F-11D3-BF4B-00C04F79EFBC}") = "RCE.Modules.PlayByPlay", "code\RCE.Modules.PlayByPlay\RCE.Modules.PlayByPlay.csproj", "{941ADE50-1742-4FBB-83A4-3144EA6196CA}"
EndProject
Project("{FAE04EC0-301F-11D3-BF4B-00C04F79EFBC}") = "RCE.Modules.Overlays", "code\RCE.Modules.Overlays\RCE.Modules.Overlays.csproj", "{69698F13-CD94-4172-9232-AC59E2853EAF}"
EndProject
Project("{FAE04EC0-301F-11D3-BF4B-00C04F79EFBC}") = "RCE.Modules.Overlays.Tests", "code\RCE.Modules.Overlays.Tests\RCE.Modules.Overlays.Tests.csproj", "{BC59FF2B-7FD7-42C0-81B0-AF72C5B5D027}"
EndProject
Project("{FAE04EC0-301F-11D3-BF4B-00C04F79EFBC}") = "RCE.Metadata.Strategies.Client", "code\RCE.Metadata.Strategies.Client\RCE.Metadata.Strategies.Client.csproj", "{C0588DE1-5C54-4A3B-AC4E-E2F066E3582B}"
EndProject
Project("{2150E333-8FDC-42A3-9474-1A3956D46DE8}") = ".nuget", ".nuget", "{1D71B263-9E6F-4FAD-B1FE-E70640AFA8E2}"
	ProjectSection(SolutionItems) = preProject
		.nuget\NuGet.Config = .nuget\NuGet.Config
		.nuget\NuGet.exe = .nuget\NuGet.exe
		.nuget\NuGet.targets = .nuget\NuGet.targets
	EndProjectSection
EndProject
Project("{FAE04EC0-301F-11D3-BF4B-00C04F79EFBC}") = "WindowsMedia.Utilities", "code\WindowsMedia.Utilities\WindowsMedia.Utilities.csproj", "{637C8BDD-0BE2-48C4-8A9B-8B639C400721}"
EndProject
Global
	GlobalSection(TestCaseManagementSettings) = postSolution
		CategoryFile = RoughCutEditor.vsmdi
	EndGlobalSection
	GlobalSection(SolutionConfigurationPlatforms) = preSolution
		Debug|Any CPU = Debug|Any CPU
		Debug|x86 = Debug|x86
		Release|Any CPU = Release|Any CPU
		Release|x86 = Release|x86
		Silverlight|Any CPU = Silverlight|Any CPU
		Silverlight|x86 = Silverlight|x86
	EndGlobalSection
	GlobalSection(ProjectConfigurationPlatforms) = postSolution
		{474F6A8B-020D-4DDB-8C72-FE802CA0B754}.Debug|Any CPU.ActiveCfg = Debug|Any CPU
		{474F6A8B-020D-4DDB-8C72-FE802CA0B754}.Debug|Any CPU.Build.0 = Debug|Any CPU
		{474F6A8B-020D-4DDB-8C72-FE802CA0B754}.Debug|x86.ActiveCfg = Debug|x86
		{474F6A8B-020D-4DDB-8C72-FE802CA0B754}.Debug|x86.Build.0 = Debug|x86
		{474F6A8B-020D-4DDB-8C72-FE802CA0B754}.Release|Any CPU.ActiveCfg = Release|Any CPU
		{474F6A8B-020D-4DDB-8C72-FE802CA0B754}.Release|Any CPU.Build.0 = Release|Any CPU
		{474F6A8B-020D-4DDB-8C72-FE802CA0B754}.Release|x86.ActiveCfg = Release|x86
		{474F6A8B-020D-4DDB-8C72-FE802CA0B754}.Release|x86.Build.0 = Release|x86
		{474F6A8B-020D-4DDB-8C72-FE802CA0B754}.Silverlight|Any CPU.ActiveCfg = Release|Any CPU
		{474F6A8B-020D-4DDB-8C72-FE802CA0B754}.Silverlight|Any CPU.Build.0 = Release|Any CPU
		{474F6A8B-020D-4DDB-8C72-FE802CA0B754}.Silverlight|x86.ActiveCfg = Release|x86
		{474F6A8B-020D-4DDB-8C72-FE802CA0B754}.Silverlight|x86.Build.0 = Release|x86
		{791763F4-F41E-4DBF-BC4A-211AFBCB1129}.Debug|Any CPU.ActiveCfg = Debug|Any CPU
		{791763F4-F41E-4DBF-BC4A-211AFBCB1129}.Debug|Any CPU.Build.0 = Debug|Any CPU
		{791763F4-F41E-4DBF-BC4A-211AFBCB1129}.Debug|x86.ActiveCfg = Debug|x86
		{791763F4-F41E-4DBF-BC4A-211AFBCB1129}.Debug|x86.Build.0 = Debug|x86
		{791763F4-F41E-4DBF-BC4A-211AFBCB1129}.Release|Any CPU.ActiveCfg = Release|Any CPU
		{791763F4-F41E-4DBF-BC4A-211AFBCB1129}.Release|Any CPU.Build.0 = Release|Any CPU
		{791763F4-F41E-4DBF-BC4A-211AFBCB1129}.Release|x86.ActiveCfg = Release|x86
		{791763F4-F41E-4DBF-BC4A-211AFBCB1129}.Release|x86.Build.0 = Release|x86
		{791763F4-F41E-4DBF-BC4A-211AFBCB1129}.Silverlight|Any CPU.ActiveCfg = Release|Any CPU
		{791763F4-F41E-4DBF-BC4A-211AFBCB1129}.Silverlight|Any CPU.Build.0 = Release|Any CPU
		{791763F4-F41E-4DBF-BC4A-211AFBCB1129}.Silverlight|x86.ActiveCfg = Release|x86
		{791763F4-F41E-4DBF-BC4A-211AFBCB1129}.Silverlight|x86.Build.0 = Release|x86
		{4112BEB1-42EC-4F39-9A61-6CD1306D1BAC}.Debug|Any CPU.ActiveCfg = Debug|Any CPU
		{4112BEB1-42EC-4F39-9A61-6CD1306D1BAC}.Debug|Any CPU.Build.0 = Debug|Any CPU
		{4112BEB1-42EC-4F39-9A61-6CD1306D1BAC}.Debug|x86.ActiveCfg = Debug|x86
		{4112BEB1-42EC-4F39-9A61-6CD1306D1BAC}.Debug|x86.Build.0 = Debug|x86
		{4112BEB1-42EC-4F39-9A61-6CD1306D1BAC}.Release|Any CPU.ActiveCfg = Release|Any CPU
		{4112BEB1-42EC-4F39-9A61-6CD1306D1BAC}.Release|Any CPU.Build.0 = Release|Any CPU
		{4112BEB1-42EC-4F39-9A61-6CD1306D1BAC}.Release|x86.ActiveCfg = Release|x86
		{4112BEB1-42EC-4F39-9A61-6CD1306D1BAC}.Release|x86.Build.0 = Release|x86
		{4112BEB1-42EC-4F39-9A61-6CD1306D1BAC}.Silverlight|Any CPU.ActiveCfg = Release|Any CPU
		{4112BEB1-42EC-4F39-9A61-6CD1306D1BAC}.Silverlight|Any CPU.Build.0 = Release|Any CPU
		{4112BEB1-42EC-4F39-9A61-6CD1306D1BAC}.Silverlight|x86.ActiveCfg = Release|x86
		{4112BEB1-42EC-4F39-9A61-6CD1306D1BAC}.Silverlight|x86.Build.0 = Release|x86
		{7D32D4A1-26AB-41C6-9FBB-1C393EA882E6}.Debug|Any CPU.ActiveCfg = Debug|Any CPU
		{7D32D4A1-26AB-41C6-9FBB-1C393EA882E6}.Debug|Any CPU.Build.0 = Debug|Any CPU
		{7D32D4A1-26AB-41C6-9FBB-1C393EA882E6}.Debug|x86.ActiveCfg = Debug|x86
		{7D32D4A1-26AB-41C6-9FBB-1C393EA882E6}.Debug|x86.Build.0 = Debug|x86
		{7D32D4A1-26AB-41C6-9FBB-1C393EA882E6}.Release|Any CPU.ActiveCfg = Release|Any CPU
		{7D32D4A1-26AB-41C6-9FBB-1C393EA882E6}.Release|Any CPU.Build.0 = Release|Any CPU
		{7D32D4A1-26AB-41C6-9FBB-1C393EA882E6}.Release|x86.ActiveCfg = Release|x86
		{7D32D4A1-26AB-41C6-9FBB-1C393EA882E6}.Release|x86.Build.0 = Release|x86
		{7D32D4A1-26AB-41C6-9FBB-1C393EA882E6}.Silverlight|Any CPU.ActiveCfg = Release|Any CPU
		{7D32D4A1-26AB-41C6-9FBB-1C393EA882E6}.Silverlight|Any CPU.Build.0 = Release|Any CPU
		{7D32D4A1-26AB-41C6-9FBB-1C393EA882E6}.Silverlight|x86.ActiveCfg = Release|x86
		{7D32D4A1-26AB-41C6-9FBB-1C393EA882E6}.Silverlight|x86.Build.0 = Release|x86
		{1556F2FE-D2CF-43F7-A559-7A6A47E1682B}.Debug|Any CPU.ActiveCfg = Debug|Any CPU
		{1556F2FE-D2CF-43F7-A559-7A6A47E1682B}.Debug|Any CPU.Build.0 = Debug|Any CPU
		{1556F2FE-D2CF-43F7-A559-7A6A47E1682B}.Debug|x86.ActiveCfg = Debug|x86
		{1556F2FE-D2CF-43F7-A559-7A6A47E1682B}.Debug|x86.Build.0 = Debug|x86
		{1556F2FE-D2CF-43F7-A559-7A6A47E1682B}.Release|Any CPU.ActiveCfg = Release|Any CPU
		{1556F2FE-D2CF-43F7-A559-7A6A47E1682B}.Release|Any CPU.Build.0 = Release|Any CPU
		{1556F2FE-D2CF-43F7-A559-7A6A47E1682B}.Release|x86.ActiveCfg = Release|x86
		{1556F2FE-D2CF-43F7-A559-7A6A47E1682B}.Release|x86.Build.0 = Release|x86
		{1556F2FE-D2CF-43F7-A559-7A6A47E1682B}.Silverlight|Any CPU.ActiveCfg = Release|Any CPU
		{1556F2FE-D2CF-43F7-A559-7A6A47E1682B}.Silverlight|Any CPU.Build.0 = Release|Any CPU
		{1556F2FE-D2CF-43F7-A559-7A6A47E1682B}.Silverlight|x86.ActiveCfg = Release|x86
		{1556F2FE-D2CF-43F7-A559-7A6A47E1682B}.Silverlight|x86.Build.0 = Release|x86
		{9673EB3C-6B1A-4700-8E63-82265BE1F9BF}.Debug|Any CPU.ActiveCfg = Debug|Any CPU
		{9673EB3C-6B1A-4700-8E63-82265BE1F9BF}.Debug|Any CPU.Build.0 = Debug|Any CPU
		{9673EB3C-6B1A-4700-8E63-82265BE1F9BF}.Debug|x86.ActiveCfg = Debug|x86
		{9673EB3C-6B1A-4700-8E63-82265BE1F9BF}.Debug|x86.Build.0 = Debug|x86
		{9673EB3C-6B1A-4700-8E63-82265BE1F9BF}.Release|Any CPU.ActiveCfg = Release|Any CPU
		{9673EB3C-6B1A-4700-8E63-82265BE1F9BF}.Release|Any CPU.Build.0 = Release|Any CPU
		{9673EB3C-6B1A-4700-8E63-82265BE1F9BF}.Release|x86.ActiveCfg = Release|x86
		{9673EB3C-6B1A-4700-8E63-82265BE1F9BF}.Release|x86.Build.0 = Release|x86
		{9673EB3C-6B1A-4700-8E63-82265BE1F9BF}.Silverlight|Any CPU.ActiveCfg = Release|Any CPU
		{9673EB3C-6B1A-4700-8E63-82265BE1F9BF}.Silverlight|Any CPU.Build.0 = Release|Any CPU
		{9673EB3C-6B1A-4700-8E63-82265BE1F9BF}.Silverlight|x86.ActiveCfg = Release|x86
		{9673EB3C-6B1A-4700-8E63-82265BE1F9BF}.Silverlight|x86.Build.0 = Release|x86
		{75372A51-04EC-4B89-B814-4C06294FD9FC}.Debug|Any CPU.ActiveCfg = Debug|Any CPU
		{75372A51-04EC-4B89-B814-4C06294FD9FC}.Debug|Any CPU.Build.0 = Debug|Any CPU
		{75372A51-04EC-4B89-B814-4C06294FD9FC}.Debug|x86.ActiveCfg = Debug|x86
		{75372A51-04EC-4B89-B814-4C06294FD9FC}.Debug|x86.Build.0 = Debug|x86
		{75372A51-04EC-4B89-B814-4C06294FD9FC}.Release|Any CPU.ActiveCfg = Release|Any CPU
		{75372A51-04EC-4B89-B814-4C06294FD9FC}.Release|Any CPU.Build.0 = Release|Any CPU
		{75372A51-04EC-4B89-B814-4C06294FD9FC}.Release|x86.ActiveCfg = Release|x86
		{75372A51-04EC-4B89-B814-4C06294FD9FC}.Release|x86.Build.0 = Release|x86
		{75372A51-04EC-4B89-B814-4C06294FD9FC}.Silverlight|Any CPU.ActiveCfg = Release|Any CPU
		{75372A51-04EC-4B89-B814-4C06294FD9FC}.Silverlight|Any CPU.Build.0 = Release|Any CPU
		{75372A51-04EC-4B89-B814-4C06294FD9FC}.Silverlight|x86.ActiveCfg = Release|x86
		{75372A51-04EC-4B89-B814-4C06294FD9FC}.Silverlight|x86.Build.0 = Release|x86
		{4C7C2B70-09CE-4DC7-9545-5E1C58E93851}.Debug|Any CPU.ActiveCfg = Debug|Any CPU
		{4C7C2B70-09CE-4DC7-9545-5E1C58E93851}.Debug|Any CPU.Build.0 = Debug|Any CPU
		{4C7C2B70-09CE-4DC7-9545-5E1C58E93851}.Debug|x86.ActiveCfg = Debug|x86
		{4C7C2B70-09CE-4DC7-9545-5E1C58E93851}.Debug|x86.Build.0 = Debug|x86
		{4C7C2B70-09CE-4DC7-9545-5E1C58E93851}.Release|Any CPU.ActiveCfg = Release|Any CPU
		{4C7C2B70-09CE-4DC7-9545-5E1C58E93851}.Release|Any CPU.Build.0 = Release|Any CPU
		{4C7C2B70-09CE-4DC7-9545-5E1C58E93851}.Release|x86.ActiveCfg = Release|x86
		{4C7C2B70-09CE-4DC7-9545-5E1C58E93851}.Release|x86.Build.0 = Release|x86
		{4C7C2B70-09CE-4DC7-9545-5E1C58E93851}.Silverlight|Any CPU.ActiveCfg = Release|Any CPU
		{4C7C2B70-09CE-4DC7-9545-5E1C58E93851}.Silverlight|Any CPU.Build.0 = Release|Any CPU
		{4C7C2B70-09CE-4DC7-9545-5E1C58E93851}.Silverlight|x86.ActiveCfg = Release|x86
		{4C7C2B70-09CE-4DC7-9545-5E1C58E93851}.Silverlight|x86.Build.0 = Release|x86
		{13F97BF6-F5D4-4D85-814C-225D52D08899}.Debug|Any CPU.ActiveCfg = Debug|Any CPU
		{13F97BF6-F5D4-4D85-814C-225D52D08899}.Debug|Any CPU.Build.0 = Debug|Any CPU
		{13F97BF6-F5D4-4D85-814C-225D52D08899}.Debug|x86.ActiveCfg = Debug|x86
		{13F97BF6-F5D4-4D85-814C-225D52D08899}.Debug|x86.Build.0 = Debug|x86
		{13F97BF6-F5D4-4D85-814C-225D52D08899}.Release|Any CPU.ActiveCfg = Release|Any CPU
		{13F97BF6-F5D4-4D85-814C-225D52D08899}.Release|Any CPU.Build.0 = Release|Any CPU
		{13F97BF6-F5D4-4D85-814C-225D52D08899}.Release|x86.ActiveCfg = Release|x86
		{13F97BF6-F5D4-4D85-814C-225D52D08899}.Release|x86.Build.0 = Release|x86
		{13F97BF6-F5D4-4D85-814C-225D52D08899}.Silverlight|Any CPU.ActiveCfg = Release|Any CPU
		{13F97BF6-F5D4-4D85-814C-225D52D08899}.Silverlight|Any CPU.Build.0 = Release|Any CPU
		{13F97BF6-F5D4-4D85-814C-225D52D08899}.Silverlight|x86.ActiveCfg = Release|x86
		{13F97BF6-F5D4-4D85-814C-225D52D08899}.Silverlight|x86.Build.0 = Release|x86
		{2E4CA616-3EB4-4411-9CB2-B17474EBFBC9}.Debug|Any CPU.ActiveCfg = Debug|Any CPU
		{2E4CA616-3EB4-4411-9CB2-B17474EBFBC9}.Debug|Any CPU.Build.0 = Debug|Any CPU
		{2E4CA616-3EB4-4411-9CB2-B17474EBFBC9}.Debug|x86.ActiveCfg = Debug|x86
		{2E4CA616-3EB4-4411-9CB2-B17474EBFBC9}.Debug|x86.Build.0 = Debug|x86
		{2E4CA616-3EB4-4411-9CB2-B17474EBFBC9}.Release|Any CPU.ActiveCfg = Release|Any CPU
		{2E4CA616-3EB4-4411-9CB2-B17474EBFBC9}.Release|Any CPU.Build.0 = Release|Any CPU
		{2E4CA616-3EB4-4411-9CB2-B17474EBFBC9}.Release|x86.ActiveCfg = Release|x86
		{2E4CA616-3EB4-4411-9CB2-B17474EBFBC9}.Release|x86.Build.0 = Release|x86
		{2E4CA616-3EB4-4411-9CB2-B17474EBFBC9}.Silverlight|Any CPU.ActiveCfg = Release|Any CPU
		{2E4CA616-3EB4-4411-9CB2-B17474EBFBC9}.Silverlight|Any CPU.Build.0 = Release|Any CPU
		{2E4CA616-3EB4-4411-9CB2-B17474EBFBC9}.Silverlight|x86.ActiveCfg = Release|x86
		{2E4CA616-3EB4-4411-9CB2-B17474EBFBC9}.Silverlight|x86.Build.0 = Release|x86
		{04B64DFC-ECE0-48D6-95AE-FDC9092F9152}.Debug|Any CPU.ActiveCfg = Debug|Any CPU
		{04B64DFC-ECE0-48D6-95AE-FDC9092F9152}.Debug|Any CPU.Build.0 = Debug|Any CPU
		{04B64DFC-ECE0-48D6-95AE-FDC9092F9152}.Debug|x86.ActiveCfg = Debug|x86
		{04B64DFC-ECE0-48D6-95AE-FDC9092F9152}.Debug|x86.Build.0 = Debug|x86
		{04B64DFC-ECE0-48D6-95AE-FDC9092F9152}.Release|Any CPU.ActiveCfg = Release|Any CPU
		{04B64DFC-ECE0-48D6-95AE-FDC9092F9152}.Release|Any CPU.Build.0 = Release|Any CPU
		{04B64DFC-ECE0-48D6-95AE-FDC9092F9152}.Release|x86.ActiveCfg = Release|x86
		{04B64DFC-ECE0-48D6-95AE-FDC9092F9152}.Release|x86.Build.0 = Release|x86
		{04B64DFC-ECE0-48D6-95AE-FDC9092F9152}.Silverlight|Any CPU.ActiveCfg = Release|Any CPU
		{04B64DFC-ECE0-48D6-95AE-FDC9092F9152}.Silverlight|Any CPU.Build.0 = Release|Any CPU
		{04B64DFC-ECE0-48D6-95AE-FDC9092F9152}.Silverlight|x86.ActiveCfg = Release|x86
		{04B64DFC-ECE0-48D6-95AE-FDC9092F9152}.Silverlight|x86.Build.0 = Release|x86
		{8C8F328E-FC87-4AB8-A2D3-D5A1DEA90379}.Debug|Any CPU.ActiveCfg = Debug|Any CPU
		{8C8F328E-FC87-4AB8-A2D3-D5A1DEA90379}.Debug|Any CPU.Build.0 = Debug|Any CPU
		{8C8F328E-FC87-4AB8-A2D3-D5A1DEA90379}.Debug|x86.ActiveCfg = Debug|x86
		{8C8F328E-FC87-4AB8-A2D3-D5A1DEA90379}.Debug|x86.Build.0 = Debug|x86
		{8C8F328E-FC87-4AB8-A2D3-D5A1DEA90379}.Release|Any CPU.ActiveCfg = Release|Any CPU
		{8C8F328E-FC87-4AB8-A2D3-D5A1DEA90379}.Release|Any CPU.Build.0 = Release|Any CPU
		{8C8F328E-FC87-4AB8-A2D3-D5A1DEA90379}.Release|x86.ActiveCfg = Release|x86
		{8C8F328E-FC87-4AB8-A2D3-D5A1DEA90379}.Release|x86.Build.0 = Release|x86
		{8C8F328E-FC87-4AB8-A2D3-D5A1DEA90379}.Silverlight|Any CPU.ActiveCfg = Release|Any CPU
		{8C8F328E-FC87-4AB8-A2D3-D5A1DEA90379}.Silverlight|Any CPU.Build.0 = Release|Any CPU
		{8C8F328E-FC87-4AB8-A2D3-D5A1DEA90379}.Silverlight|x86.ActiveCfg = Release|x86
		{8C8F328E-FC87-4AB8-A2D3-D5A1DEA90379}.Silverlight|x86.Build.0 = Release|x86
		{84D06CA8-B688-47B5-9F54-0586E13A90D7}.Debug|Any CPU.ActiveCfg = Debug|Any CPU
		{84D06CA8-B688-47B5-9F54-0586E13A90D7}.Debug|Any CPU.Build.0 = Debug|Any CPU
		{84D06CA8-B688-47B5-9F54-0586E13A90D7}.Debug|x86.ActiveCfg = Debug|x86
		{84D06CA8-B688-47B5-9F54-0586E13A90D7}.Debug|x86.Build.0 = Debug|x86
		{84D06CA8-B688-47B5-9F54-0586E13A90D7}.Release|Any CPU.ActiveCfg = Release|Any CPU
		{84D06CA8-B688-47B5-9F54-0586E13A90D7}.Release|Any CPU.Build.0 = Release|Any CPU
		{84D06CA8-B688-47B5-9F54-0586E13A90D7}.Release|x86.ActiveCfg = Release|x86
		{84D06CA8-B688-47B5-9F54-0586E13A90D7}.Release|x86.Build.0 = Release|x86
		{84D06CA8-B688-47B5-9F54-0586E13A90D7}.Silverlight|Any CPU.ActiveCfg = Release|Any CPU
		{84D06CA8-B688-47B5-9F54-0586E13A90D7}.Silverlight|Any CPU.Build.0 = Release|Any CPU
		{84D06CA8-B688-47B5-9F54-0586E13A90D7}.Silverlight|x86.ActiveCfg = Release|x86
		{84D06CA8-B688-47B5-9F54-0586E13A90D7}.Silverlight|x86.Build.0 = Release|x86
		{F821B069-8100-4001-901C-C966FDE139AE}.Debug|Any CPU.ActiveCfg = Debug|Any CPU
		{F821B069-8100-4001-901C-C966FDE139AE}.Debug|Any CPU.Build.0 = Debug|Any CPU
		{F821B069-8100-4001-901C-C966FDE139AE}.Debug|x86.ActiveCfg = Debug|x86
		{F821B069-8100-4001-901C-C966FDE139AE}.Debug|x86.Build.0 = Debug|x86
		{F821B069-8100-4001-901C-C966FDE139AE}.Release|Any CPU.ActiveCfg = Release|Any CPU
		{F821B069-8100-4001-901C-C966FDE139AE}.Release|Any CPU.Build.0 = Release|Any CPU
		{F821B069-8100-4001-901C-C966FDE139AE}.Release|x86.ActiveCfg = Release|x86
		{F821B069-8100-4001-901C-C966FDE139AE}.Release|x86.Build.0 = Release|x86
		{F821B069-8100-4001-901C-C966FDE139AE}.Silverlight|Any CPU.ActiveCfg = Release|Any CPU
		{F821B069-8100-4001-901C-C966FDE139AE}.Silverlight|Any CPU.Build.0 = Release|Any CPU
		{F821B069-8100-4001-901C-C966FDE139AE}.Silverlight|x86.ActiveCfg = Release|x86
		{F821B069-8100-4001-901C-C966FDE139AE}.Silverlight|x86.Build.0 = Release|x86
		{1CCC92F1-B188-433E-87C6-454A1F22C7F6}.Debug|Any CPU.ActiveCfg = Debug|Any CPU
		{1CCC92F1-B188-433E-87C6-454A1F22C7F6}.Debug|Any CPU.Build.0 = Debug|Any CPU
		{1CCC92F1-B188-433E-87C6-454A1F22C7F6}.Debug|x86.ActiveCfg = Debug|x86
		{1CCC92F1-B188-433E-87C6-454A1F22C7F6}.Debug|x86.Build.0 = Debug|x86
		{1CCC92F1-B188-433E-87C6-454A1F22C7F6}.Release|Any CPU.ActiveCfg = Release|Any CPU
		{1CCC92F1-B188-433E-87C6-454A1F22C7F6}.Release|Any CPU.Build.0 = Release|Any CPU
		{1CCC92F1-B188-433E-87C6-454A1F22C7F6}.Release|x86.ActiveCfg = Release|x86
		{1CCC92F1-B188-433E-87C6-454A1F22C7F6}.Release|x86.Build.0 = Release|x86
		{1CCC92F1-B188-433E-87C6-454A1F22C7F6}.Silverlight|Any CPU.ActiveCfg = Release|Any CPU
		{1CCC92F1-B188-433E-87C6-454A1F22C7F6}.Silverlight|Any CPU.Build.0 = Release|Any CPU
		{1CCC92F1-B188-433E-87C6-454A1F22C7F6}.Silverlight|x86.ActiveCfg = Release|x86
		{1CCC92F1-B188-433E-87C6-454A1F22C7F6}.Silverlight|x86.Build.0 = Release|x86
		{50294258-3637-4B40-B790-08E6F93B0D75}.Debug|Any CPU.ActiveCfg = Debug|Any CPU
		{50294258-3637-4B40-B790-08E6F93B0D75}.Debug|Any CPU.Build.0 = Debug|Any CPU
		{50294258-3637-4B40-B790-08E6F93B0D75}.Debug|x86.ActiveCfg = Debug|x86
		{50294258-3637-4B40-B790-08E6F93B0D75}.Debug|x86.Build.0 = Debug|x86
		{50294258-3637-4B40-B790-08E6F93B0D75}.Release|Any CPU.ActiveCfg = Release|Any CPU
		{50294258-3637-4B40-B790-08E6F93B0D75}.Release|Any CPU.Build.0 = Release|Any CPU
		{50294258-3637-4B40-B790-08E6F93B0D75}.Release|x86.ActiveCfg = Release|x86
		{50294258-3637-4B40-B790-08E6F93B0D75}.Release|x86.Build.0 = Release|x86
		{50294258-3637-4B40-B790-08E6F93B0D75}.Silverlight|Any CPU.ActiveCfg = Release|Any CPU
		{50294258-3637-4B40-B790-08E6F93B0D75}.Silverlight|Any CPU.Build.0 = Release|Any CPU
		{50294258-3637-4B40-B790-08E6F93B0D75}.Silverlight|x86.ActiveCfg = Release|x86
		{50294258-3637-4B40-B790-08E6F93B0D75}.Silverlight|x86.Build.0 = Release|x86
		{B09C0B16-5D30-4A7E-ACBC-C8D10C53AC48}.Debug|Any CPU.ActiveCfg = Debug|Any CPU
		{B09C0B16-5D30-4A7E-ACBC-C8D10C53AC48}.Debug|Any CPU.Build.0 = Debug|Any CPU
		{B09C0B16-5D30-4A7E-ACBC-C8D10C53AC48}.Debug|x86.ActiveCfg = Debug|x86
		{B09C0B16-5D30-4A7E-ACBC-C8D10C53AC48}.Debug|x86.Build.0 = Debug|x86
		{B09C0B16-5D30-4A7E-ACBC-C8D10C53AC48}.Release|Any CPU.ActiveCfg = Release|Any CPU
		{B09C0B16-5D30-4A7E-ACBC-C8D10C53AC48}.Release|Any CPU.Build.0 = Release|Any CPU
		{B09C0B16-5D30-4A7E-ACBC-C8D10C53AC48}.Release|x86.ActiveCfg = Release|x86
		{B09C0B16-5D30-4A7E-ACBC-C8D10C53AC48}.Release|x86.Build.0 = Release|x86
		{B09C0B16-5D30-4A7E-ACBC-C8D10C53AC48}.Silverlight|Any CPU.ActiveCfg = Release|Any CPU
		{B09C0B16-5D30-4A7E-ACBC-C8D10C53AC48}.Silverlight|Any CPU.Build.0 = Release|Any CPU
		{B09C0B16-5D30-4A7E-ACBC-C8D10C53AC48}.Silverlight|x86.ActiveCfg = Release|x86
		{B09C0B16-5D30-4A7E-ACBC-C8D10C53AC48}.Silverlight|x86.Build.0 = Release|x86
		{B8B84FBA-B7A6-4279-B2CB-01DF8CD8DEF5}.Debug|Any CPU.ActiveCfg = Debug|Any CPU
		{B8B84FBA-B7A6-4279-B2CB-01DF8CD8DEF5}.Debug|Any CPU.Build.0 = Debug|Any CPU
		{B8B84FBA-B7A6-4279-B2CB-01DF8CD8DEF5}.Debug|x86.ActiveCfg = Debug|x86
		{B8B84FBA-B7A6-4279-B2CB-01DF8CD8DEF5}.Debug|x86.Build.0 = Debug|x86
		{B8B84FBA-B7A6-4279-B2CB-01DF8CD8DEF5}.Release|Any CPU.ActiveCfg = Release|Any CPU
		{B8B84FBA-B7A6-4279-B2CB-01DF8CD8DEF5}.Release|Any CPU.Build.0 = Release|Any CPU
		{B8B84FBA-B7A6-4279-B2CB-01DF8CD8DEF5}.Release|x86.ActiveCfg = Release|x86
		{B8B84FBA-B7A6-4279-B2CB-01DF8CD8DEF5}.Release|x86.Build.0 = Release|x86
		{B8B84FBA-B7A6-4279-B2CB-01DF8CD8DEF5}.Silverlight|Any CPU.ActiveCfg = Release|Any CPU
		{B8B84FBA-B7A6-4279-B2CB-01DF8CD8DEF5}.Silverlight|Any CPU.Build.0 = Release|Any CPU
		{B8B84FBA-B7A6-4279-B2CB-01DF8CD8DEF5}.Silverlight|x86.ActiveCfg = Release|x86
		{B8B84FBA-B7A6-4279-B2CB-01DF8CD8DEF5}.Silverlight|x86.Build.0 = Release|x86
		{7BE5DD29-C0F8-45EF-8792-0F8C2CFD0616}.Debug|Any CPU.ActiveCfg = Debug|Any CPU
		{7BE5DD29-C0F8-45EF-8792-0F8C2CFD0616}.Debug|Any CPU.Build.0 = Debug|Any CPU
		{7BE5DD29-C0F8-45EF-8792-0F8C2CFD0616}.Debug|x86.ActiveCfg = Debug|x86
		{7BE5DD29-C0F8-45EF-8792-0F8C2CFD0616}.Debug|x86.Build.0 = Debug|x86
		{7BE5DD29-C0F8-45EF-8792-0F8C2CFD0616}.Release|Any CPU.ActiveCfg = Release|Any CPU
		{7BE5DD29-C0F8-45EF-8792-0F8C2CFD0616}.Release|Any CPU.Build.0 = Release|Any CPU
		{7BE5DD29-C0F8-45EF-8792-0F8C2CFD0616}.Release|x86.ActiveCfg = Release|x86
		{7BE5DD29-C0F8-45EF-8792-0F8C2CFD0616}.Release|x86.Build.0 = Release|x86
		{7BE5DD29-C0F8-45EF-8792-0F8C2CFD0616}.Silverlight|Any CPU.ActiveCfg = Release|Any CPU
		{7BE5DD29-C0F8-45EF-8792-0F8C2CFD0616}.Silverlight|Any CPU.Build.0 = Release|Any CPU
		{7BE5DD29-C0F8-45EF-8792-0F8C2CFD0616}.Silverlight|x86.ActiveCfg = Release|x86
		{7BE5DD29-C0F8-45EF-8792-0F8C2CFD0616}.Silverlight|x86.Build.0 = Release|x86
		{01EB83B4-2BC2-4040-90A1-E9199E0DA430}.Debug|Any CPU.ActiveCfg = Debug|Any CPU
		{01EB83B4-2BC2-4040-90A1-E9199E0DA430}.Debug|Any CPU.Build.0 = Debug|Any CPU
		{01EB83B4-2BC2-4040-90A1-E9199E0DA430}.Debug|x86.ActiveCfg = Debug|x86
		{01EB83B4-2BC2-4040-90A1-E9199E0DA430}.Debug|x86.Build.0 = Debug|x86
		{01EB83B4-2BC2-4040-90A1-E9199E0DA430}.Release|Any CPU.ActiveCfg = Release|Any CPU
		{01EB83B4-2BC2-4040-90A1-E9199E0DA430}.Release|Any CPU.Build.0 = Release|Any CPU
		{01EB83B4-2BC2-4040-90A1-E9199E0DA430}.Release|x86.ActiveCfg = Release|x86
		{01EB83B4-2BC2-4040-90A1-E9199E0DA430}.Release|x86.Build.0 = Release|x86
		{01EB83B4-2BC2-4040-90A1-E9199E0DA430}.Silverlight|Any CPU.ActiveCfg = Release|Any CPU
		{01EB83B4-2BC2-4040-90A1-E9199E0DA430}.Silverlight|Any CPU.Build.0 = Release|Any CPU
		{01EB83B4-2BC2-4040-90A1-E9199E0DA430}.Silverlight|x86.ActiveCfg = Release|x86
		{01EB83B4-2BC2-4040-90A1-E9199E0DA430}.Silverlight|x86.Build.0 = Release|x86
		{147D0DA2-5A0F-4E3F-B9EB-471FFCB2779C}.Debug|Any CPU.ActiveCfg = Debug|Any CPU
		{147D0DA2-5A0F-4E3F-B9EB-471FFCB2779C}.Debug|Any CPU.Build.0 = Debug|Any CPU
		{147D0DA2-5A0F-4E3F-B9EB-471FFCB2779C}.Debug|x86.ActiveCfg = Debug|x86
		{147D0DA2-5A0F-4E3F-B9EB-471FFCB2779C}.Debug|x86.Build.0 = Debug|x86
		{147D0DA2-5A0F-4E3F-B9EB-471FFCB2779C}.Release|Any CPU.ActiveCfg = Release|Any CPU
		{147D0DA2-5A0F-4E3F-B9EB-471FFCB2779C}.Release|Any CPU.Build.0 = Release|Any CPU
		{147D0DA2-5A0F-4E3F-B9EB-471FFCB2779C}.Release|x86.ActiveCfg = Release|x86
		{147D0DA2-5A0F-4E3F-B9EB-471FFCB2779C}.Release|x86.Build.0 = Release|x86
		{147D0DA2-5A0F-4E3F-B9EB-471FFCB2779C}.Silverlight|Any CPU.ActiveCfg = Release|Any CPU
		{147D0DA2-5A0F-4E3F-B9EB-471FFCB2779C}.Silverlight|Any CPU.Build.0 = Release|Any CPU
		{147D0DA2-5A0F-4E3F-B9EB-471FFCB2779C}.Silverlight|x86.ActiveCfg = Release|x86
		{147D0DA2-5A0F-4E3F-B9EB-471FFCB2779C}.Silverlight|x86.Build.0 = Release|x86
		{D8235B67-C700-4059-9686-5304C0850441}.Debug|Any CPU.ActiveCfg = Debug|Any CPU
		{D8235B67-C700-4059-9686-5304C0850441}.Debug|Any CPU.Build.0 = Debug|Any CPU
		{D8235B67-C700-4059-9686-5304C0850441}.Debug|x86.ActiveCfg = Debug|x86
		{D8235B67-C700-4059-9686-5304C0850441}.Debug|x86.Build.0 = Debug|x86
		{D8235B67-C700-4059-9686-5304C0850441}.Release|Any CPU.ActiveCfg = Release|Any CPU
		{D8235B67-C700-4059-9686-5304C0850441}.Release|Any CPU.Build.0 = Release|Any CPU
		{D8235B67-C700-4059-9686-5304C0850441}.Release|x86.ActiveCfg = Release|x86
		{D8235B67-C700-4059-9686-5304C0850441}.Release|x86.Build.0 = Release|x86
		{D8235B67-C700-4059-9686-5304C0850441}.Silverlight|Any CPU.ActiveCfg = Release|Any CPU
		{D8235B67-C700-4059-9686-5304C0850441}.Silverlight|Any CPU.Build.0 = Release|Any CPU
		{D8235B67-C700-4059-9686-5304C0850441}.Silverlight|x86.ActiveCfg = Release|x86
		{D8235B67-C700-4059-9686-5304C0850441}.Silverlight|x86.Build.0 = Release|x86
		{57F22D2A-2820-4702-A30E-7F8AE61E02A4}.Debug|Any CPU.ActiveCfg = Debug|Any CPU
		{57F22D2A-2820-4702-A30E-7F8AE61E02A4}.Debug|Any CPU.Build.0 = Debug|Any CPU
		{57F22D2A-2820-4702-A30E-7F8AE61E02A4}.Debug|x86.ActiveCfg = Debug|x86
		{57F22D2A-2820-4702-A30E-7F8AE61E02A4}.Debug|x86.Build.0 = Debug|x86
		{57F22D2A-2820-4702-A30E-7F8AE61E02A4}.Release|Any CPU.ActiveCfg = Release|Any CPU
		{57F22D2A-2820-4702-A30E-7F8AE61E02A4}.Release|Any CPU.Build.0 = Release|Any CPU
		{57F22D2A-2820-4702-A30E-7F8AE61E02A4}.Release|x86.ActiveCfg = Release|x86
		{57F22D2A-2820-4702-A30E-7F8AE61E02A4}.Release|x86.Build.0 = Release|x86
		{57F22D2A-2820-4702-A30E-7F8AE61E02A4}.Silverlight|Any CPU.ActiveCfg = Release|Any CPU
		{57F22D2A-2820-4702-A30E-7F8AE61E02A4}.Silverlight|Any CPU.Build.0 = Release|Any CPU
		{57F22D2A-2820-4702-A30E-7F8AE61E02A4}.Silverlight|x86.ActiveCfg = Release|x86
		{57F22D2A-2820-4702-A30E-7F8AE61E02A4}.Silverlight|x86.Build.0 = Release|x86
		{BCCE96F9-290C-4029-86FB-7E8342BC36C8}.Debug|Any CPU.ActiveCfg = Debug|Any CPU
		{BCCE96F9-290C-4029-86FB-7E8342BC36C8}.Debug|Any CPU.Build.0 = Debug|Any CPU
		{BCCE96F9-290C-4029-86FB-7E8342BC36C8}.Debug|x86.ActiveCfg = Debug|x86
		{BCCE96F9-290C-4029-86FB-7E8342BC36C8}.Debug|x86.Build.0 = Debug|x86
		{BCCE96F9-290C-4029-86FB-7E8342BC36C8}.Release|Any CPU.ActiveCfg = Release|Any CPU
		{BCCE96F9-290C-4029-86FB-7E8342BC36C8}.Release|Any CPU.Build.0 = Release|Any CPU
		{BCCE96F9-290C-4029-86FB-7E8342BC36C8}.Release|x86.ActiveCfg = Release|x86
		{BCCE96F9-290C-4029-86FB-7E8342BC36C8}.Release|x86.Build.0 = Release|x86
		{BCCE96F9-290C-4029-86FB-7E8342BC36C8}.Silverlight|Any CPU.ActiveCfg = Release|Any CPU
		{BCCE96F9-290C-4029-86FB-7E8342BC36C8}.Silverlight|Any CPU.Build.0 = Release|Any CPU
		{BCCE96F9-290C-4029-86FB-7E8342BC36C8}.Silverlight|x86.ActiveCfg = Release|x86
		{BCCE96F9-290C-4029-86FB-7E8342BC36C8}.Silverlight|x86.Build.0 = Release|x86
		{788927E1-AE6D-4145-BA84-C7A8F19D5900}.Debug|Any CPU.ActiveCfg = Debug|Any CPU
		{788927E1-AE6D-4145-BA84-C7A8F19D5900}.Debug|Any CPU.Build.0 = Debug|Any CPU
		{788927E1-AE6D-4145-BA84-C7A8F19D5900}.Debug|x86.ActiveCfg = Debug|x86
		{788927E1-AE6D-4145-BA84-C7A8F19D5900}.Debug|x86.Build.0 = Debug|x86
		{788927E1-AE6D-4145-BA84-C7A8F19D5900}.Release|Any CPU.ActiveCfg = Release|Any CPU
		{788927E1-AE6D-4145-BA84-C7A8F19D5900}.Release|Any CPU.Build.0 = Release|Any CPU
		{788927E1-AE6D-4145-BA84-C7A8F19D5900}.Release|x86.ActiveCfg = Release|x86
		{788927E1-AE6D-4145-BA84-C7A8F19D5900}.Release|x86.Build.0 = Release|x86
		{788927E1-AE6D-4145-BA84-C7A8F19D5900}.Silverlight|Any CPU.ActiveCfg = Release|Any CPU
		{788927E1-AE6D-4145-BA84-C7A8F19D5900}.Silverlight|Any CPU.Build.0 = Release|Any CPU
		{788927E1-AE6D-4145-BA84-C7A8F19D5900}.Silverlight|x86.ActiveCfg = Release|x86
		{788927E1-AE6D-4145-BA84-C7A8F19D5900}.Silverlight|x86.Build.0 = Release|x86
		{4793FB00-45E7-43CE-B76E-11DC9A54278B}.Debug|Any CPU.ActiveCfg = Debug|Any CPU
		{4793FB00-45E7-43CE-B76E-11DC9A54278B}.Debug|Any CPU.Build.0 = Debug|Any CPU
		{4793FB00-45E7-43CE-B76E-11DC9A54278B}.Debug|x86.ActiveCfg = Debug|x86
		{4793FB00-45E7-43CE-B76E-11DC9A54278B}.Debug|x86.Build.0 = Debug|x86
		{4793FB00-45E7-43CE-B76E-11DC9A54278B}.Release|Any CPU.ActiveCfg = Release|Any CPU
		{4793FB00-45E7-43CE-B76E-11DC9A54278B}.Release|Any CPU.Build.0 = Release|Any CPU
		{4793FB00-45E7-43CE-B76E-11DC9A54278B}.Release|x86.ActiveCfg = Release|x86
		{4793FB00-45E7-43CE-B76E-11DC9A54278B}.Release|x86.Build.0 = Release|x86
		{4793FB00-45E7-43CE-B76E-11DC9A54278B}.Silverlight|Any CPU.ActiveCfg = Release|Any CPU
		{4793FB00-45E7-43CE-B76E-11DC9A54278B}.Silverlight|Any CPU.Build.0 = Release|Any CPU
		{4793FB00-45E7-43CE-B76E-11DC9A54278B}.Silverlight|x86.ActiveCfg = Release|x86
		{4793FB00-45E7-43CE-B76E-11DC9A54278B}.Silverlight|x86.Build.0 = Release|x86
		{DD9F4772-2AE9-4A06-84A5-68256ADCD033}.Debug|Any CPU.ActiveCfg = Debug|Any CPU
		{DD9F4772-2AE9-4A06-84A5-68256ADCD033}.Debug|Any CPU.Build.0 = Debug|Any CPU
		{DD9F4772-2AE9-4A06-84A5-68256ADCD033}.Debug|x86.ActiveCfg = Debug|x86
		{DD9F4772-2AE9-4A06-84A5-68256ADCD033}.Debug|x86.Build.0 = Debug|x86
		{DD9F4772-2AE9-4A06-84A5-68256ADCD033}.Release|Any CPU.ActiveCfg = Release|Any CPU
		{DD9F4772-2AE9-4A06-84A5-68256ADCD033}.Release|Any CPU.Build.0 = Release|Any CPU
		{DD9F4772-2AE9-4A06-84A5-68256ADCD033}.Release|x86.ActiveCfg = Release|x86
		{DD9F4772-2AE9-4A06-84A5-68256ADCD033}.Release|x86.Build.0 = Release|x86
		{DD9F4772-2AE9-4A06-84A5-68256ADCD033}.Silverlight|Any CPU.ActiveCfg = Release|Any CPU
		{DD9F4772-2AE9-4A06-84A5-68256ADCD033}.Silverlight|Any CPU.Build.0 = Release|Any CPU
		{DD9F4772-2AE9-4A06-84A5-68256ADCD033}.Silverlight|x86.ActiveCfg = Release|x86
		{DD9F4772-2AE9-4A06-84A5-68256ADCD033}.Silverlight|x86.Build.0 = Release|x86
		{E9E14F7F-5BDF-47C3-9124-291D2A2C93A2}.Debug|Any CPU.ActiveCfg = Debug|Any CPU
		{E9E14F7F-5BDF-47C3-9124-291D2A2C93A2}.Debug|Any CPU.Build.0 = Debug|Any CPU
		{E9E14F7F-5BDF-47C3-9124-291D2A2C93A2}.Debug|x86.ActiveCfg = Debug|x86
		{E9E14F7F-5BDF-47C3-9124-291D2A2C93A2}.Debug|x86.Build.0 = Debug|x86
		{E9E14F7F-5BDF-47C3-9124-291D2A2C93A2}.Release|Any CPU.ActiveCfg = Release|Any CPU
		{E9E14F7F-5BDF-47C3-9124-291D2A2C93A2}.Release|Any CPU.Build.0 = Release|Any CPU
		{E9E14F7F-5BDF-47C3-9124-291D2A2C93A2}.Release|x86.ActiveCfg = Release|x86
		{E9E14F7F-5BDF-47C3-9124-291D2A2C93A2}.Release|x86.Build.0 = Release|x86
		{E9E14F7F-5BDF-47C3-9124-291D2A2C93A2}.Silverlight|Any CPU.ActiveCfg = Release|Any CPU
		{E9E14F7F-5BDF-47C3-9124-291D2A2C93A2}.Silverlight|Any CPU.Build.0 = Release|Any CPU
		{E9E14F7F-5BDF-47C3-9124-291D2A2C93A2}.Silverlight|x86.ActiveCfg = Release|x86
		{E9E14F7F-5BDF-47C3-9124-291D2A2C93A2}.Silverlight|x86.Build.0 = Release|x86
		{1C37AA26-4BB1-4BD0-8E4D-0C6ADFB45C20}.Debug|Any CPU.ActiveCfg = Debug|Any CPU
		{1C37AA26-4BB1-4BD0-8E4D-0C6ADFB45C20}.Debug|Any CPU.Build.0 = Debug|Any CPU
		{1C37AA26-4BB1-4BD0-8E4D-0C6ADFB45C20}.Debug|x86.ActiveCfg = Debug|x86
		{1C37AA26-4BB1-4BD0-8E4D-0C6ADFB45C20}.Debug|x86.Build.0 = Debug|x86
		{1C37AA26-4BB1-4BD0-8E4D-0C6ADFB45C20}.Release|Any CPU.ActiveCfg = Release|Any CPU
		{1C37AA26-4BB1-4BD0-8E4D-0C6ADFB45C20}.Release|Any CPU.Build.0 = Release|Any CPU
		{1C37AA26-4BB1-4BD0-8E4D-0C6ADFB45C20}.Release|x86.ActiveCfg = Release|x86
		{1C37AA26-4BB1-4BD0-8E4D-0C6ADFB45C20}.Release|x86.Build.0 = Release|x86
		{1C37AA26-4BB1-4BD0-8E4D-0C6ADFB45C20}.Silverlight|Any CPU.ActiveCfg = Release|Any CPU
		{1C37AA26-4BB1-4BD0-8E4D-0C6ADFB45C20}.Silverlight|Any CPU.Build.0 = Release|Any CPU
		{1C37AA26-4BB1-4BD0-8E4D-0C6ADFB45C20}.Silverlight|x86.ActiveCfg = Release|x86
		{1C37AA26-4BB1-4BD0-8E4D-0C6ADFB45C20}.Silverlight|x86.Build.0 = Release|x86
		{F85933CC-06B4-4A14-BBCE-813080FBF996}.Debug|Any CPU.ActiveCfg = Debug|Any CPU
		{F85933CC-06B4-4A14-BBCE-813080FBF996}.Debug|Any CPU.Build.0 = Debug|Any CPU
		{F85933CC-06B4-4A14-BBCE-813080FBF996}.Debug|x86.ActiveCfg = Debug|x86
		{F85933CC-06B4-4A14-BBCE-813080FBF996}.Debug|x86.Build.0 = Debug|x86
		{F85933CC-06B4-4A14-BBCE-813080FBF996}.Release|Any CPU.ActiveCfg = Release|Any CPU
		{F85933CC-06B4-4A14-BBCE-813080FBF996}.Release|Any CPU.Build.0 = Release|Any CPU
		{F85933CC-06B4-4A14-BBCE-813080FBF996}.Release|x86.ActiveCfg = Release|x86
		{F85933CC-06B4-4A14-BBCE-813080FBF996}.Release|x86.Build.0 = Release|x86
		{F85933CC-06B4-4A14-BBCE-813080FBF996}.Silverlight|Any CPU.ActiveCfg = Release|Any CPU
		{F85933CC-06B4-4A14-BBCE-813080FBF996}.Silverlight|Any CPU.Build.0 = Release|Any CPU
		{F85933CC-06B4-4A14-BBCE-813080FBF996}.Silverlight|x86.ActiveCfg = Release|x86
		{F85933CC-06B4-4A14-BBCE-813080FBF996}.Silverlight|x86.Build.0 = Release|x86
		{336E7767-CABC-4560-9E9F-52A990B4C63B}.Debug|Any CPU.ActiveCfg = Debug|Any CPU
		{336E7767-CABC-4560-9E9F-52A990B4C63B}.Debug|Any CPU.Build.0 = Debug|Any CPU
		{336E7767-CABC-4560-9E9F-52A990B4C63B}.Debug|x86.ActiveCfg = Debug|x86
		{336E7767-CABC-4560-9E9F-52A990B4C63B}.Debug|x86.Build.0 = Debug|x86
		{336E7767-CABC-4560-9E9F-52A990B4C63B}.Release|Any CPU.ActiveCfg = Release|Any CPU
		{336E7767-CABC-4560-9E9F-52A990B4C63B}.Release|Any CPU.Build.0 = Release|Any CPU
		{336E7767-CABC-4560-9E9F-52A990B4C63B}.Release|x86.ActiveCfg = Release|x86
		{336E7767-CABC-4560-9E9F-52A990B4C63B}.Release|x86.Build.0 = Release|x86
		{336E7767-CABC-4560-9E9F-52A990B4C63B}.Silverlight|Any CPU.ActiveCfg = Release|Any CPU
		{336E7767-CABC-4560-9E9F-52A990B4C63B}.Silverlight|Any CPU.Build.0 = Release|Any CPU
		{336E7767-CABC-4560-9E9F-52A990B4C63B}.Silverlight|x86.ActiveCfg = Release|x86
		{336E7767-CABC-4560-9E9F-52A990B4C63B}.Silverlight|x86.Build.0 = Release|x86
		{D192B0DA-A62F-4923-8E25-0995C7F3B086}.Debug|Any CPU.ActiveCfg = Debug|Any CPU
		{D192B0DA-A62F-4923-8E25-0995C7F3B086}.Debug|Any CPU.Build.0 = Debug|Any CPU
		{D192B0DA-A62F-4923-8E25-0995C7F3B086}.Debug|x86.ActiveCfg = Debug|x86
		{D192B0DA-A62F-4923-8E25-0995C7F3B086}.Debug|x86.Build.0 = Debug|x86
		{D192B0DA-A62F-4923-8E25-0995C7F3B086}.Release|Any CPU.ActiveCfg = Release|Any CPU
		{D192B0DA-A62F-4923-8E25-0995C7F3B086}.Release|Any CPU.Build.0 = Release|Any CPU
		{D192B0DA-A62F-4923-8E25-0995C7F3B086}.Release|x86.ActiveCfg = Release|x86
		{D192B0DA-A62F-4923-8E25-0995C7F3B086}.Release|x86.Build.0 = Release|x86
		{D192B0DA-A62F-4923-8E25-0995C7F3B086}.Silverlight|Any CPU.ActiveCfg = Release|Any CPU
		{D192B0DA-A62F-4923-8E25-0995C7F3B086}.Silverlight|Any CPU.Build.0 = Release|Any CPU
		{D192B0DA-A62F-4923-8E25-0995C7F3B086}.Silverlight|x86.ActiveCfg = Release|x86
		{D192B0DA-A62F-4923-8E25-0995C7F3B086}.Silverlight|x86.Build.0 = Release|x86
		{7F14113F-B290-412C-A21C-0C9E66C78C1C}.Debug|Any CPU.ActiveCfg = Debug|Any CPU
		{7F14113F-B290-412C-A21C-0C9E66C78C1C}.Debug|Any CPU.Build.0 = Debug|Any CPU
		{7F14113F-B290-412C-A21C-0C9E66C78C1C}.Debug|x86.ActiveCfg = Debug|x86
		{7F14113F-B290-412C-A21C-0C9E66C78C1C}.Debug|x86.Build.0 = Debug|x86
		{7F14113F-B290-412C-A21C-0C9E66C78C1C}.Release|Any CPU.ActiveCfg = Release|Any CPU
		{7F14113F-B290-412C-A21C-0C9E66C78C1C}.Release|Any CPU.Build.0 = Release|Any CPU
		{7F14113F-B290-412C-A21C-0C9E66C78C1C}.Release|x86.ActiveCfg = Release|x86
		{7F14113F-B290-412C-A21C-0C9E66C78C1C}.Release|x86.Build.0 = Release|x86
		{7F14113F-B290-412C-A21C-0C9E66C78C1C}.Silverlight|Any CPU.ActiveCfg = Release|Any CPU
		{7F14113F-B290-412C-A21C-0C9E66C78C1C}.Silverlight|Any CPU.Build.0 = Release|Any CPU
		{7F14113F-B290-412C-A21C-0C9E66C78C1C}.Silverlight|x86.ActiveCfg = Release|x86
		{7F14113F-B290-412C-A21C-0C9E66C78C1C}.Silverlight|x86.Build.0 = Release|x86
		{9DF8DBDE-6558-43A0-B8D1-67F856BFC02F}.Debug|Any CPU.ActiveCfg = Debug|Any CPU
		{9DF8DBDE-6558-43A0-B8D1-67F856BFC02F}.Debug|Any CPU.Build.0 = Debug|Any CPU
		{9DF8DBDE-6558-43A0-B8D1-67F856BFC02F}.Debug|x86.ActiveCfg = Debug|x86
		{9DF8DBDE-6558-43A0-B8D1-67F856BFC02F}.Debug|x86.Build.0 = Debug|x86
		{9DF8DBDE-6558-43A0-B8D1-67F856BFC02F}.Release|Any CPU.ActiveCfg = Release|Any CPU
		{9DF8DBDE-6558-43A0-B8D1-67F856BFC02F}.Release|Any CPU.Build.0 = Release|Any CPU
		{9DF8DBDE-6558-43A0-B8D1-67F856BFC02F}.Release|x86.ActiveCfg = Release|x86
		{9DF8DBDE-6558-43A0-B8D1-67F856BFC02F}.Release|x86.Build.0 = Release|x86
		{9DF8DBDE-6558-43A0-B8D1-67F856BFC02F}.Silverlight|Any CPU.ActiveCfg = Release|Any CPU
		{9DF8DBDE-6558-43A0-B8D1-67F856BFC02F}.Silverlight|Any CPU.Build.0 = Release|Any CPU
		{9DF8DBDE-6558-43A0-B8D1-67F856BFC02F}.Silverlight|x86.ActiveCfg = Release|x86
		{9DF8DBDE-6558-43A0-B8D1-67F856BFC02F}.Silverlight|x86.Build.0 = Release|x86
		{5117154C-EAE8-492F-B7A9-FC3574359012}.Debug|Any CPU.ActiveCfg = Debug|Any CPU
		{5117154C-EAE8-492F-B7A9-FC3574359012}.Debug|Any CPU.Build.0 = Debug|Any CPU
		{5117154C-EAE8-492F-B7A9-FC3574359012}.Debug|x86.ActiveCfg = Debug|x86
		{5117154C-EAE8-492F-B7A9-FC3574359012}.Debug|x86.Build.0 = Debug|x86
		{5117154C-EAE8-492F-B7A9-FC3574359012}.Release|Any CPU.ActiveCfg = Release|Any CPU
		{5117154C-EAE8-492F-B7A9-FC3574359012}.Release|Any CPU.Build.0 = Release|Any CPU
		{5117154C-EAE8-492F-B7A9-FC3574359012}.Release|x86.ActiveCfg = Release|x86
		{5117154C-EAE8-492F-B7A9-FC3574359012}.Release|x86.Build.0 = Release|x86
		{5117154C-EAE8-492F-B7A9-FC3574359012}.Silverlight|Any CPU.ActiveCfg = Release|Any CPU
		{5117154C-EAE8-492F-B7A9-FC3574359012}.Silverlight|Any CPU.Build.0 = Release|Any CPU
		{5117154C-EAE8-492F-B7A9-FC3574359012}.Silverlight|x86.ActiveCfg = Release|x86
		{5117154C-EAE8-492F-B7A9-FC3574359012}.Silverlight|x86.Build.0 = Release|x86
		{96F783DE-11D7-426F-8CC6-5990523DA8CB}.Debug|Any CPU.ActiveCfg = Debug|Any CPU
		{96F783DE-11D7-426F-8CC6-5990523DA8CB}.Debug|Any CPU.Build.0 = Debug|Any CPU
		{96F783DE-11D7-426F-8CC6-5990523DA8CB}.Debug|x86.ActiveCfg = Debug|x86
		{96F783DE-11D7-426F-8CC6-5990523DA8CB}.Debug|x86.Build.0 = Debug|x86
		{96F783DE-11D7-426F-8CC6-5990523DA8CB}.Release|Any CPU.ActiveCfg = Release|Any CPU
		{96F783DE-11D7-426F-8CC6-5990523DA8CB}.Release|Any CPU.Build.0 = Release|Any CPU
		{96F783DE-11D7-426F-8CC6-5990523DA8CB}.Release|x86.ActiveCfg = Release|x86
		{96F783DE-11D7-426F-8CC6-5990523DA8CB}.Release|x86.Build.0 = Release|x86
		{96F783DE-11D7-426F-8CC6-5990523DA8CB}.Silverlight|Any CPU.ActiveCfg = Release|Any CPU
		{96F783DE-11D7-426F-8CC6-5990523DA8CB}.Silverlight|Any CPU.Build.0 = Release|Any CPU
		{96F783DE-11D7-426F-8CC6-5990523DA8CB}.Silverlight|x86.ActiveCfg = Release|x86
		{96F783DE-11D7-426F-8CC6-5990523DA8CB}.Silverlight|x86.Build.0 = Release|x86
		{FCE292F8-F587-4E9A-9277-1DC467E115B9}.Debug|Any CPU.ActiveCfg = Debug|Any CPU
		{FCE292F8-F587-4E9A-9277-1DC467E115B9}.Debug|Any CPU.Build.0 = Debug|Any CPU
		{FCE292F8-F587-4E9A-9277-1DC467E115B9}.Debug|x86.ActiveCfg = Debug|x86
		{FCE292F8-F587-4E9A-9277-1DC467E115B9}.Debug|x86.Build.0 = Debug|x86
		{FCE292F8-F587-4E9A-9277-1DC467E115B9}.Release|Any CPU.ActiveCfg = Release|Any CPU
		{FCE292F8-F587-4E9A-9277-1DC467E115B9}.Release|Any CPU.Build.0 = Release|Any CPU
		{FCE292F8-F587-4E9A-9277-1DC467E115B9}.Release|x86.ActiveCfg = Release|x86
		{FCE292F8-F587-4E9A-9277-1DC467E115B9}.Release|x86.Build.0 = Release|x86
		{FCE292F8-F587-4E9A-9277-1DC467E115B9}.Silverlight|Any CPU.ActiveCfg = Release|Any CPU
		{FCE292F8-F587-4E9A-9277-1DC467E115B9}.Silverlight|Any CPU.Build.0 = Release|Any CPU
		{FCE292F8-F587-4E9A-9277-1DC467E115B9}.Silverlight|x86.ActiveCfg = Release|x86
		{FCE292F8-F587-4E9A-9277-1DC467E115B9}.Silverlight|x86.Build.0 = Release|x86
		{F102E919-8749-4D03-A58A-665C34F6C81C}.Debug|Any CPU.ActiveCfg = Debug|Any CPU
		{F102E919-8749-4D03-A58A-665C34F6C81C}.Debug|Any CPU.Build.0 = Debug|Any CPU
		{F102E919-8749-4D03-A58A-665C34F6C81C}.Debug|x86.ActiveCfg = Debug|x86
		{F102E919-8749-4D03-A58A-665C34F6C81C}.Debug|x86.Build.0 = Debug|x86
		{F102E919-8749-4D03-A58A-665C34F6C81C}.Release|Any CPU.ActiveCfg = Release|Any CPU
		{F102E919-8749-4D03-A58A-665C34F6C81C}.Release|Any CPU.Build.0 = Release|Any CPU
		{F102E919-8749-4D03-A58A-665C34F6C81C}.Release|x86.ActiveCfg = Release|x86
		{F102E919-8749-4D03-A58A-665C34F6C81C}.Release|x86.Build.0 = Release|x86
		{F102E919-8749-4D03-A58A-665C34F6C81C}.Silverlight|Any CPU.ActiveCfg = Release|Any CPU
		{F102E919-8749-4D03-A58A-665C34F6C81C}.Silverlight|Any CPU.Build.0 = Release|Any CPU
		{F102E919-8749-4D03-A58A-665C34F6C81C}.Silverlight|x86.ActiveCfg = Release|x86
		{F102E919-8749-4D03-A58A-665C34F6C81C}.Silverlight|x86.Build.0 = Release|x86
		{0EC33D31-0D5F-4B22-B410-58111D3206C0}.Debug|Any CPU.ActiveCfg = Debug|Any CPU
		{0EC33D31-0D5F-4B22-B410-58111D3206C0}.Debug|Any CPU.Build.0 = Debug|Any CPU
		{0EC33D31-0D5F-4B22-B410-58111D3206C0}.Debug|x86.ActiveCfg = Debug|x86
		{0EC33D31-0D5F-4B22-B410-58111D3206C0}.Debug|x86.Build.0 = Debug|x86
		{0EC33D31-0D5F-4B22-B410-58111D3206C0}.Release|Any CPU.ActiveCfg = Release|Any CPU
		{0EC33D31-0D5F-4B22-B410-58111D3206C0}.Release|Any CPU.Build.0 = Release|Any CPU
		{0EC33D31-0D5F-4B22-B410-58111D3206C0}.Release|x86.ActiveCfg = Release|x86
		{0EC33D31-0D5F-4B22-B410-58111D3206C0}.Release|x86.Build.0 = Release|x86
		{0EC33D31-0D5F-4B22-B410-58111D3206C0}.Silverlight|Any CPU.ActiveCfg = Release|Any CPU
		{0EC33D31-0D5F-4B22-B410-58111D3206C0}.Silverlight|Any CPU.Build.0 = Release|Any CPU
		{0EC33D31-0D5F-4B22-B410-58111D3206C0}.Silverlight|x86.ActiveCfg = Release|x86
		{0EC33D31-0D5F-4B22-B410-58111D3206C0}.Silverlight|x86.Build.0 = Release|x86
		{65F37A9B-FC95-4063-8855-A7DE618E939E}.Debug|Any CPU.ActiveCfg = Debug|Any CPU
		{65F37A9B-FC95-4063-8855-A7DE618E939E}.Debug|Any CPU.Build.0 = Debug|Any CPU
		{65F37A9B-FC95-4063-8855-A7DE618E939E}.Debug|x86.ActiveCfg = Debug|x86
		{65F37A9B-FC95-4063-8855-A7DE618E939E}.Debug|x86.Build.0 = Debug|x86
		{65F37A9B-FC95-4063-8855-A7DE618E939E}.Release|Any CPU.ActiveCfg = Release|Any CPU
		{65F37A9B-FC95-4063-8855-A7DE618E939E}.Release|Any CPU.Build.0 = Release|Any CPU
		{65F37A9B-FC95-4063-8855-A7DE618E939E}.Release|x86.ActiveCfg = Release|x86
		{65F37A9B-FC95-4063-8855-A7DE618E939E}.Release|x86.Build.0 = Release|x86
		{65F37A9B-FC95-4063-8855-A7DE618E939E}.Silverlight|Any CPU.ActiveCfg = Release|Any CPU
		{65F37A9B-FC95-4063-8855-A7DE618E939E}.Silverlight|Any CPU.Build.0 = Release|Any CPU
		{65F37A9B-FC95-4063-8855-A7DE618E939E}.Silverlight|x86.ActiveCfg = Release|x86
		{65F37A9B-FC95-4063-8855-A7DE618E939E}.Silverlight|x86.Build.0 = Release|x86
		{91CE9107-5F8B-4D1A-BBDE-AEBEFFA56FBC}.Debug|Any CPU.ActiveCfg = Debug|Any CPU
		{91CE9107-5F8B-4D1A-BBDE-AEBEFFA56FBC}.Debug|Any CPU.Build.0 = Debug|Any CPU
		{91CE9107-5F8B-4D1A-BBDE-AEBEFFA56FBC}.Debug|x86.ActiveCfg = Debug|x86
		{91CE9107-5F8B-4D1A-BBDE-AEBEFFA56FBC}.Debug|x86.Build.0 = Debug|x86
		{91CE9107-5F8B-4D1A-BBDE-AEBEFFA56FBC}.Release|Any CPU.ActiveCfg = Release|Any CPU
		{91CE9107-5F8B-4D1A-BBDE-AEBEFFA56FBC}.Release|Any CPU.Build.0 = Release|Any CPU
		{91CE9107-5F8B-4D1A-BBDE-AEBEFFA56FBC}.Release|x86.ActiveCfg = Release|x86
		{91CE9107-5F8B-4D1A-BBDE-AEBEFFA56FBC}.Release|x86.Build.0 = Release|x86
		{91CE9107-5F8B-4D1A-BBDE-AEBEFFA56FBC}.Silverlight|Any CPU.ActiveCfg = Release|Any CPU
		{91CE9107-5F8B-4D1A-BBDE-AEBEFFA56FBC}.Silverlight|Any CPU.Build.0 = Release|Any CPU
		{91CE9107-5F8B-4D1A-BBDE-AEBEFFA56FBC}.Silverlight|x86.ActiveCfg = Release|x86
		{91CE9107-5F8B-4D1A-BBDE-AEBEFFA56FBC}.Silverlight|x86.Build.0 = Release|x86
		{FA8DE780-D37F-4A0C-99E7-CEE33C3B0F2C}.Debug|Any CPU.ActiveCfg = Debug|Any CPU
		{FA8DE780-D37F-4A0C-99E7-CEE33C3B0F2C}.Debug|Any CPU.Build.0 = Debug|Any CPU
		{FA8DE780-D37F-4A0C-99E7-CEE33C3B0F2C}.Debug|x86.ActiveCfg = Debug|x86
		{FA8DE780-D37F-4A0C-99E7-CEE33C3B0F2C}.Debug|x86.Build.0 = Debug|x86
		{FA8DE780-D37F-4A0C-99E7-CEE33C3B0F2C}.Release|Any CPU.ActiveCfg = Release|Any CPU
		{FA8DE780-D37F-4A0C-99E7-CEE33C3B0F2C}.Release|Any CPU.Build.0 = Release|Any CPU
		{FA8DE780-D37F-4A0C-99E7-CEE33C3B0F2C}.Release|x86.ActiveCfg = Release|x86
		{FA8DE780-D37F-4A0C-99E7-CEE33C3B0F2C}.Release|x86.Build.0 = Release|x86
		{FA8DE780-D37F-4A0C-99E7-CEE33C3B0F2C}.Silverlight|Any CPU.ActiveCfg = Release|Any CPU
		{FA8DE780-D37F-4A0C-99E7-CEE33C3B0F2C}.Silverlight|Any CPU.Build.0 = Release|Any CPU
		{FA8DE780-D37F-4A0C-99E7-CEE33C3B0F2C}.Silverlight|x86.ActiveCfg = Release|x86
		{FA8DE780-D37F-4A0C-99E7-CEE33C3B0F2C}.Silverlight|x86.Build.0 = Release|x86
		{7D344DE3-110E-4E52-8BA3-BC7DF45D829F}.Debug|Any CPU.ActiveCfg = Debug|Any CPU
		{7D344DE3-110E-4E52-8BA3-BC7DF45D829F}.Debug|Any CPU.Build.0 = Debug|Any CPU
		{7D344DE3-110E-4E52-8BA3-BC7DF45D829F}.Debug|x86.ActiveCfg = Debug|x86
		{7D344DE3-110E-4E52-8BA3-BC7DF45D829F}.Debug|x86.Build.0 = Debug|x86
		{7D344DE3-110E-4E52-8BA3-BC7DF45D829F}.Release|Any CPU.ActiveCfg = Release|Any CPU
		{7D344DE3-110E-4E52-8BA3-BC7DF45D829F}.Release|Any CPU.Build.0 = Release|Any CPU
		{7D344DE3-110E-4E52-8BA3-BC7DF45D829F}.Release|x86.ActiveCfg = Release|x86
		{7D344DE3-110E-4E52-8BA3-BC7DF45D829F}.Release|x86.Build.0 = Release|x86
		{7D344DE3-110E-4E52-8BA3-BC7DF45D829F}.Silverlight|Any CPU.ActiveCfg = Release|Any CPU
		{7D344DE3-110E-4E52-8BA3-BC7DF45D829F}.Silverlight|Any CPU.Build.0 = Release|Any CPU
		{7D344DE3-110E-4E52-8BA3-BC7DF45D829F}.Silverlight|x86.ActiveCfg = Release|x86
		{7D344DE3-110E-4E52-8BA3-BC7DF45D829F}.Silverlight|x86.Build.0 = Release|x86
		{E965EEE2-B190-4D2B-90B0-2E7F94B01665}.Debug|Any CPU.ActiveCfg = Debug|Any CPU
		{E965EEE2-B190-4D2B-90B0-2E7F94B01665}.Debug|Any CPU.Build.0 = Debug|Any CPU
		{E965EEE2-B190-4D2B-90B0-2E7F94B01665}.Debug|x86.ActiveCfg = Debug|x86
		{E965EEE2-B190-4D2B-90B0-2E7F94B01665}.Debug|x86.Build.0 = Debug|x86
		{E965EEE2-B190-4D2B-90B0-2E7F94B01665}.Release|Any CPU.ActiveCfg = Release|Any CPU
		{E965EEE2-B190-4D2B-90B0-2E7F94B01665}.Release|Any CPU.Build.0 = Release|Any CPU
		{E965EEE2-B190-4D2B-90B0-2E7F94B01665}.Release|x86.ActiveCfg = Release|x86
		{E965EEE2-B190-4D2B-90B0-2E7F94B01665}.Release|x86.Build.0 = Release|x86
		{E965EEE2-B190-4D2B-90B0-2E7F94B01665}.Silverlight|Any CPU.ActiveCfg = Release|Any CPU
		{E965EEE2-B190-4D2B-90B0-2E7F94B01665}.Silverlight|Any CPU.Build.0 = Release|Any CPU
		{E965EEE2-B190-4D2B-90B0-2E7F94B01665}.Silverlight|x86.ActiveCfg = Release|x86
		{E965EEE2-B190-4D2B-90B0-2E7F94B01665}.Silverlight|x86.Build.0 = Release|x86
		{C1527D38-4E50-4649-8188-5742A1FB08AC}.Debug|Any CPU.ActiveCfg = Debug|Any CPU
		{C1527D38-4E50-4649-8188-5742A1FB08AC}.Debug|Any CPU.Build.0 = Debug|Any CPU
		{C1527D38-4E50-4649-8188-5742A1FB08AC}.Debug|x86.ActiveCfg = Debug|x86
		{C1527D38-4E50-4649-8188-5742A1FB08AC}.Debug|x86.Build.0 = Debug|x86
		{C1527D38-4E50-4649-8188-5742A1FB08AC}.Release|Any CPU.ActiveCfg = Release|Any CPU
		{C1527D38-4E50-4649-8188-5742A1FB08AC}.Release|Any CPU.Build.0 = Release|Any CPU
		{C1527D38-4E50-4649-8188-5742A1FB08AC}.Release|x86.ActiveCfg = Release|x86
		{C1527D38-4E50-4649-8188-5742A1FB08AC}.Release|x86.Build.0 = Release|x86
		{C1527D38-4E50-4649-8188-5742A1FB08AC}.Silverlight|Any CPU.ActiveCfg = Release|Any CPU
		{C1527D38-4E50-4649-8188-5742A1FB08AC}.Silverlight|Any CPU.Build.0 = Release|Any CPU
		{C1527D38-4E50-4649-8188-5742A1FB08AC}.Silverlight|x86.ActiveCfg = Release|x86
		{C1527D38-4E50-4649-8188-5742A1FB08AC}.Silverlight|x86.Build.0 = Release|x86
		{722BF84A-3B40-47B6-909A-2AC4CA45D3FC}.Debug|Any CPU.ActiveCfg = Debug|Any CPU
		{722BF84A-3B40-47B6-909A-2AC4CA45D3FC}.Debug|Any CPU.Build.0 = Debug|Any CPU
		{722BF84A-3B40-47B6-909A-2AC4CA45D3FC}.Debug|x86.ActiveCfg = Debug|x86
		{722BF84A-3B40-47B6-909A-2AC4CA45D3FC}.Debug|x86.Build.0 = Debug|x86
		{722BF84A-3B40-47B6-909A-2AC4CA45D3FC}.Release|Any CPU.ActiveCfg = Release|Any CPU
		{722BF84A-3B40-47B6-909A-2AC4CA45D3FC}.Release|Any CPU.Build.0 = Release|Any CPU
		{722BF84A-3B40-47B6-909A-2AC4CA45D3FC}.Release|x86.ActiveCfg = Release|x86
		{722BF84A-3B40-47B6-909A-2AC4CA45D3FC}.Release|x86.Build.0 = Release|x86
		{722BF84A-3B40-47B6-909A-2AC4CA45D3FC}.Silverlight|Any CPU.ActiveCfg = Release|Any CPU
		{722BF84A-3B40-47B6-909A-2AC4CA45D3FC}.Silverlight|Any CPU.Build.0 = Release|Any CPU
		{722BF84A-3B40-47B6-909A-2AC4CA45D3FC}.Silverlight|x86.ActiveCfg = Release|x86
		{722BF84A-3B40-47B6-909A-2AC4CA45D3FC}.Silverlight|x86.Build.0 = Release|x86
		{9BB1BFDA-5A8D-468B-9C42-A053FC24F908}.Debug|Any CPU.ActiveCfg = Debug|Any CPU
		{9BB1BFDA-5A8D-468B-9C42-A053FC24F908}.Debug|Any CPU.Build.0 = Debug|Any CPU
		{9BB1BFDA-5A8D-468B-9C42-A053FC24F908}.Debug|x86.ActiveCfg = Debug|x86
		{9BB1BFDA-5A8D-468B-9C42-A053FC24F908}.Debug|x86.Build.0 = Debug|x86
		{9BB1BFDA-5A8D-468B-9C42-A053FC24F908}.Release|Any CPU.ActiveCfg = Release|Any CPU
		{9BB1BFDA-5A8D-468B-9C42-A053FC24F908}.Release|Any CPU.Build.0 = Release|Any CPU
		{9BB1BFDA-5A8D-468B-9C42-A053FC24F908}.Release|x86.ActiveCfg = Release|x86
		{9BB1BFDA-5A8D-468B-9C42-A053FC24F908}.Release|x86.Build.0 = Release|x86
		{9BB1BFDA-5A8D-468B-9C42-A053FC24F908}.Silverlight|Any CPU.ActiveCfg = Release|Any CPU
		{9BB1BFDA-5A8D-468B-9C42-A053FC24F908}.Silverlight|Any CPU.Build.0 = Release|Any CPU
		{9BB1BFDA-5A8D-468B-9C42-A053FC24F908}.Silverlight|x86.ActiveCfg = Release|x86
		{9BB1BFDA-5A8D-468B-9C42-A053FC24F908}.Silverlight|x86.Build.0 = Release|x86
		{A1861304-5984-4CBD-B674-C358EF13D9CB}.Debug|Any CPU.ActiveCfg = Debug|Any CPU
		{A1861304-5984-4CBD-B674-C358EF13D9CB}.Debug|Any CPU.Build.0 = Debug|Any CPU
		{A1861304-5984-4CBD-B674-C358EF13D9CB}.Debug|x86.ActiveCfg = Debug|x86
		{A1861304-5984-4CBD-B674-C358EF13D9CB}.Debug|x86.Build.0 = Debug|x86
		{A1861304-5984-4CBD-B674-C358EF13D9CB}.Release|Any CPU.ActiveCfg = Release|Any CPU
		{A1861304-5984-4CBD-B674-C358EF13D9CB}.Release|Any CPU.Build.0 = Release|Any CPU
		{A1861304-5984-4CBD-B674-C358EF13D9CB}.Release|x86.ActiveCfg = Release|x86
		{A1861304-5984-4CBD-B674-C358EF13D9CB}.Release|x86.Build.0 = Release|x86
		{A1861304-5984-4CBD-B674-C358EF13D9CB}.Silverlight|Any CPU.ActiveCfg = Release|Any CPU
		{A1861304-5984-4CBD-B674-C358EF13D9CB}.Silverlight|Any CPU.Build.0 = Release|Any CPU
		{A1861304-5984-4CBD-B674-C358EF13D9CB}.Silverlight|x86.ActiveCfg = Release|x86
		{A1861304-5984-4CBD-B674-C358EF13D9CB}.Silverlight|x86.Build.0 = Release|x86
		{FE36490D-3C69-46FA-B7FC-22C7909B4CF3}.Debug|Any CPU.ActiveCfg = Debug|Any CPU
		{FE36490D-3C69-46FA-B7FC-22C7909B4CF3}.Debug|Any CPU.Build.0 = Debug|Any CPU
		{FE36490D-3C69-46FA-B7FC-22C7909B4CF3}.Debug|x86.ActiveCfg = Debug|x86
		{FE36490D-3C69-46FA-B7FC-22C7909B4CF3}.Debug|x86.Build.0 = Debug|x86
		{FE36490D-3C69-46FA-B7FC-22C7909B4CF3}.Release|Any CPU.ActiveCfg = Release|Any CPU
		{FE36490D-3C69-46FA-B7FC-22C7909B4CF3}.Release|Any CPU.Build.0 = Release|Any CPU
		{FE36490D-3C69-46FA-B7FC-22C7909B4CF3}.Release|x86.ActiveCfg = Release|x86
		{FE36490D-3C69-46FA-B7FC-22C7909B4CF3}.Release|x86.Build.0 = Release|x86
		{FE36490D-3C69-46FA-B7FC-22C7909B4CF3}.Silverlight|Any CPU.ActiveCfg = Release|Any CPU
		{FE36490D-3C69-46FA-B7FC-22C7909B4CF3}.Silverlight|Any CPU.Build.0 = Release|Any CPU
		{FE36490D-3C69-46FA-B7FC-22C7909B4CF3}.Silverlight|x86.ActiveCfg = Release|x86
		{FE36490D-3C69-46FA-B7FC-22C7909B4CF3}.Silverlight|x86.Build.0 = Release|x86
		{AEB55F8D-A106-4553-B6FF-8634B2CFC302}.Debug|Any CPU.ActiveCfg = Debug|Any CPU
		{AEB55F8D-A106-4553-B6FF-8634B2CFC302}.Debug|Any CPU.Build.0 = Debug|Any CPU
		{AEB55F8D-A106-4553-B6FF-8634B2CFC302}.Debug|x86.ActiveCfg = Debug|x86
		{AEB55F8D-A106-4553-B6FF-8634B2CFC302}.Debug|x86.Build.0 = Debug|x86
		{AEB55F8D-A106-4553-B6FF-8634B2CFC302}.Release|Any CPU.ActiveCfg = Release|Any CPU
		{AEB55F8D-A106-4553-B6FF-8634B2CFC302}.Release|Any CPU.Build.0 = Release|Any CPU
		{AEB55F8D-A106-4553-B6FF-8634B2CFC302}.Release|x86.ActiveCfg = Release|x86
		{AEB55F8D-A106-4553-B6FF-8634B2CFC302}.Release|x86.Build.0 = Release|x86
		{AEB55F8D-A106-4553-B6FF-8634B2CFC302}.Silverlight|Any CPU.ActiveCfg = Release|Any CPU
		{AEB55F8D-A106-4553-B6FF-8634B2CFC302}.Silverlight|Any CPU.Build.0 = Release|Any CPU
		{AEB55F8D-A106-4553-B6FF-8634B2CFC302}.Silverlight|x86.ActiveCfg = Release|x86
		{AEB55F8D-A106-4553-B6FF-8634B2CFC302}.Silverlight|x86.Build.0 = Release|x86
		{129BD423-C0A9-48EE-9CAF-E8C483688F4D}.Debug|Any CPU.ActiveCfg = Debug|Any CPU
		{129BD423-C0A9-48EE-9CAF-E8C483688F4D}.Debug|Any CPU.Build.0 = Debug|Any CPU
		{129BD423-C0A9-48EE-9CAF-E8C483688F4D}.Debug|x86.ActiveCfg = Debug|Any CPU
		{129BD423-C0A9-48EE-9CAF-E8C483688F4D}.Release|Any CPU.ActiveCfg = Release|Any CPU
		{129BD423-C0A9-48EE-9CAF-E8C483688F4D}.Release|Any CPU.Build.0 = Release|Any CPU
		{129BD423-C0A9-48EE-9CAF-E8C483688F4D}.Release|x86.ActiveCfg = Release|Any CPU
		{129BD423-C0A9-48EE-9CAF-E8C483688F4D}.Silverlight|Any CPU.ActiveCfg = Release|Any CPU
		{129BD423-C0A9-48EE-9CAF-E8C483688F4D}.Silverlight|Any CPU.Build.0 = Release|Any CPU
		{129BD423-C0A9-48EE-9CAF-E8C483688F4D}.Silverlight|x86.ActiveCfg = Release|Any CPU
		{14D863DD-0E23-44F8-B886-27C3B8E78939}.Debug|Any CPU.ActiveCfg = Debug|Any CPU
		{14D863DD-0E23-44F8-B886-27C3B8E78939}.Debug|Any CPU.Build.0 = Debug|Any CPU
		{14D863DD-0E23-44F8-B886-27C3B8E78939}.Debug|x86.ActiveCfg = Debug|Any CPU
		{14D863DD-0E23-44F8-B886-27C3B8E78939}.Release|Any CPU.ActiveCfg = Release|Any CPU
		{14D863DD-0E23-44F8-B886-27C3B8E78939}.Release|Any CPU.Build.0 = Release|Any CPU
		{14D863DD-0E23-44F8-B886-27C3B8E78939}.Release|x86.ActiveCfg = Release|Any CPU
		{14D863DD-0E23-44F8-B886-27C3B8E78939}.Silverlight|Any CPU.ActiveCfg = Release|Any CPU
		{14D863DD-0E23-44F8-B886-27C3B8E78939}.Silverlight|Any CPU.Build.0 = Release|Any CPU
		{14D863DD-0E23-44F8-B886-27C3B8E78939}.Silverlight|x86.ActiveCfg = Release|Any CPU
		{E327F02A-0B81-4619-ABB4-42DE73CE9D98}.Debug|Any CPU.ActiveCfg = Debug|Any CPU
		{E327F02A-0B81-4619-ABB4-42DE73CE9D98}.Debug|Any CPU.Build.0 = Debug|Any CPU
		{E327F02A-0B81-4619-ABB4-42DE73CE9D98}.Debug|x86.ActiveCfg = Debug|Any CPU
		{E327F02A-0B81-4619-ABB4-42DE73CE9D98}.Release|Any CPU.ActiveCfg = Release|Any CPU
		{E327F02A-0B81-4619-ABB4-42DE73CE9D98}.Release|Any CPU.Build.0 = Release|Any CPU
		{E327F02A-0B81-4619-ABB4-42DE73CE9D98}.Release|x86.ActiveCfg = Release|Any CPU
		{E327F02A-0B81-4619-ABB4-42DE73CE9D98}.Silverlight|Any CPU.ActiveCfg = Release|Any CPU
		{E327F02A-0B81-4619-ABB4-42DE73CE9D98}.Silverlight|Any CPU.Build.0 = Release|Any CPU
		{E327F02A-0B81-4619-ABB4-42DE73CE9D98}.Silverlight|x86.ActiveCfg = Release|Any CPU
		{29B98ECF-AD0E-4235-B214-E28CD849042E}.Debug|Any CPU.ActiveCfg = Debug|Any CPU
		{29B98ECF-AD0E-4235-B214-E28CD849042E}.Debug|Any CPU.Build.0 = Debug|Any CPU
		{29B98ECF-AD0E-4235-B214-E28CD849042E}.Debug|x86.ActiveCfg = Debug|Any CPU
		{29B98ECF-AD0E-4235-B214-E28CD849042E}.Release|Any CPU.ActiveCfg = Release|Any CPU
		{29B98ECF-AD0E-4235-B214-E28CD849042E}.Release|Any CPU.Build.0 = Release|Any CPU
		{29B98ECF-AD0E-4235-B214-E28CD849042E}.Release|x86.ActiveCfg = Release|Any CPU
		{29B98ECF-AD0E-4235-B214-E28CD849042E}.Silverlight|Any CPU.ActiveCfg = Release|Any CPU
		{29B98ECF-AD0E-4235-B214-E28CD849042E}.Silverlight|Any CPU.Build.0 = Release|Any CPU
		{29B98ECF-AD0E-4235-B214-E28CD849042E}.Silverlight|x86.ActiveCfg = Release|Any CPU
		{941ADE50-1742-4FBB-83A4-3144EA6196CA}.Debug|Any CPU.ActiveCfg = Debug|Any CPU
		{941ADE50-1742-4FBB-83A4-3144EA6196CA}.Debug|Any CPU.Build.0 = Debug|Any CPU
		{941ADE50-1742-4FBB-83A4-3144EA6196CA}.Debug|x86.ActiveCfg = Debug|Any CPU
		{941ADE50-1742-4FBB-83A4-3144EA6196CA}.Release|Any CPU.ActiveCfg = Release|Any CPU
		{941ADE50-1742-4FBB-83A4-3144EA6196CA}.Release|Any CPU.Build.0 = Release|Any CPU
		{941ADE50-1742-4FBB-83A4-3144EA6196CA}.Release|x86.ActiveCfg = Release|Any CPU
		{941ADE50-1742-4FBB-83A4-3144EA6196CA}.Silverlight|Any CPU.ActiveCfg = Release|Any CPU
		{941ADE50-1742-4FBB-83A4-3144EA6196CA}.Silverlight|Any CPU.Build.0 = Release|Any CPU
		{941ADE50-1742-4FBB-83A4-3144EA6196CA}.Silverlight|x86.ActiveCfg = Release|Any CPU
		{69698F13-CD94-4172-9232-AC59E2853EAF}.Debug|Any CPU.ActiveCfg = Debug|Any CPU
		{69698F13-CD94-4172-9232-AC59E2853EAF}.Debug|Any CPU.Build.0 = Debug|Any CPU
		{69698F13-CD94-4172-9232-AC59E2853EAF}.Debug|x86.ActiveCfg = Debug|Any CPU
		{69698F13-CD94-4172-9232-AC59E2853EAF}.Release|Any CPU.ActiveCfg = Release|Any CPU
		{69698F13-CD94-4172-9232-AC59E2853EAF}.Release|Any CPU.Build.0 = Release|Any CPU
		{69698F13-CD94-4172-9232-AC59E2853EAF}.Release|x86.ActiveCfg = Release|Any CPU
		{69698F13-CD94-4172-9232-AC59E2853EAF}.Silverlight|Any CPU.ActiveCfg = Release|Any CPU
		{69698F13-CD94-4172-9232-AC59E2853EAF}.Silverlight|Any CPU.Build.0 = Release|Any CPU
		{69698F13-CD94-4172-9232-AC59E2853EAF}.Silverlight|x86.ActiveCfg = Release|Any CPU
		{BC59FF2B-7FD7-42C0-81B0-AF72C5B5D027}.Debug|Any CPU.ActiveCfg = Debug|Any CPU
		{BC59FF2B-7FD7-42C0-81B0-AF72C5B5D027}.Debug|Any CPU.Build.0 = Debug|Any CPU
		{BC59FF2B-7FD7-42C0-81B0-AF72C5B5D027}.Debug|x86.ActiveCfg = Debug|Any CPU
		{BC59FF2B-7FD7-42C0-81B0-AF72C5B5D027}.Release|Any CPU.ActiveCfg = Release|Any CPU
		{BC59FF2B-7FD7-42C0-81B0-AF72C5B5D027}.Release|Any CPU.Build.0 = Release|Any CPU
		{BC59FF2B-7FD7-42C0-81B0-AF72C5B5D027}.Release|x86.ActiveCfg = Release|Any CPU
		{BC59FF2B-7FD7-42C0-81B0-AF72C5B5D027}.Silverlight|Any CPU.ActiveCfg = Release|Any CPU
		{BC59FF2B-7FD7-42C0-81B0-AF72C5B5D027}.Silverlight|Any CPU.Build.0 = Release|Any CPU
		{BC59FF2B-7FD7-42C0-81B0-AF72C5B5D027}.Silverlight|x86.ActiveCfg = Release|Any CPU
		{C0588DE1-5C54-4A3B-AC4E-E2F066E3582B}.Debug|Any CPU.ActiveCfg = Debug|Any CPU
		{C0588DE1-5C54-4A3B-AC4E-E2F066E3582B}.Debug|Any CPU.Build.0 = Debug|Any CPU
		{C0588DE1-5C54-4A3B-AC4E-E2F066E3582B}.Debug|x86.ActiveCfg = Debug|Any CPU
		{C0588DE1-5C54-4A3B-AC4E-E2F066E3582B}.Release|Any CPU.ActiveCfg = Release|Any CPU
		{C0588DE1-5C54-4A3B-AC4E-E2F066E3582B}.Release|Any CPU.Build.0 = Release|Any CPU
		{C0588DE1-5C54-4A3B-AC4E-E2F066E3582B}.Release|x86.ActiveCfg = Release|Any CPU
		{C0588DE1-5C54-4A3B-AC4E-E2F066E3582B}.Silverlight|Any CPU.ActiveCfg = Release|Any CPU
		{C0588DE1-5C54-4A3B-AC4E-E2F066E3582B}.Silverlight|Any CPU.Build.0 = Release|Any CPU
		{C0588DE1-5C54-4A3B-AC4E-E2F066E3582B}.Silverlight|x86.ActiveCfg = Release|Any CPU
		{637C8BDD-0BE2-48C4-8A9B-8B639C400721}.Debug|Any CPU.ActiveCfg = Debug|Any CPU
		{637C8BDD-0BE2-48C4-8A9B-8B639C400721}.Debug|Any CPU.Build.0 = Debug|Any CPU
		{637C8BDD-0BE2-48C4-8A9B-8B639C400721}.Debug|x86.ActiveCfg = Debug|Any CPU
		{637C8BDD-0BE2-48C4-8A9B-8B639C400721}.Release|Any CPU.ActiveCfg = Release|Any CPU
		{637C8BDD-0BE2-48C4-8A9B-8B639C400721}.Release|Any CPU.Build.0 = Release|Any CPU
		{637C8BDD-0BE2-48C4-8A9B-8B639C400721}.Release|x86.ActiveCfg = Release|Any CPU
		{637C8BDD-0BE2-48C4-8A9B-8B639C400721}.Silverlight|Any CPU.ActiveCfg = Release|Any CPU
		{637C8BDD-0BE2-48C4-8A9B-8B639C400721}.Silverlight|Any CPU.Build.0 = Release|Any CPU
		{637C8BDD-0BE2-48C4-8A9B-8B639C400721}.Silverlight|x86.ActiveCfg = Release|Any CPU
	EndGlobalSection
	GlobalSection(SolutionProperties) = preSolution
		HideSolutionNode = FALSE
	EndGlobalSection
	GlobalSection(NestedProjects) = preSolution
		{474F6A8B-020D-4DDB-8C72-FE802CA0B754} = {06EF2BEA-76BC-473D-A2B8-1BFCEDB3212C}
		{7D32D4A1-26AB-41C6-9FBB-1C393EA882E6} = {0BD56C34-5C25-4B9C-AE34-B5D7862181DB}
		{75372A51-04EC-4B89-B814-4C06294FD9FC} = {0BD56C34-5C25-4B9C-AE34-B5D7862181DB}
		{8C8F328E-FC87-4AB8-A2D3-D5A1DEA90379} = {0BD56C34-5C25-4B9C-AE34-B5D7862181DB}
		{F821B069-8100-4001-901C-C966FDE139AE} = {0BD56C34-5C25-4B9C-AE34-B5D7862181DB}
		{B09C0B16-5D30-4A7E-ACBC-C8D10C53AC48} = {0BD56C34-5C25-4B9C-AE34-B5D7862181DB}
		{BCCE96F9-290C-4029-86FB-7E8342BC36C8} = {0BD56C34-5C25-4B9C-AE34-B5D7862181DB}
		{1C37AA26-4BB1-4BD0-8E4D-0C6ADFB45C20} = {0BD56C34-5C25-4B9C-AE34-B5D7862181DB}
		{D192B0DA-A62F-4923-8E25-0995C7F3B086} = {0BD56C34-5C25-4B9C-AE34-B5D7862181DB}
		{9DF8DBDE-6558-43A0-B8D1-67F856BFC02F} = {0BD56C34-5C25-4B9C-AE34-B5D7862181DB}
		{5117154C-EAE8-492F-B7A9-FC3574359012} = {0BD56C34-5C25-4B9C-AE34-B5D7862181DB}
		{91CE9107-5F8B-4D1A-BBDE-AEBEFFA56FBC} = {0BD56C34-5C25-4B9C-AE34-B5D7862181DB}
		{7D344DE3-110E-4E52-8BA3-BC7DF45D829F} = {0BD56C34-5C25-4B9C-AE34-B5D7862181DB}
		{C1527D38-4E50-4649-8188-5742A1FB08AC} = {0BD56C34-5C25-4B9C-AE34-B5D7862181DB}
		{129BD423-C0A9-48EE-9CAF-E8C483688F4D} = {0BD56C34-5C25-4B9C-AE34-B5D7862181DB}
		{E327F02A-0B81-4619-ABB4-42DE73CE9D98} = {0BD56C34-5C25-4B9C-AE34-B5D7862181DB}
		{941ADE50-1742-4FBB-83A4-3144EA6196CA} = {0BD56C34-5C25-4B9C-AE34-B5D7862181DB}
		{69698F13-CD94-4172-9232-AC59E2853EAF} = {0BD56C34-5C25-4B9C-AE34-B5D7862181DB}
		{4112BEB1-42EC-4F39-9A61-6CD1306D1BAC} = {4D531831-99F2-4C60-B45C-50FE6785A86E}
		{1556F2FE-D2CF-43F7-A559-7A6A47E1682B} = {4D531831-99F2-4C60-B45C-50FE6785A86E}
		{4C7C2B70-09CE-4DC7-9545-5E1C58E93851} = {4D531831-99F2-4C60-B45C-50FE6785A86E}
		{13F97BF6-F5D4-4D85-814C-225D52D08899} = {4D531831-99F2-4C60-B45C-50FE6785A86E}
		{84D06CA8-B688-47B5-9F54-0586E13A90D7} = {4D531831-99F2-4C60-B45C-50FE6785A86E}
		{1CCC92F1-B188-433E-87C6-454A1F22C7F6} = {4D531831-99F2-4C60-B45C-50FE6785A86E}
		{50294258-3637-4B40-B790-08E6F93B0D75} = {4D531831-99F2-4C60-B45C-50FE6785A86E}
		{B8B84FBA-B7A6-4279-B2CB-01DF8CD8DEF5} = {4D531831-99F2-4C60-B45C-50FE6785A86E}
		{147D0DA2-5A0F-4E3F-B9EB-471FFCB2779C} = {4D531831-99F2-4C60-B45C-50FE6785A86E}
		{788927E1-AE6D-4145-BA84-C7A8F19D5900} = {4D531831-99F2-4C60-B45C-50FE6785A86E}
		{4793FB00-45E7-43CE-B76E-11DC9A54278B} = {4D531831-99F2-4C60-B45C-50FE6785A86E}
		{DD9F4772-2AE9-4A06-84A5-68256ADCD033} = {4D531831-99F2-4C60-B45C-50FE6785A86E}
		{E9E14F7F-5BDF-47C3-9124-291D2A2C93A2} = {4D531831-99F2-4C60-B45C-50FE6785A86E}
		{F85933CC-06B4-4A14-BBCE-813080FBF996} = {4D531831-99F2-4C60-B45C-50FE6785A86E}
		{336E7767-CABC-4560-9E9F-52A990B4C63B} = {4D531831-99F2-4C60-B45C-50FE6785A86E}
		{96F783DE-11D7-426F-8CC6-5990523DA8CB} = {4D531831-99F2-4C60-B45C-50FE6785A86E}
		{65F37A9B-FC95-4063-8855-A7DE618E939E} = {4D531831-99F2-4C60-B45C-50FE6785A86E}
		{FA8DE780-D37F-4A0C-99E7-CEE33C3B0F2C} = {4D531831-99F2-4C60-B45C-50FE6785A86E}
		{E965EEE2-B190-4D2B-90B0-2E7F94B01665} = {4D531831-99F2-4C60-B45C-50FE6785A86E}
		{722BF84A-3B40-47B6-909A-2AC4CA45D3FC} = {4D531831-99F2-4C60-B45C-50FE6785A86E}
		{FE36490D-3C69-46FA-B7FC-22C7909B4CF3} = {4D531831-99F2-4C60-B45C-50FE6785A86E}
		{14D863DD-0E23-44F8-B886-27C3B8E78939} = {4D531831-99F2-4C60-B45C-50FE6785A86E}
		{29B98ECF-AD0E-4235-B214-E28CD849042E} = {4D531831-99F2-4C60-B45C-50FE6785A86E}
		{BC59FF2B-7FD7-42C0-81B0-AF72C5B5D027} = {4D531831-99F2-4C60-B45C-50FE6785A86E}
		{04B64DFC-ECE0-48D6-95AE-FDC9092F9152} = {A7C4D564-DF7E-4DDE-B234-2C0C61800ACD}
		{7BE5DD29-C0F8-45EF-8792-0F8C2CFD0616} = {A7C4D564-DF7E-4DDE-B234-2C0C61800ACD}
		{01EB83B4-2BC2-4040-90A1-E9199E0DA430} = {A7C4D564-DF7E-4DDE-B234-2C0C61800ACD}
		{7F14113F-B290-412C-A21C-0C9E66C78C1C} = {A7C4D564-DF7E-4DDE-B234-2C0C61800ACD}
		{F102E919-8749-4D03-A58A-665C34F6C81C} = {A7C4D564-DF7E-4DDE-B234-2C0C61800ACD}
		{0EC33D31-0D5F-4B22-B410-58111D3206C0} = {A7C4D564-DF7E-4DDE-B234-2C0C61800ACD}
		{C0588DE1-5C54-4A3B-AC4E-E2F066E3582B} = {A7C4D564-DF7E-4DDE-B234-2C0C61800ACD}
		{637C8BDD-0BE2-48C4-8A9B-8B639C400721} = {A7C4D564-DF7E-4DDE-B234-2C0C61800ACD}
		{D8235B67-C700-4059-9686-5304C0850441} = {F74FE9E0-E3C9-4CFD-8112-6F947BDDDF89}
		{57F22D2A-2820-4702-A30E-7F8AE61E02A4} = {F74FE9E0-E3C9-4CFD-8112-6F947BDDDF89}
		{FCE292F8-F587-4E9A-9277-1DC467E115B9} = {F74FE9E0-E3C9-4CFD-8112-6F947BDDDF89}
		{AEB55F8D-A106-4553-B6FF-8634B2CFC302} = {F74FE9E0-E3C9-4CFD-8112-6F947BDDDF89}
		{9673EB3C-6B1A-4700-8E63-82265BE1F9BF} = {5A84674E-6647-4C14-9715-852C464589A0}
		{2E4CA616-3EB4-4411-9CB2-B17474EBFBC9} = {5A84674E-6647-4C14-9715-852C464589A0}
		{9BB1BFDA-5A8D-468B-9C42-A053FC24F908} = {5A84674E-6647-4C14-9715-852C464589A0}
		{A1861304-5984-4CBD-B674-C358EF13D9CB} = {5A84674E-6647-4C14-9715-852C464589A0}
	EndGlobalSection
EndGlobal
