
Microsoft Visual Studio Solution File, Format Version 11.00
# Visual Studio 2010
Project("{FAE04EC0-301F-11D3-BF4B-00C04F79EFBC}") = "MultipleQueueListener", "MultipleQueueListener\MultipleQueueListener.csproj", "{DA10E97A-D113-459C-B78B-0D17FD616191}"
EndProject
Project("{FAE04EC0-301F-11D3-BF4B-00C04F79EFBC}") = "MultipleQueueListener.Interfaces", "MultipleQueueListener.Interfaces\MultipleQueueListener.Interfaces.csproj", "{39C408B0-568E-42DD-8405-D507D2078804}"
EndProject
Project("{FAE04EC0-301F-11D3-BF4B-00C04F79EFBC}") = "MultipleQueueListener.Queues", "MultipleQueueListener.Queues\MultipleQueueListener.Queues.csproj", "{7A8CC776-41BE-4651-81C6-D1ACE9B9A7C9}"
EndProject
Global
	GlobalSection(SolutionConfigurationPlatforms) = preSolution
		Debug|Any CPU = Debug|Any CPU
		Debug|Mixed Platforms = Debug|Mixed Platforms
		Debug|x86 = Debug|x86
		Release|Any CPU = Release|Any CPU
		Release|Mixed Platforms = Release|Mixed Platforms
		Release|x86 = Release|x86
	EndGlobalSection
	GlobalSection(ProjectConfigurationPlatforms) = postSolution
		{DA10E97A-D113-459C-B78B-0D17FD616191}.Debug|Any CPU.ActiveCfg = Debug|x86
		{DA10E97A-D113-459C-B78B-0D17FD616191}.Debug|Mixed Platforms.ActiveCfg = Debug|x86
		{DA10E97A-D113-459C-B78B-0D17FD616191}.Debug|Mixed Platforms.Build.0 = Debug|x86
		{DA10E97A-D113-459C-B78B-0D17FD616191}.Debug|x86.ActiveCfg = Debug|x86
		{DA10E97A-D113-459C-B78B-0D17FD616191}.Debug|x86.Build.0 = Debug|x86
		{DA10E97A-D113-459C-B78B-0D17FD616191}.Release|Any CPU.ActiveCfg = Release|x86
		{DA10E97A-D113-459C-B78B-0D17FD616191}.Release|Mixed Platforms.ActiveCfg = Release|x86
		{DA10E97A-D113-459C-B78B-0D17FD616191}.Release|Mixed Platforms.Build.0 = Release|x86
		{DA10E97A-D113-459C-B78B-0D17FD616191}.Release|x86.ActiveCfg = Release|x86
		{DA10E97A-D113-459C-B78B-0D17FD616191}.Release|x86.Build.0 = Release|x86
		{39C408B0-568E-42DD-8405-D507D2078804}.Debug|Any CPU.ActiveCfg = Debug|Any CPU
		{39C408B0-568E-42DD-8405-D507D2078804}.Debug|Any CPU.Build.0 = Debug|Any CPU
		{39C408B0-568E-42DD-8405-D507D2078804}.Debug|Mixed Platforms.ActiveCfg = Debug|Any CPU
		{39C408B0-568E-42DD-8405-D507D2078804}.Debug|Mixed Platforms.Build.0 = Debug|Any CPU
		{39C408B0-568E-42DD-8405-D507D2078804}.Debug|x86.ActiveCfg = Debug|Any CPU
		{39C408B0-568E-42DD-8405-D507D2078804}.Release|Any CPU.ActiveCfg = Release|Any CPU
		{39C408B0-568E-42DD-8405-D507D2078804}.Release|Any CPU.Build.0 = Release|Any CPU
		{39C408B0-568E-42DD-8405-D507D2078804}.Release|Mixed Platforms.ActiveCfg = Release|Any CPU
		{39C408B0-568E-42DD-8405-D507D2078804}.Release|Mixed Platforms.Build.0 = Release|Any CPU
		{39C408B0-568E-42DD-8405-D507D2078804}.Release|x86.ActiveCfg = Release|Any CPU
		{7A8CC776-41BE-4651-81C6-D1ACE9B9A7C9}.Debug|Any CPU.ActiveCfg = Debug|Any CPU
		{7A8CC776-41BE-4651-81C6-D1ACE9B9A7C9}.Debug|Any CPU.Build.0 = Debug|Any CPU
		{7A8CC776-41BE-4651-81C6-D1ACE9B9A7C9}.Debug|Mixed Platforms.ActiveCfg = Debug|Any CPU
		{7A8CC776-41BE-4651-81C6-D1ACE9B9A7C9}.Debug|Mixed Platforms.Build.0 = Debug|Any CPU
		{7A8CC776-41BE-4651-81C6-D1ACE9B9A7C9}.Debug|x86.ActiveCfg = Debug|Any CPU
		{7A8CC776-41BE-4651-81C6-D1ACE9B9A7C9}.Release|Any CPU.ActiveCfg = Release|Any CPU
		{7A8CC776-41BE-4651-81C6-D1ACE9B9A7C9}.Release|Any CPU.Build.0 = Release|Any CPU
		{7A8CC776-41BE-4651-81C6-D1ACE9B9A7C9}.Release|Mixed Platforms.ActiveCfg = Release|Any CPU
		{7A8CC776-41BE-4651-81C6-D1ACE9B9A7C9}.Release|Mixed Platforms.Build.0 = Release|Any CPU
		{7A8CC776-41BE-4651-81C6-D1ACE9B9A7C9}.Release|x86.ActiveCfg = Release|Any CPU
	EndGlobalSection
	GlobalSection(SolutionProperties) = preSolution
		HideSolutionNode = FALSE
	EndGlobalSection
EndGlobal
