
Microsoft Visual Studio Solution File, Format Version 12.00
# Visual Studio 15
VisualStudioVersion = 15.0.27703.2000
MinimumVisualStudioVersion = 10.0.40219.1
Project("{FAE04EC0-301F-11D3-BF4B-00C04F79EFBC}") = "Zhukov.Demo.GraphLicensesReport", "Zhukov.Demo.GraphLicensesReport\Zhukov.Demo.GraphLicensesReport.csproj", "{76C007F3-60B2-40F2-9B5F-31E6E2DDC647}"
EndProject
Global
	GlobalSection(SolutionConfigurationPlatforms) = preSolution
		Debug|Any CPU = Debug|Any CPU
		Release|Any CPU = Release|Any CPU
	EndGlobalSection
	GlobalSection(ProjectConfigurationPlatforms) = postSolution
		{76C007F3-60B2-40F2-9B5F-31E6E2DDC647}.Debug|Any CPU.ActiveCfg = Debug|Any CPU
		{76C007F3-60B2-40F2-9B5F-31E6E2DDC647}.Debug|Any CPU.Build.0 = Debug|Any CPU
		{76C007F3-60B2-40F2-9B5F-31E6E2DDC647}.Release|Any CPU.ActiveCfg = Release|Any CPU
		{76C007F3-60B2-40F2-9B5F-31E6E2DDC647}.Release|Any CPU.Build.0 = Release|Any CPU
	EndGlobalSection
	GlobalSection(SolutionProperties) = preSolution
		HideSolutionNode = FALSE
	EndGlobalSection
	GlobalSection(ExtensibilityGlobals) = postSolution
		SolutionGuid = {E27C9437-83E2-4455-9B02-BEE9FFF05838}
	EndGlobalSection
EndGlobal
