
Microsoft Visual Studio Solution File, Format Version 12.00
# Visual Studio 2013
VisualStudioVersion = 12.0.31101.0
MinimumVisualStudioVersion = 10.0.40219.1
Project("{FAE04EC0-301F-11D3-BF4B-00C04F79EFBC}") = "PrismWPFSampleApp", "PrismWPFSampleApp\PrismWPFSampleApp.csproj", "{1CDD32C1-EFFB-4FA5-B094-38AC429238D3}"
EndProject
Project("{2150E333-8FDC-42A3-9474-1A3956D46DE8}") = ".nuget", ".nuget", "{7644C411-1F68-44EB-96CF-6943E83AC96F}"
	ProjectSection(SolutionItems) = preProject
		.nuget\NuGet.Config = .nuget\NuGet.Config
		.nuget\NuGet.exe = .nuget\NuGet.exe
		.nuget\NuGet.targets = .nuget\NuGet.targets
	EndProjectSection
EndProject
Global
	GlobalSection(SolutionConfigurationPlatforms) = preSolution
		Debug|Any CPU = Debug|Any CPU
		Release|Any CPU = Release|Any CPU
	EndGlobalSection
	GlobalSection(ProjectConfigurationPlatforms) = postSolution
		{1CDD32C1-EFFB-4FA5-B094-38AC429238D3}.Debug|Any CPU.ActiveCfg = Debug|Any CPU
		{1CDD32C1-EFFB-4FA5-B094-38AC429238D3}.Debug|Any CPU.Build.0 = Debug|Any CPU
		{1CDD32C1-EFFB-4FA5-B094-38AC429238D3}.Release|Any CPU.ActiveCfg = Release|Any CPU
		{1CDD32C1-EFFB-4FA5-B094-38AC429238D3}.Release|Any CPU.Build.0 = Release|Any CPU
	EndGlobalSection
	GlobalSection(SolutionProperties) = preSolution
		HideSolutionNode = FALSE
	EndGlobalSection
EndGlobal
