
Microsoft Visual Studio Solution File, Format Version 12.00
# Visual Studio 2013
VisualStudioVersion = 12.0.31101.0
MinimumVisualStudioVersion = 10.0.40219.1
Project("{FAE04EC0-301F-11D3-BF4B-00C04F79EFBC}") = "ShanuAngularMenuCreation", "ShanuAngularMenuCreation\ShanuAngularMenuCreation.csproj", "{2CF6BF51-23EF-4C7C-8240-FFB5C5317CF3}"
	ProjectSection(ProjectDependencies) = postProject
		{9265EFFF-363B-455E-BB5D-D7480536B83D} = {9265EFFF-363B-455E-BB5D-D7480536B83D}
	EndProjectSection
EndProject
Project("{FAE04EC0-301F-11D3-BF4B-00C04F79EFBC}") = "ShanuMenuCreation_WCF", "ShanuMenuCreation_WCF\ShanuMenuCreation_WCF.csproj", "{9265EFFF-363B-455E-BB5D-D7480536B83D}"
EndProject
Global
	GlobalSection(SolutionConfigurationPlatforms) = preSolution
		Debug|Any CPU = Debug|Any CPU
		Release|Any CPU = Release|Any CPU
	EndGlobalSection
	GlobalSection(ProjectConfigurationPlatforms) = postSolution
		{2CF6BF51-23EF-4C7C-8240-FFB5C5317CF3}.Debug|Any CPU.ActiveCfg = Debug|Any CPU
		{2CF6BF51-23EF-4C7C-8240-FFB5C5317CF3}.Debug|Any CPU.Build.0 = Debug|Any CPU
		{2CF6BF51-23EF-4C7C-8240-FFB5C5317CF3}.Release|Any CPU.ActiveCfg = Release|Any CPU
		{2CF6BF51-23EF-4C7C-8240-FFB5C5317CF3}.Release|Any CPU.Build.0 = Release|Any CPU
		{9265EFFF-363B-455E-BB5D-D7480536B83D}.Debug|Any CPU.ActiveCfg = Debug|Any CPU
		{9265EFFF-363B-455E-BB5D-D7480536B83D}.Debug|Any CPU.Build.0 = Debug|Any CPU
		{9265EFFF-363B-455E-BB5D-D7480536B83D}.Release|Any CPU.ActiveCfg = Release|Any CPU
		{9265EFFF-363B-455E-BB5D-D7480536B83D}.Release|Any CPU.Build.0 = Release|Any CPU
	EndGlobalSection
	GlobalSection(SolutionProperties) = preSolution
		HideSolutionNode = FALSE
	EndGlobalSection
EndGlobal
