
Microsoft Visual Studio Solution File, Format Version 12.00
# Visual Studio 2013
VisualStudioVersion = 12.0.21005.1
MinimumVisualStudioVersion = 10.0.40219.1
Project("{FAE04EC0-301F-11D3-BF4B-00C04F79EFBC}") = "MyCompany.Expenses.Web", "MyCompany.Expenses.Web\MyCompany.Expenses.Web.csproj", "{A2D2B1B4-A65A-40A1-81B7-2DADA59BB28E}"
EndProject
Project("{FAE04EC0-301F-11D3-BF4B-00C04F79EFBC}") = "MyCompany.Expenses.Model", "MyCompany.Expenses.Model\MyCompany.Expenses.Model.csproj", "{05A33938-B402-4A82-8446-3A81CB0F5AA1}"
EndProject
Project("{FAE04EC0-301F-11D3-BF4B-00C04F79EFBC}") = "MyCompany.Expenses.Data", "MyCompany.Expenses.Data\MyCompany.Expenses.Data.csproj", "{0D9AC8C7-B5A6-4DEF-8478-17412E5F2359}"
EndProject
Project("{FAE04EC0-301F-11D3-BF4B-00C04F79EFBC}") = "MyCompany.Expenses.Data.Tests", "MyCompany.Expenses.Data.Tests\MyCompany.Expenses.Data.Tests.csproj", "{D39FC8F8-E9E3-4888-8323-87F75B04CDC4}"
EndProject
Project("{FAE04EC0-301F-11D3-BF4B-00C04F79EFBC}") = "MyCompany.Expenses.Web.Tests", "MyCompany.Expenses.Web.Tests\MyCompany.Expenses.Web.Tests.csproj", "{DDB865D4-B878-42ED-AA79-777E659C13E1}"
EndProject
Project("{2150E333-8FDC-42A3-9474-1A3956D46DE8}") = "Solution Items", "Solution Items", "{8D9F02ED-AE7E-4A8D-809D-07DD31FDC714}"
	ProjectSection(SolutionItems) = preProject
		CodeCoverage.runsettings = CodeCoverage.runsettings
		CommonAssemblyInfo.cs = CommonAssemblyInfo.cs
		CustomCodeAnalysisDictionary.xml = CustomCodeAnalysisDictionary.xml
		Readme.txt = Readme.txt
	EndProjectSection
EndProject
Project("{FAE04EC0-301F-11D3-BF4B-00C04F79EFBC}") = "MyCompany.Expenses.Client", "MyCompany.Expenses.Client\MyCompany.Expenses.Client.csproj", "{DEF833F3-4D83-494A-848F-A700B3AD933C}"
EndProject
Project("{262852C6-CD72-467D-83FE-5EEB1973A190}") = "MyCompany.Expenses.Client.WindowsStore", "MyCompany.Expenses.Client.WindowsStore\MyCompany.Expenses.Client.WindowsStore.jsproj", "{405CEE28-0783-4BDE-B431-3FBFF57C1CC1}"
EndProject
Project("{FAE04EC0-301F-11D3-BF4B-00C04F79EFBC}") = "MyCompany.Expenses.Client.WP", "MyCompany.Expenses.Client.WP\MyCompany.Expenses.Client.WP.csproj", "{B48D1C2E-8A39-4008-AEAF-120AEADC4817}"
EndProject
Project("{FAE04EC0-301F-11D3-BF4B-00C04F79EFBC}") = "MyCompany.Expenses.Client.Tests", "MyCompany.Expenses.Client.Tests\MyCompany.Expenses.Client.Tests.csproj", "{A81A178D-2892-4655-A3E8-CAB229F06D2C}"
EndProject
Project("{FAE04EC0-301F-11D3-BF4B-00C04F79EFBC}") = "MyCompany.Expenses.AzureEventBusPlugin", "MyCompany.Expenses.EventBus\MyCompany.Expenses.AzureEventBusPlugin.csproj", "{EADAD92C-C4DC-406B-9E1F-9E5BA54A77F0}"
EndProject
Project("{2150E333-8FDC-42A3-9474-1A3956D46DE8}") = "ExternalLibs", "ExternalLibs", "{7F4D8F07-82AD-4E0E-8CF4-2C4B1DB863F4}"
	ProjectSection(SolutionItems) = preProject
		ExternalLibs\MyCompany.Common.CrossCutting.dll = ExternalLibs\MyCompany.Common.CrossCutting.dll
		ExternalLibs\MyCompany.Common.EventBus.dll = ExternalLibs\MyCompany.Common.EventBus.dll
		ExternalLibs\MyCompany.Common.Security.dll = ExternalLibs\MyCompany.Common.Security.dll
		ExternalLibs\Readme.txt = ExternalLibs\Readme.txt
	EndProjectSection
EndProject
Project("{FAE04EC0-301F-11D3-BF4B-00C04F79EFBC}") = "MyCompany.Expenses.Web.Mobile", "MyCompany.Expenses.Web.Mobile\MyCompany.Expenses.Web.Mobile.csproj", "{DD1562AA-7DB0-4617-B2B6-C6437F703668}"
EndProject
Project("{FAE04EC0-301F-11D3-BF4B-00C04F79EFBC}") = "ActiveDirectory.GraphHelper", "WindowsAzure.AD.Graph\ActiveDirectory.GraphHelper.csproj", "{56364C2F-DCF4-4D98-8FF7-72E98F0B7E86}"
EndProject
Project("{CC5FD16D-436D-48AD-A40C-5A424C6E3E79}") = "MyCompany.Expenses.WebApiOwin", "MyCompany.Expenses.WebApiOwin\MyCompany.Expenses.WebApiOwin.ccproj", "{E84558EB-5C0C-4D09-AC92-660C4822E9F8}"
EndProject
Project("{FAE04EC0-301F-11D3-BF4B-00C04F79EFBC}") = "MyCompany.Expenses.WebApiRole", "MyCompany.Expenses.WebApiRole\MyCompany.Expenses.WebApiRole.csproj", "{84AAFEDD-47F2-4613-82C4-A44EABE5B181}"
EndProject
Project("{FAE04EC0-301F-11D3-BF4B-00C04F79EFBC}") = "MyCompany.Expenses.Web.TestClient", "MyCompany.Expenses.Web.TestClient\MyCompany.Expenses.Web.TestClient.csproj", "{60343CC0-4A01-4F30-9B46-C78CD544D84F}"
EndProject
Project("{2150E333-8FDC-42A3-9474-1A3956D46DE8}") = "01. Clients", "01. Clients", "{9CF8F240-3DB8-4407-8D9F-70B1772B5F50}"
EndProject
Project("{2150E333-8FDC-42A3-9474-1A3956D46DE8}") = "02. Server", "02. Server", "{E3FF533C-6D3C-4AAE-B3FB-485525CF6D4D}"
EndProject
Global
	GlobalSection(SolutionConfigurationPlatforms) = preSolution
		Debug|Any CPU = Debug|Any CPU
		Debug|ARM = Debug|ARM
		Debug|x64 = Debug|x64
		Debug|x86 = Debug|x86
		DebugCD|Any CPU = DebugCD|Any CPU
		DebugCD|ARM = DebugCD|ARM
		DebugCD|x64 = DebugCD|x64
		DebugCD|x86 = DebugCD|x86
		Release_LocalDeployment|Any CPU = Release_LocalDeployment|Any CPU
		Release_LocalDeployment|ARM = Release_LocalDeployment|ARM
		Release_LocalDeployment|x64 = Release_LocalDeployment|x64
		Release_LocalDeployment|x86 = Release_LocalDeployment|x86
		Release|Any CPU = Release|Any CPU
		Release|ARM = Release|ARM
		Release|x64 = Release|x64
		Release|x86 = Release|x86
	EndGlobalSection
	GlobalSection(ProjectConfigurationPlatforms) = postSolution
		{A2D2B1B4-A65A-40A1-81B7-2DADA59BB28E}.Debug|Any CPU.ActiveCfg = Debug|Any CPU
		{A2D2B1B4-A65A-40A1-81B7-2DADA59BB28E}.Debug|Any CPU.Build.0 = Debug|Any CPU
		{A2D2B1B4-A65A-40A1-81B7-2DADA59BB28E}.Debug|Any CPU.Deploy.0 = Debug|Any CPU
		{A2D2B1B4-A65A-40A1-81B7-2DADA59BB28E}.Debug|ARM.ActiveCfg = Debug|Any CPU
		{A2D2B1B4-A65A-40A1-81B7-2DADA59BB28E}.Debug|x64.ActiveCfg = Debug|Any CPU
		{A2D2B1B4-A65A-40A1-81B7-2DADA59BB28E}.Debug|x86.ActiveCfg = Debug|Any CPU
		{A2D2B1B4-A65A-40A1-81B7-2DADA59BB28E}.DebugCD|Any CPU.ActiveCfg = DebugCD|Any CPU
		{A2D2B1B4-A65A-40A1-81B7-2DADA59BB28E}.DebugCD|Any CPU.Build.0 = DebugCD|Any CPU
		{A2D2B1B4-A65A-40A1-81B7-2DADA59BB28E}.DebugCD|ARM.ActiveCfg = DebugCD|Any CPU
		{A2D2B1B4-A65A-40A1-81B7-2DADA59BB28E}.DebugCD|x64.ActiveCfg = DebugCD|Any CPU
		{A2D2B1B4-A65A-40A1-81B7-2DADA59BB28E}.DebugCD|x86.ActiveCfg = DebugCD|Any CPU
		{A2D2B1B4-A65A-40A1-81B7-2DADA59BB28E}.Release_LocalDeployment|Any CPU.ActiveCfg = Release_LocalDeployment|Any CPU
		{A2D2B1B4-A65A-40A1-81B7-2DADA59BB28E}.Release_LocalDeployment|Any CPU.Build.0 = Release_LocalDeployment|Any CPU
		{A2D2B1B4-A65A-40A1-81B7-2DADA59BB28E}.Release_LocalDeployment|ARM.ActiveCfg = Release_LocalDeployment|Any CPU
		{A2D2B1B4-A65A-40A1-81B7-2DADA59BB28E}.Release_LocalDeployment|x64.ActiveCfg = Release_LocalDeployment|Any CPU
		{A2D2B1B4-A65A-40A1-81B7-2DADA59BB28E}.Release_LocalDeployment|x86.ActiveCfg = Release_LocalDeployment|Any CPU
		{A2D2B1B4-A65A-40A1-81B7-2DADA59BB28E}.Release|Any CPU.ActiveCfg = Release|Any CPU
		{A2D2B1B4-A65A-40A1-81B7-2DADA59BB28E}.Release|Any CPU.Build.0 = Release|Any CPU
		{A2D2B1B4-A65A-40A1-81B7-2DADA59BB28E}.Release|ARM.ActiveCfg = Release|Any CPU
		{A2D2B1B4-A65A-40A1-81B7-2DADA59BB28E}.Release|x64.ActiveCfg = Release|Any CPU
		{A2D2B1B4-A65A-40A1-81B7-2DADA59BB28E}.Release|x86.ActiveCfg = Release|Any CPU
		{05A33938-B402-4A82-8446-3A81CB0F5AA1}.Debug|Any CPU.ActiveCfg = Debug|Any CPU
		{05A33938-B402-4A82-8446-3A81CB0F5AA1}.Debug|Any CPU.Build.0 = Debug|Any CPU
		{05A33938-B402-4A82-8446-3A81CB0F5AA1}.Debug|ARM.ActiveCfg = Debug|Any CPU
		{05A33938-B402-4A82-8446-3A81CB0F5AA1}.Debug|x64.ActiveCfg = Debug|Any CPU
		{05A33938-B402-4A82-8446-3A81CB0F5AA1}.Debug|x86.ActiveCfg = Debug|Any CPU
		{05A33938-B402-4A82-8446-3A81CB0F5AA1}.DebugCD|Any CPU.ActiveCfg = DebugCD|Any CPU
		{05A33938-B402-4A82-8446-3A81CB0F5AA1}.DebugCD|Any CPU.Build.0 = DebugCD|Any CPU
		{05A33938-B402-4A82-8446-3A81CB0F5AA1}.DebugCD|ARM.ActiveCfg = DebugCD|Any CPU
		{05A33938-B402-4A82-8446-3A81CB0F5AA1}.DebugCD|x64.ActiveCfg = DebugCD|Any CPU
		{05A33938-B402-4A82-8446-3A81CB0F5AA1}.DebugCD|x86.ActiveCfg = DebugCD|Any CPU
		{05A33938-B402-4A82-8446-3A81CB0F5AA1}.Release_LocalDeployment|Any CPU.ActiveCfg = Release_LocalDeployment|Any CPU
		{05A33938-B402-4A82-8446-3A81CB0F5AA1}.Release_LocalDeployment|Any CPU.Build.0 = Release_LocalDeployment|Any CPU
		{05A33938-B402-4A82-8446-3A81CB0F5AA1}.Release_LocalDeployment|ARM.ActiveCfg = Release_LocalDeployment|Any CPU
		{05A33938-B402-4A82-8446-3A81CB0F5AA1}.Release_LocalDeployment|x64.ActiveCfg = Release_LocalDeployment|Any CPU
		{05A33938-B402-4A82-8446-3A81CB0F5AA1}.Release_LocalDeployment|x86.ActiveCfg = Release_LocalDeployment|Any CPU
		{05A33938-B402-4A82-8446-3A81CB0F5AA1}.Release|Any CPU.ActiveCfg = Release|Any CPU
		{05A33938-B402-4A82-8446-3A81CB0F5AA1}.Release|Any CPU.Build.0 = Release|Any CPU
		{05A33938-B402-4A82-8446-3A81CB0F5AA1}.Release|ARM.ActiveCfg = Release|Any CPU
		{05A33938-B402-4A82-8446-3A81CB0F5AA1}.Release|x64.ActiveCfg = Release|Any CPU
		{05A33938-B402-4A82-8446-3A81CB0F5AA1}.Release|x86.ActiveCfg = Release|Any CPU
		{0D9AC8C7-B5A6-4DEF-8478-17412E5F2359}.Debug|Any CPU.ActiveCfg = Debug|Any CPU
		{0D9AC8C7-B5A6-4DEF-8478-17412E5F2359}.Debug|Any CPU.Build.0 = Debug|Any CPU
		{0D9AC8C7-B5A6-4DEF-8478-17412E5F2359}.Debug|ARM.ActiveCfg = Debug|Any CPU
		{0D9AC8C7-B5A6-4DEF-8478-17412E5F2359}.Debug|x64.ActiveCfg = Debug|Any CPU
		{0D9AC8C7-B5A6-4DEF-8478-17412E5F2359}.Debug|x86.ActiveCfg = Debug|Any CPU
		{0D9AC8C7-B5A6-4DEF-8478-17412E5F2359}.DebugCD|Any CPU.ActiveCfg = DebugCD|Any CPU
		{0D9AC8C7-B5A6-4DEF-8478-17412E5F2359}.DebugCD|Any CPU.Build.0 = DebugCD|Any CPU
		{0D9AC8C7-B5A6-4DEF-8478-17412E5F2359}.DebugCD|ARM.ActiveCfg = DebugCD|Any CPU
		{0D9AC8C7-B5A6-4DEF-8478-17412E5F2359}.DebugCD|x64.ActiveCfg = DebugCD|Any CPU
		{0D9AC8C7-B5A6-4DEF-8478-17412E5F2359}.DebugCD|x86.ActiveCfg = DebugCD|Any CPU
		{0D9AC8C7-B5A6-4DEF-8478-17412E5F2359}.Release_LocalDeployment|Any CPU.ActiveCfg = Release_LocalDeployment|Any CPU
		{0D9AC8C7-B5A6-4DEF-8478-17412E5F2359}.Release_LocalDeployment|Any CPU.Build.0 = Release_LocalDeployment|Any CPU
		{0D9AC8C7-B5A6-4DEF-8478-17412E5F2359}.Release_LocalDeployment|ARM.ActiveCfg = Release_LocalDeployment|Any CPU
		{0D9AC8C7-B5A6-4DEF-8478-17412E5F2359}.Release_LocalDeployment|x64.ActiveCfg = Release_LocalDeployment|Any CPU
		{0D9AC8C7-B5A6-4DEF-8478-17412E5F2359}.Release_LocalDeployment|x86.ActiveCfg = Release_LocalDeployment|Any CPU
		{0D9AC8C7-B5A6-4DEF-8478-17412E5F2359}.Release|Any CPU.ActiveCfg = Release|Any CPU
		{0D9AC8C7-B5A6-4DEF-8478-17412E5F2359}.Release|Any CPU.Build.0 = Release|Any CPU
		{0D9AC8C7-B5A6-4DEF-8478-17412E5F2359}.Release|ARM.ActiveCfg = Release|Any CPU
		{0D9AC8C7-B5A6-4DEF-8478-17412E5F2359}.Release|x64.ActiveCfg = Release|Any CPU
		{0D9AC8C7-B5A6-4DEF-8478-17412E5F2359}.Release|x86.ActiveCfg = Release|Any CPU
		{D39FC8F8-E9E3-4888-8323-87F75B04CDC4}.Debug|Any CPU.ActiveCfg = Debug|Any CPU
		{D39FC8F8-E9E3-4888-8323-87F75B04CDC4}.Debug|Any CPU.Build.0 = Debug|Any CPU
		{D39FC8F8-E9E3-4888-8323-87F75B04CDC4}.Debug|ARM.ActiveCfg = Debug|Any CPU
		{D39FC8F8-E9E3-4888-8323-87F75B04CDC4}.Debug|x64.ActiveCfg = Debug|Any CPU
		{D39FC8F8-E9E3-4888-8323-87F75B04CDC4}.Debug|x86.ActiveCfg = Debug|Any CPU
		{D39FC8F8-E9E3-4888-8323-87F75B04CDC4}.DebugCD|Any CPU.ActiveCfg = DebugCD|Any CPU
		{D39FC8F8-E9E3-4888-8323-87F75B04CDC4}.DebugCD|Any CPU.Build.0 = DebugCD|Any CPU
		{D39FC8F8-E9E3-4888-8323-87F75B04CDC4}.DebugCD|ARM.ActiveCfg = DebugCD|Any CPU
		{D39FC8F8-E9E3-4888-8323-87F75B04CDC4}.DebugCD|x64.ActiveCfg = DebugCD|Any CPU
		{D39FC8F8-E9E3-4888-8323-87F75B04CDC4}.DebugCD|x86.ActiveCfg = DebugCD|Any CPU
		{D39FC8F8-E9E3-4888-8323-87F75B04CDC4}.Release_LocalDeployment|Any CPU.ActiveCfg = Release_LocalDeployment|Any CPU
		{D39FC8F8-E9E3-4888-8323-87F75B04CDC4}.Release_LocalDeployment|Any CPU.Build.0 = Release_LocalDeployment|Any CPU
		{D39FC8F8-E9E3-4888-8323-87F75B04CDC4}.Release_LocalDeployment|ARM.ActiveCfg = Release_LocalDeployment|Any CPU
		{D39FC8F8-E9E3-4888-8323-87F75B04CDC4}.Release_LocalDeployment|x64.ActiveCfg = Release_LocalDeployment|Any CPU
		{D39FC8F8-E9E3-4888-8323-87F75B04CDC4}.Release_LocalDeployment|x86.ActiveCfg = Release_LocalDeployment|Any CPU
		{D39FC8F8-E9E3-4888-8323-87F75B04CDC4}.Release|Any CPU.ActiveCfg = Release|Any CPU
		{D39FC8F8-E9E3-4888-8323-87F75B04CDC4}.Release|Any CPU.Build.0 = Release|Any CPU
		{D39FC8F8-E9E3-4888-8323-87F75B04CDC4}.Release|ARM.ActiveCfg = Release|Any CPU
		{D39FC8F8-E9E3-4888-8323-87F75B04CDC4}.Release|x64.ActiveCfg = Release|Any CPU
		{D39FC8F8-E9E3-4888-8323-87F75B04CDC4}.Release|x86.ActiveCfg = Release|Any CPU
		{DDB865D4-B878-42ED-AA79-777E659C13E1}.Debug|Any CPU.ActiveCfg = Debug|Any CPU
		{DDB865D4-B878-42ED-AA79-777E659C13E1}.Debug|Any CPU.Build.0 = Debug|Any CPU
		{DDB865D4-B878-42ED-AA79-777E659C13E1}.Debug|ARM.ActiveCfg = Debug|Any CPU
		{DDB865D4-B878-42ED-AA79-777E659C13E1}.Debug|x64.ActiveCfg = Debug|Any CPU
		{DDB865D4-B878-42ED-AA79-777E659C13E1}.Debug|x86.ActiveCfg = Debug|Any CPU
		{DDB865D4-B878-42ED-AA79-777E659C13E1}.DebugCD|Any CPU.ActiveCfg = DebugCD|Any CPU
		{DDB865D4-B878-42ED-AA79-777E659C13E1}.DebugCD|Any CPU.Build.0 = DebugCD|Any CPU
		{DDB865D4-B878-42ED-AA79-777E659C13E1}.DebugCD|ARM.ActiveCfg = DebugCD|Any CPU
		{DDB865D4-B878-42ED-AA79-777E659C13E1}.DebugCD|x64.ActiveCfg = DebugCD|Any CPU
		{DDB865D4-B878-42ED-AA79-777E659C13E1}.DebugCD|x86.ActiveCfg = DebugCD|Any CPU
		{DDB865D4-B878-42ED-AA79-777E659C13E1}.Release_LocalDeployment|Any CPU.ActiveCfg = Release_LocalDeployment|Any CPU
		{DDB865D4-B878-42ED-AA79-777E659C13E1}.Release_LocalDeployment|Any CPU.Build.0 = Release_LocalDeployment|Any CPU
		{DDB865D4-B878-42ED-AA79-777E659C13E1}.Release_LocalDeployment|ARM.ActiveCfg = Release_LocalDeployment|Any CPU
		{DDB865D4-B878-42ED-AA79-777E659C13E1}.Release_LocalDeployment|x64.ActiveCfg = Release_LocalDeployment|Any CPU
		{DDB865D4-B878-42ED-AA79-777E659C13E1}.Release_LocalDeployment|x86.ActiveCfg = Release_LocalDeployment|Any CPU
		{DDB865D4-B878-42ED-AA79-777E659C13E1}.Release|Any CPU.ActiveCfg = Release|Any CPU
		{DDB865D4-B878-42ED-AA79-777E659C13E1}.Release|Any CPU.Build.0 = Release|Any CPU
		{DDB865D4-B878-42ED-AA79-777E659C13E1}.Release|ARM.ActiveCfg = Release|Any CPU
		{DDB865D4-B878-42ED-AA79-777E659C13E1}.Release|x64.ActiveCfg = Release|Any CPU
		{DDB865D4-B878-42ED-AA79-777E659C13E1}.Release|x86.ActiveCfg = Release|Any CPU
		{DEF833F3-4D83-494A-848F-A700B3AD933C}.Debug|Any CPU.ActiveCfg = Debug|Any CPU
		{DEF833F3-4D83-494A-848F-A700B3AD933C}.Debug|Any CPU.Build.0 = Debug|Any CPU
		{DEF833F3-4D83-494A-848F-A700B3AD933C}.Debug|ARM.ActiveCfg = Debug|Any CPU
		{DEF833F3-4D83-494A-848F-A700B3AD933C}.Debug|x64.ActiveCfg = Debug|Any CPU
		{DEF833F3-4D83-494A-848F-A700B3AD933C}.Debug|x86.ActiveCfg = Debug|Any CPU
		{DEF833F3-4D83-494A-848F-A700B3AD933C}.DebugCD|Any CPU.ActiveCfg = DebugCD|Any CPU
		{DEF833F3-4D83-494A-848F-A700B3AD933C}.DebugCD|Any CPU.Build.0 = DebugCD|Any CPU
		{DEF833F3-4D83-494A-848F-A700B3AD933C}.DebugCD|ARM.ActiveCfg = DebugCD|Any CPU
		{DEF833F3-4D83-494A-848F-A700B3AD933C}.DebugCD|x64.ActiveCfg = DebugCD|Any CPU
		{DEF833F3-4D83-494A-848F-A700B3AD933C}.DebugCD|x86.ActiveCfg = DebugCD|Any CPU
		{DEF833F3-4D83-494A-848F-A700B3AD933C}.Release_LocalDeployment|Any CPU.ActiveCfg = Release_LocalDeployment|Any CPU
		{DEF833F3-4D83-494A-848F-A700B3AD933C}.Release_LocalDeployment|Any CPU.Build.0 = Release_LocalDeployment|Any CPU
		{DEF833F3-4D83-494A-848F-A700B3AD933C}.Release_LocalDeployment|ARM.ActiveCfg = Release_LocalDeployment|Any CPU
		{DEF833F3-4D83-494A-848F-A700B3AD933C}.Release_LocalDeployment|x64.ActiveCfg = Release_LocalDeployment|Any CPU
		{DEF833F3-4D83-494A-848F-A700B3AD933C}.Release_LocalDeployment|x86.ActiveCfg = Release_LocalDeployment|Any CPU
		{DEF833F3-4D83-494A-848F-A700B3AD933C}.Release|Any CPU.ActiveCfg = Release|Any CPU
		{DEF833F3-4D83-494A-848F-A700B3AD933C}.Release|Any CPU.Build.0 = Release|Any CPU
		{DEF833F3-4D83-494A-848F-A700B3AD933C}.Release|ARM.ActiveCfg = Release|Any CPU
		{DEF833F3-4D83-494A-848F-A700B3AD933C}.Release|x64.ActiveCfg = Release|Any CPU
		{DEF833F3-4D83-494A-848F-A700B3AD933C}.Release|x86.ActiveCfg = Release|Any CPU
		{405CEE28-0783-4BDE-B431-3FBFF57C1CC1}.Debug|Any CPU.ActiveCfg = Debug|Any CPU
		{405CEE28-0783-4BDE-B431-3FBFF57C1CC1}.Debug|Any CPU.Build.0 = Debug|Any CPU
		{405CEE28-0783-4BDE-B431-3FBFF57C1CC1}.Debug|Any CPU.Deploy.0 = Debug|Any CPU
		{405CEE28-0783-4BDE-B431-3FBFF57C1CC1}.Debug|ARM.ActiveCfg = Debug|ARM
		{405CEE28-0783-4BDE-B431-3FBFF57C1CC1}.Debug|ARM.Build.0 = Debug|ARM
		{405CEE28-0783-4BDE-B431-3FBFF57C1CC1}.Debug|ARM.Deploy.0 = Debug|ARM
		{405CEE28-0783-4BDE-B431-3FBFF57C1CC1}.Debug|x64.ActiveCfg = Debug|x64
		{405CEE28-0783-4BDE-B431-3FBFF57C1CC1}.Debug|x64.Build.0 = Debug|x64
		{405CEE28-0783-4BDE-B431-3FBFF57C1CC1}.Debug|x64.Deploy.0 = Debug|x64
		{405CEE28-0783-4BDE-B431-3FBFF57C1CC1}.Debug|x86.ActiveCfg = Debug|x86
		{405CEE28-0783-4BDE-B431-3FBFF57C1CC1}.Debug|x86.Build.0 = Debug|x86
		{405CEE28-0783-4BDE-B431-3FBFF57C1CC1}.Debug|x86.Deploy.0 = Debug|x86
		{405CEE28-0783-4BDE-B431-3FBFF57C1CC1}.DebugCD|Any CPU.ActiveCfg = DebugCD|Any CPU
		{405CEE28-0783-4BDE-B431-3FBFF57C1CC1}.DebugCD|Any CPU.Build.0 = DebugCD|Any CPU
		{405CEE28-0783-4BDE-B431-3FBFF57C1CC1}.DebugCD|ARM.ActiveCfg = DebugCD|ARM
		{405CEE28-0783-4BDE-B431-3FBFF57C1CC1}.DebugCD|ARM.Build.0 = DebugCD|ARM
		{405CEE28-0783-4BDE-B431-3FBFF57C1CC1}.DebugCD|ARM.Deploy.0 = DebugCD|ARM
		{405CEE28-0783-4BDE-B431-3FBFF57C1CC1}.DebugCD|x64.ActiveCfg = DebugCD|x64
		{405CEE28-0783-4BDE-B431-3FBFF57C1CC1}.DebugCD|x64.Build.0 = DebugCD|x64
		{405CEE28-0783-4BDE-B431-3FBFF57C1CC1}.DebugCD|x64.Deploy.0 = DebugCD|x64
		{405CEE28-0783-4BDE-B431-3FBFF57C1CC1}.DebugCD|x86.ActiveCfg = DebugCD|x86
		{405CEE28-0783-4BDE-B431-3FBFF57C1CC1}.DebugCD|x86.Build.0 = DebugCD|x86
		{405CEE28-0783-4BDE-B431-3FBFF57C1CC1}.DebugCD|x86.Deploy.0 = DebugCD|x86
		{405CEE28-0783-4BDE-B431-3FBFF57C1CC1}.Release_LocalDeployment|Any CPU.ActiveCfg = Release_LocalDeployment|Any CPU
		{405CEE28-0783-4BDE-B431-3FBFF57C1CC1}.Release_LocalDeployment|Any CPU.Deploy.0 = Release_LocalDeployment|Any CPU
		{405CEE28-0783-4BDE-B431-3FBFF57C1CC1}.Release_LocalDeployment|ARM.ActiveCfg = Release_LocalDeployment|ARM
		{405CEE28-0783-4BDE-B431-3FBFF57C1CC1}.Release_LocalDeployment|ARM.Deploy.0 = Release_LocalDeployment|ARM
		{405CEE28-0783-4BDE-B431-3FBFF57C1CC1}.Release_LocalDeployment|x64.ActiveCfg = Release_LocalDeployment|x64
		{405CEE28-0783-4BDE-B431-3FBFF57C1CC1}.Release_LocalDeployment|x64.Deploy.0 = Release_LocalDeployment|x64
		{405CEE28-0783-4BDE-B431-3FBFF57C1CC1}.Release_LocalDeployment|x86.ActiveCfg = Release_LocalDeployment|x86
		{405CEE28-0783-4BDE-B431-3FBFF57C1CC1}.Release_LocalDeployment|x86.Deploy.0 = Release_LocalDeployment|x86
		{405CEE28-0783-4BDE-B431-3FBFF57C1CC1}.Release|Any CPU.ActiveCfg = Release|Any CPU
		{405CEE28-0783-4BDE-B431-3FBFF57C1CC1}.Release|ARM.ActiveCfg = Release|ARM
		{405CEE28-0783-4BDE-B431-3FBFF57C1CC1}.Release|ARM.Build.0 = Release|ARM
		{405CEE28-0783-4BDE-B431-3FBFF57C1CC1}.Release|ARM.Deploy.0 = Release|ARM
		{405CEE28-0783-4BDE-B431-3FBFF57C1CC1}.Release|x64.ActiveCfg = Release|x64
		{405CEE28-0783-4BDE-B431-3FBFF57C1CC1}.Release|x64.Build.0 = Release|x64
		{405CEE28-0783-4BDE-B431-3FBFF57C1CC1}.Release|x64.Deploy.0 = Release|x64
		{405CEE28-0783-4BDE-B431-3FBFF57C1CC1}.Release|x86.ActiveCfg = Release|x86
		{405CEE28-0783-4BDE-B431-3FBFF57C1CC1}.Release|x86.Build.0 = Release|x86
		{405CEE28-0783-4BDE-B431-3FBFF57C1CC1}.Release|x86.Deploy.0 = Release|x86
		{B48D1C2E-8A39-4008-AEAF-120AEADC4817}.Debug|Any CPU.ActiveCfg = Debug|Any CPU
		{B48D1C2E-8A39-4008-AEAF-120AEADC4817}.Debug|Any CPU.Build.0 = Debug|Any CPU
		{B48D1C2E-8A39-4008-AEAF-120AEADC4817}.Debug|Any CPU.Deploy.0 = Debug|Any CPU
		{B48D1C2E-8A39-4008-AEAF-120AEADC4817}.Debug|ARM.ActiveCfg = Debug|ARM
		{B48D1C2E-8A39-4008-AEAF-120AEADC4817}.Debug|ARM.Build.0 = Debug|ARM
		{B48D1C2E-8A39-4008-AEAF-120AEADC4817}.Debug|ARM.Deploy.0 = Debug|ARM
		{B48D1C2E-8A39-4008-AEAF-120AEADC4817}.Debug|x64.ActiveCfg = Debug|Any CPU
		{B48D1C2E-8A39-4008-AEAF-120AEADC4817}.Debug|x86.ActiveCfg = Debug|x86
		{B48D1C2E-8A39-4008-AEAF-120AEADC4817}.Debug|x86.Build.0 = Debug|x86
		{B48D1C2E-8A39-4008-AEAF-120AEADC4817}.Debug|x86.Deploy.0 = Debug|x86
		{B48D1C2E-8A39-4008-AEAF-120AEADC4817}.DebugCD|Any CPU.ActiveCfg = DebugCD|Any CPU
		{B48D1C2E-8A39-4008-AEAF-120AEADC4817}.DebugCD|Any CPU.Build.0 = DebugCD|Any CPU
		{B48D1C2E-8A39-4008-AEAF-120AEADC4817}.DebugCD|ARM.ActiveCfg = DebugCD|ARM
		{B48D1C2E-8A39-4008-AEAF-120AEADC4817}.DebugCD|ARM.Build.0 = DebugCD|ARM
		{B48D1C2E-8A39-4008-AEAF-120AEADC4817}.DebugCD|ARM.Deploy.0 = DebugCD|ARM
		{B48D1C2E-8A39-4008-AEAF-120AEADC4817}.DebugCD|x64.ActiveCfg = DebugCD|Any CPU
		{B48D1C2E-8A39-4008-AEAF-120AEADC4817}.DebugCD|x86.ActiveCfg = DebugCD|x86
		{B48D1C2E-8A39-4008-AEAF-120AEADC4817}.DebugCD|x86.Build.0 = DebugCD|x86
		{B48D1C2E-8A39-4008-AEAF-120AEADC4817}.DebugCD|x86.Deploy.0 = DebugCD|x86
		{B48D1C2E-8A39-4008-AEAF-120AEADC4817}.Release_LocalDeployment|Any CPU.ActiveCfg = Release_LocalDeployment|Any CPU
		{B48D1C2E-8A39-4008-AEAF-120AEADC4817}.Release_LocalDeployment|Any CPU.Build.0 = Release_LocalDeployment|Any CPU
		{B48D1C2E-8A39-4008-AEAF-120AEADC4817}.Release_LocalDeployment|Any CPU.Deploy.0 = Release_LocalDeployment|Any CPU
		{B48D1C2E-8A39-4008-AEAF-120AEADC4817}.Release_LocalDeployment|ARM.ActiveCfg = Release_LocalDeployment|ARM
		{B48D1C2E-8A39-4008-AEAF-120AEADC4817}.Release_LocalDeployment|ARM.Build.0 = Release_LocalDeployment|ARM
		{B48D1C2E-8A39-4008-AEAF-120AEADC4817}.Release_LocalDeployment|ARM.Deploy.0 = Release_LocalDeployment|ARM
		{B48D1C2E-8A39-4008-AEAF-120AEADC4817}.Release_LocalDeployment|x64.ActiveCfg = Release_LocalDeployment|Any CPU
		{B48D1C2E-8A39-4008-AEAF-120AEADC4817}.Release_LocalDeployment|x86.ActiveCfg = Release_LocalDeployment|x86
		{B48D1C2E-8A39-4008-AEAF-120AEADC4817}.Release_LocalDeployment|x86.Build.0 = Release_LocalDeployment|x86
		{B48D1C2E-8A39-4008-AEAF-120AEADC4817}.Release_LocalDeployment|x86.Deploy.0 = Release_LocalDeployment|x86
		{B48D1C2E-8A39-4008-AEAF-120AEADC4817}.Release|Any CPU.ActiveCfg = Release|Any CPU
		{B48D1C2E-8A39-4008-AEAF-120AEADC4817}.Release|Any CPU.Build.0 = Release|Any CPU
		{B48D1C2E-8A39-4008-AEAF-120AEADC4817}.Release|ARM.ActiveCfg = Release|ARM
		{B48D1C2E-8A39-4008-AEAF-120AEADC4817}.Release|ARM.Build.0 = Release|ARM
		{B48D1C2E-8A39-4008-AEAF-120AEADC4817}.Release|ARM.Deploy.0 = Release|ARM
		{B48D1C2E-8A39-4008-AEAF-120AEADC4817}.Release|x64.ActiveCfg = Release|Any CPU
		{B48D1C2E-8A39-4008-AEAF-120AEADC4817}.Release|x86.ActiveCfg = Release|x86
		{B48D1C2E-8A39-4008-AEAF-120AEADC4817}.Release|x86.Build.0 = Release|x86
		{B48D1C2E-8A39-4008-AEAF-120AEADC4817}.Release|x86.Deploy.0 = Release|x86
		{A81A178D-2892-4655-A3E8-CAB229F06D2C}.Debug|Any CPU.ActiveCfg = Debug|Any CPU
		{A81A178D-2892-4655-A3E8-CAB229F06D2C}.Debug|Any CPU.Build.0 = Debug|Any CPU
		{A81A178D-2892-4655-A3E8-CAB229F06D2C}.Debug|ARM.ActiveCfg = Debug|Any CPU
		{A81A178D-2892-4655-A3E8-CAB229F06D2C}.Debug|x64.ActiveCfg = Debug|Any CPU
		{A81A178D-2892-4655-A3E8-CAB229F06D2C}.Debug|x86.ActiveCfg = Debug|Any CPU
		{A81A178D-2892-4655-A3E8-CAB229F06D2C}.DebugCD|Any CPU.ActiveCfg = Debug|Any CPU
		{A81A178D-2892-4655-A3E8-CAB229F06D2C}.DebugCD|Any CPU.Build.0 = Debug|Any CPU
		{A81A178D-2892-4655-A3E8-CAB229F06D2C}.DebugCD|ARM.ActiveCfg = Debug|Any CPU
		{A81A178D-2892-4655-A3E8-CAB229F06D2C}.DebugCD|x64.ActiveCfg = Debug|Any CPU
		{A81A178D-2892-4655-A3E8-CAB229F06D2C}.DebugCD|x86.ActiveCfg = Debug|Any CPU
		{A81A178D-2892-4655-A3E8-CAB229F06D2C}.Release_LocalDeployment|Any CPU.ActiveCfg = Release_LocalDeployment|Any CPU
		{A81A178D-2892-4655-A3E8-CAB229F06D2C}.Release_LocalDeployment|Any CPU.Build.0 = Release_LocalDeployment|Any CPU
		{A81A178D-2892-4655-A3E8-CAB229F06D2C}.Release_LocalDeployment|ARM.ActiveCfg = Release_LocalDeployment|Any CPU
		{A81A178D-2892-4655-A3E8-CAB229F06D2C}.Release_LocalDeployment|x64.ActiveCfg = Release_LocalDeployment|Any CPU
		{A81A178D-2892-4655-A3E8-CAB229F06D2C}.Release_LocalDeployment|x86.ActiveCfg = Release_LocalDeployment|Any CPU
		{A81A178D-2892-4655-A3E8-CAB229F06D2C}.Release|Any CPU.ActiveCfg = Release|Any CPU
		{A81A178D-2892-4655-A3E8-CAB229F06D2C}.Release|Any CPU.Build.0 = Release|Any CPU
		{A81A178D-2892-4655-A3E8-CAB229F06D2C}.Release|ARM.ActiveCfg = Release|Any CPU
		{A81A178D-2892-4655-A3E8-CAB229F06D2C}.Release|x64.ActiveCfg = Release|Any CPU
		{A81A178D-2892-4655-A3E8-CAB229F06D2C}.Release|x86.ActiveCfg = Release|Any CPU
		{EADAD92C-C4DC-406B-9E1F-9E5BA54A77F0}.Debug|Any CPU.ActiveCfg = Debug|Any CPU
		{EADAD92C-C4DC-406B-9E1F-9E5BA54A77F0}.Debug|Any CPU.Build.0 = Debug|Any CPU
		{EADAD92C-C4DC-406B-9E1F-9E5BA54A77F0}.Debug|ARM.ActiveCfg = Debug|Any CPU
		{EADAD92C-C4DC-406B-9E1F-9E5BA54A77F0}.Debug|x64.ActiveCfg = Debug|Any CPU
		{EADAD92C-C4DC-406B-9E1F-9E5BA54A77F0}.Debug|x86.ActiveCfg = Debug|Any CPU
		{EADAD92C-C4DC-406B-9E1F-9E5BA54A77F0}.DebugCD|Any CPU.ActiveCfg = Debug|Any CPU
		{EADAD92C-C4DC-406B-9E1F-9E5BA54A77F0}.DebugCD|Any CPU.Build.0 = Debug|Any CPU
		{EADAD92C-C4DC-406B-9E1F-9E5BA54A77F0}.DebugCD|ARM.ActiveCfg = Debug|Any CPU
		{EADAD92C-C4DC-406B-9E1F-9E5BA54A77F0}.DebugCD|x64.ActiveCfg = Debug|Any CPU
		{EADAD92C-C4DC-406B-9E1F-9E5BA54A77F0}.DebugCD|x86.ActiveCfg = Debug|Any CPU
		{EADAD92C-C4DC-406B-9E1F-9E5BA54A77F0}.Release_LocalDeployment|Any CPU.ActiveCfg = Release_LocalDeployment|Any CPU
		{EADAD92C-C4DC-406B-9E1F-9E5BA54A77F0}.Release_LocalDeployment|Any CPU.Build.0 = Release_LocalDeployment|Any CPU
		{EADAD92C-C4DC-406B-9E1F-9E5BA54A77F0}.Release_LocalDeployment|ARM.ActiveCfg = Release_LocalDeployment|Any CPU
		{EADAD92C-C4DC-406B-9E1F-9E5BA54A77F0}.Release_LocalDeployment|x64.ActiveCfg = Release_LocalDeployment|Any CPU
		{EADAD92C-C4DC-406B-9E1F-9E5BA54A77F0}.Release_LocalDeployment|x86.ActiveCfg = Release_LocalDeployment|Any CPU
		{EADAD92C-C4DC-406B-9E1F-9E5BA54A77F0}.Release|Any CPU.ActiveCfg = Release|Any CPU
		{EADAD92C-C4DC-406B-9E1F-9E5BA54A77F0}.Release|Any CPU.Build.0 = Release|Any CPU
		{EADAD92C-C4DC-406B-9E1F-9E5BA54A77F0}.Release|ARM.ActiveCfg = Release|Any CPU
		{EADAD92C-C4DC-406B-9E1F-9E5BA54A77F0}.Release|x64.ActiveCfg = Release|Any CPU
		{EADAD92C-C4DC-406B-9E1F-9E5BA54A77F0}.Release|x86.ActiveCfg = Release|Any CPU
		{DD1562AA-7DB0-4617-B2B6-C6437F703668}.Debug|Any CPU.ActiveCfg = Debug|Any CPU
		{DD1562AA-7DB0-4617-B2B6-C6437F703668}.Debug|Any CPU.Build.0 = Debug|Any CPU
		{DD1562AA-7DB0-4617-B2B6-C6437F703668}.Debug|ARM.ActiveCfg = Debug|Any CPU
		{DD1562AA-7DB0-4617-B2B6-C6437F703668}.Debug|x64.ActiveCfg = Debug|Any CPU
		{DD1562AA-7DB0-4617-B2B6-C6437F703668}.Debug|x86.ActiveCfg = Debug|Any CPU
		{DD1562AA-7DB0-4617-B2B6-C6437F703668}.DebugCD|Any CPU.ActiveCfg = Debug|Any CPU
		{DD1562AA-7DB0-4617-B2B6-C6437F703668}.DebugCD|Any CPU.Build.0 = Debug|Any CPU
		{DD1562AA-7DB0-4617-B2B6-C6437F703668}.DebugCD|ARM.ActiveCfg = Debug|Any CPU
		{DD1562AA-7DB0-4617-B2B6-C6437F703668}.DebugCD|x64.ActiveCfg = Debug|Any CPU
		{DD1562AA-7DB0-4617-B2B6-C6437F703668}.DebugCD|x86.ActiveCfg = Debug|Any CPU
		{DD1562AA-7DB0-4617-B2B6-C6437F703668}.Release_LocalDeployment|Any CPU.ActiveCfg = Release_LocalDeployment|Any CPU
		{DD1562AA-7DB0-4617-B2B6-C6437F703668}.Release_LocalDeployment|Any CPU.Build.0 = Release_LocalDeployment|Any CPU
		{DD1562AA-7DB0-4617-B2B6-C6437F703668}.Release_LocalDeployment|ARM.ActiveCfg = Release_LocalDeployment|Any CPU
		{DD1562AA-7DB0-4617-B2B6-C6437F703668}.Release_LocalDeployment|x64.ActiveCfg = Release_LocalDeployment|Any CPU
		{DD1562AA-7DB0-4617-B2B6-C6437F703668}.Release_LocalDeployment|x86.ActiveCfg = Release_LocalDeployment|Any CPU
		{DD1562AA-7DB0-4617-B2B6-C6437F703668}.Release|Any CPU.ActiveCfg = Release|Any CPU
		{DD1562AA-7DB0-4617-B2B6-C6437F703668}.Release|Any CPU.Build.0 = Release|Any CPU
		{DD1562AA-7DB0-4617-B2B6-C6437F703668}.Release|ARM.ActiveCfg = Release|Any CPU
		{DD1562AA-7DB0-4617-B2B6-C6437F703668}.Release|x64.ActiveCfg = Release|Any CPU
		{DD1562AA-7DB0-4617-B2B6-C6437F703668}.Release|x86.ActiveCfg = Release|Any CPU
		{56364C2F-DCF4-4D98-8FF7-72E98F0B7E86}.Debug|Any CPU.ActiveCfg = Debug|Any CPU
		{56364C2F-DCF4-4D98-8FF7-72E98F0B7E86}.Debug|Any CPU.Build.0 = Debug|Any CPU
		{56364C2F-DCF4-4D98-8FF7-72E98F0B7E86}.Debug|ARM.ActiveCfg = Debug|Any CPU
		{56364C2F-DCF4-4D98-8FF7-72E98F0B7E86}.Debug|x64.ActiveCfg = Debug|Any CPU
		{56364C2F-DCF4-4D98-8FF7-72E98F0B7E86}.Debug|x86.ActiveCfg = Debug|Any CPU
		{56364C2F-DCF4-4D98-8FF7-72E98F0B7E86}.DebugCD|Any CPU.ActiveCfg = Debug|Any CPU
		{56364C2F-DCF4-4D98-8FF7-72E98F0B7E86}.DebugCD|Any CPU.Build.0 = Debug|Any CPU
		{56364C2F-DCF4-4D98-8FF7-72E98F0B7E86}.DebugCD|ARM.ActiveCfg = Debug|Any CPU
		{56364C2F-DCF4-4D98-8FF7-72E98F0B7E86}.DebugCD|x64.ActiveCfg = Debug|Any CPU
		{56364C2F-DCF4-4D98-8FF7-72E98F0B7E86}.DebugCD|x86.ActiveCfg = Debug|Any CPU
		{56364C2F-DCF4-4D98-8FF7-72E98F0B7E86}.Release_LocalDeployment|Any CPU.ActiveCfg = Release_LocalDeployment|Any CPU
		{56364C2F-DCF4-4D98-8FF7-72E98F0B7E86}.Release_LocalDeployment|Any CPU.Build.0 = Release_LocalDeployment|Any CPU
		{56364C2F-DCF4-4D98-8FF7-72E98F0B7E86}.Release_LocalDeployment|ARM.ActiveCfg = Release_LocalDeployment|Any CPU
		{56364C2F-DCF4-4D98-8FF7-72E98F0B7E86}.Release_LocalDeployment|x64.ActiveCfg = Release_LocalDeployment|Any CPU
		{56364C2F-DCF4-4D98-8FF7-72E98F0B7E86}.Release_LocalDeployment|x86.ActiveCfg = Release_LocalDeployment|Any CPU
		{56364C2F-DCF4-4D98-8FF7-72E98F0B7E86}.Release|Any CPU.ActiveCfg = Release|Any CPU
		{56364C2F-DCF4-4D98-8FF7-72E98F0B7E86}.Release|Any CPU.Build.0 = Release|Any CPU
		{56364C2F-DCF4-4D98-8FF7-72E98F0B7E86}.Release|ARM.ActiveCfg = Release|Any CPU
		{56364C2F-DCF4-4D98-8FF7-72E98F0B7E86}.Release|x64.ActiveCfg = Release|Any CPU
		{56364C2F-DCF4-4D98-8FF7-72E98F0B7E86}.Release|x86.ActiveCfg = Release|Any CPU
		{E84558EB-5C0C-4D09-AC92-660C4822E9F8}.Debug|Any CPU.ActiveCfg = Debug|Any CPU
		{E84558EB-5C0C-4D09-AC92-660C4822E9F8}.Debug|Any CPU.Build.0 = Debug|Any CPU
		{E84558EB-5C0C-4D09-AC92-660C4822E9F8}.Debug|ARM.ActiveCfg = Debug|Any CPU
		{E84558EB-5C0C-4D09-AC92-660C4822E9F8}.Debug|x64.ActiveCfg = Debug|Any CPU
		{E84558EB-5C0C-4D09-AC92-660C4822E9F8}.Debug|x86.ActiveCfg = Debug|Any CPU
		{E84558EB-5C0C-4D09-AC92-660C4822E9F8}.DebugCD|Any CPU.ActiveCfg = Debug|Any CPU
		{E84558EB-5C0C-4D09-AC92-660C4822E9F8}.DebugCD|Any CPU.Build.0 = Debug|Any CPU
		{E84558EB-5C0C-4D09-AC92-660C4822E9F8}.DebugCD|ARM.ActiveCfg = Debug|Any CPU
		{E84558EB-5C0C-4D09-AC92-660C4822E9F8}.DebugCD|x64.ActiveCfg = Debug|Any CPU
		{E84558EB-5C0C-4D09-AC92-660C4822E9F8}.DebugCD|x86.ActiveCfg = Debug|Any CPU
		{E84558EB-5C0C-4D09-AC92-660C4822E9F8}.Release_LocalDeployment|Any CPU.ActiveCfg = Release_LocalDeployment|Any CPU
		{E84558EB-5C0C-4D09-AC92-660C4822E9F8}.Release_LocalDeployment|Any CPU.Build.0 = Release_LocalDeployment|Any CPU
		{E84558EB-5C0C-4D09-AC92-660C4822E9F8}.Release_LocalDeployment|ARM.ActiveCfg = Release_LocalDeployment|Any CPU
		{E84558EB-5C0C-4D09-AC92-660C4822E9F8}.Release_LocalDeployment|x64.ActiveCfg = Release_LocalDeployment|Any CPU
		{E84558EB-5C0C-4D09-AC92-660C4822E9F8}.Release_LocalDeployment|x86.ActiveCfg = Release_LocalDeployment|Any CPU
		{E84558EB-5C0C-4D09-AC92-660C4822E9F8}.Release|Any CPU.ActiveCfg = Release|Any CPU
		{E84558EB-5C0C-4D09-AC92-660C4822E9F8}.Release|Any CPU.Build.0 = Release|Any CPU
		{E84558EB-5C0C-4D09-AC92-660C4822E9F8}.Release|ARM.ActiveCfg = Release|Any CPU
		{E84558EB-5C0C-4D09-AC92-660C4822E9F8}.Release|x64.ActiveCfg = Release|Any CPU
		{E84558EB-5C0C-4D09-AC92-660C4822E9F8}.Release|x86.ActiveCfg = Release|Any CPU
		{84AAFEDD-47F2-4613-82C4-A44EABE5B181}.Debug|Any CPU.ActiveCfg = Debug|Any CPU
		{84AAFEDD-47F2-4613-82C4-A44EABE5B181}.Debug|Any CPU.Build.0 = Debug|Any CPU
		{84AAFEDD-47F2-4613-82C4-A44EABE5B181}.Debug|ARM.ActiveCfg = Debug|Any CPU
		{84AAFEDD-47F2-4613-82C4-A44EABE5B181}.Debug|x64.ActiveCfg = Debug|Any CPU
		{84AAFEDD-47F2-4613-82C4-A44EABE5B181}.Debug|x86.ActiveCfg = Debug|Any CPU
		{84AAFEDD-47F2-4613-82C4-A44EABE5B181}.DebugCD|Any CPU.ActiveCfg = Debug|Any CPU
		{84AAFEDD-47F2-4613-82C4-A44EABE5B181}.DebugCD|Any CPU.Build.0 = Debug|Any CPU
		{84AAFEDD-47F2-4613-82C4-A44EABE5B181}.DebugCD|ARM.ActiveCfg = Debug|Any CPU
		{84AAFEDD-47F2-4613-82C4-A44EABE5B181}.DebugCD|x64.ActiveCfg = Debug|Any CPU
		{84AAFEDD-47F2-4613-82C4-A44EABE5B181}.DebugCD|x86.ActiveCfg = Debug|Any CPU
		{84AAFEDD-47F2-4613-82C4-A44EABE5B181}.Release_LocalDeployment|Any CPU.ActiveCfg = Release|Any CPU
		{84AAFEDD-47F2-4613-82C4-A44EABE5B181}.Release_LocalDeployment|Any CPU.Build.0 = Release|Any CPU
		{84AAFEDD-47F2-4613-82C4-A44EABE5B181}.Release_LocalDeployment|ARM.ActiveCfg = Release|Any CPU
		{84AAFEDD-47F2-4613-82C4-A44EABE5B181}.Release_LocalDeployment|x64.ActiveCfg = Release|Any CPU
		{84AAFEDD-47F2-4613-82C4-A44EABE5B181}.Release_LocalDeployment|x86.ActiveCfg = Release|Any CPU
		{84AAFEDD-47F2-4613-82C4-A44EABE5B181}.Release|Any CPU.ActiveCfg = Release|Any CPU
		{84AAFEDD-47F2-4613-82C4-A44EABE5B181}.Release|Any CPU.Build.0 = Release|Any CPU
		{84AAFEDD-47F2-4613-82C4-A44EABE5B181}.Release|ARM.ActiveCfg = Release|Any CPU
		{84AAFEDD-47F2-4613-82C4-A44EABE5B181}.Release|x64.ActiveCfg = Release|Any CPU
		{84AAFEDD-47F2-4613-82C4-A44EABE5B181}.Release|x86.ActiveCfg = Release|Any CPU
		{60343CC0-4A01-4F30-9B46-C78CD544D84F}.Debug|Any CPU.ActiveCfg = Debug|Any CPU
		{60343CC0-4A01-4F30-9B46-C78CD544D84F}.Debug|Any CPU.Build.0 = Debug|Any CPU
		{60343CC0-4A01-4F30-9B46-C78CD544D84F}.Debug|ARM.ActiveCfg = Debug|Any CPU
		{60343CC0-4A01-4F30-9B46-C78CD544D84F}.Debug|x64.ActiveCfg = Debug|Any CPU
		{60343CC0-4A01-4F30-9B46-C78CD544D84F}.Debug|x86.ActiveCfg = Debug|Any CPU
		{60343CC0-4A01-4F30-9B46-C78CD544D84F}.DebugCD|Any CPU.ActiveCfg = Debug|Any CPU
		{60343CC0-4A01-4F30-9B46-C78CD544D84F}.DebugCD|Any CPU.Build.0 = Debug|Any CPU
		{60343CC0-4A01-4F30-9B46-C78CD544D84F}.DebugCD|ARM.ActiveCfg = Debug|Any CPU
		{60343CC0-4A01-4F30-9B46-C78CD544D84F}.DebugCD|x64.ActiveCfg = Debug|Any CPU
		{60343CC0-4A01-4F30-9B46-C78CD544D84F}.DebugCD|x86.ActiveCfg = Debug|Any CPU
		{60343CC0-4A01-4F30-9B46-C78CD544D84F}.Release_LocalDeployment|Any CPU.ActiveCfg = Release_LocalDeployment|Any CPU
		{60343CC0-4A01-4F30-9B46-C78CD544D84F}.Release_LocalDeployment|Any CPU.Build.0 = Release_LocalDeployment|Any CPU
		{60343CC0-4A01-4F30-9B46-C78CD544D84F}.Release_LocalDeployment|ARM.ActiveCfg = Release_LocalDeployment|Any CPU
		{60343CC0-4A01-4F30-9B46-C78CD544D84F}.Release_LocalDeployment|x64.ActiveCfg = Release_LocalDeployment|Any CPU
		{60343CC0-4A01-4F30-9B46-C78CD544D84F}.Release_LocalDeployment|x86.ActiveCfg = Release_LocalDeployment|Any CPU
		{60343CC0-4A01-4F30-9B46-C78CD544D84F}.Release|Any CPU.ActiveCfg = Release|Any CPU
		{60343CC0-4A01-4F30-9B46-C78CD544D84F}.Release|Any CPU.Build.0 = Release|Any CPU
		{60343CC0-4A01-4F30-9B46-C78CD544D84F}.Release|ARM.ActiveCfg = Release|Any CPU
		{60343CC0-4A01-4F30-9B46-C78CD544D84F}.Release|x64.ActiveCfg = Release|Any CPU
		{60343CC0-4A01-4F30-9B46-C78CD544D84F}.Release|x86.ActiveCfg = Release|Any CPU
	EndGlobalSection
	GlobalSection(SolutionProperties) = preSolution
		HideSolutionNode = FALSE
	EndGlobalSection
	GlobalSection(NestedProjects) = preSolution
		{05A33938-B402-4A82-8446-3A81CB0F5AA1} = {E3FF533C-6D3C-4AAE-B3FB-485525CF6D4D}
		{0D9AC8C7-B5A6-4DEF-8478-17412E5F2359} = {E3FF533C-6D3C-4AAE-B3FB-485525CF6D4D}
		{D39FC8F8-E9E3-4888-8323-87F75B04CDC4} = {E3FF533C-6D3C-4AAE-B3FB-485525CF6D4D}
		{DDB865D4-B878-42ED-AA79-777E659C13E1} = {E3FF533C-6D3C-4AAE-B3FB-485525CF6D4D}
		{EADAD92C-C4DC-406B-9E1F-9E5BA54A77F0} = {E3FF533C-6D3C-4AAE-B3FB-485525CF6D4D}
		{DD1562AA-7DB0-4617-B2B6-C6437F703668} = {E3FF533C-6D3C-4AAE-B3FB-485525CF6D4D}
		{56364C2F-DCF4-4D98-8FF7-72E98F0B7E86} = {E3FF533C-6D3C-4AAE-B3FB-485525CF6D4D}
		{E84558EB-5C0C-4D09-AC92-660C4822E9F8} = {E3FF533C-6D3C-4AAE-B3FB-485525CF6D4D}
		{84AAFEDD-47F2-4613-82C4-A44EABE5B181} = {E3FF533C-6D3C-4AAE-B3FB-485525CF6D4D}
		{60343CC0-4A01-4F30-9B46-C78CD544D84F} = {E3FF533C-6D3C-4AAE-B3FB-485525CF6D4D}
		{A2D2B1B4-A65A-40A1-81B7-2DADA59BB28E} = {E3FF533C-6D3C-4AAE-B3FB-485525CF6D4D}
		{405CEE28-0783-4BDE-B431-3FBFF57C1CC1} = {9CF8F240-3DB8-4407-8D9F-70B1772B5F50}
		{B48D1C2E-8A39-4008-AEAF-120AEADC4817} = {9CF8F240-3DB8-4407-8D9F-70B1772B5F50}
		{A81A178D-2892-4655-A3E8-CAB229F06D2C} = {9CF8F240-3DB8-4407-8D9F-70B1772B5F50}
		{DEF833F3-4D83-494A-848F-A700B3AD933C} = {9CF8F240-3DB8-4407-8D9F-70B1772B5F50}
	EndGlobalSection
	GlobalSection(ExtensibilityGlobals) = postSolution
		EnterpriseLibraryConfigurationToolBinariesPath = packages\Unity.2.1.505.2\lib\NET35
	EndGlobalSection
EndGlobal
