
Microsoft Visual Studio Solution File, Format Version 11.00
# Visual Studio 2010
Project("{FAE04EC0-301F-11D3-BF4B-00C04F79EFBC}") = "OnlineTradingSystem", "OnlineTradingSystem\OnlineTradingSystem.csproj", "{29D8E10D-3614-4645-89E7-4392A8A711C3}"
EndProject
Project("{FAE04EC0-301F-11D3-BF4B-00C04F79EFBC}") = "WebSuperMarket", "WebApplication2\WebSuperMarket.csproj", "{88140A72-88BF-4CE9-9AA2-0386C00D298B}"
EndProject
Global
	GlobalSection(SolutionConfigurationPlatforms) = preSolution
		Debug|Any CPU = Debug|Any CPU
		Debug|Mixed Platforms = Debug|Mixed Platforms
		Debug|x86 = Debug|x86
		Release|Any CPU = Release|Any CPU
		Release|Mixed Platforms = Release|Mixed Platforms
		Release|x86 = Release|x86
	EndGlobalSection
	GlobalSection(ProjectConfigurationPlatforms) = postSolution
		{29D8E10D-3614-4645-89E7-4392A8A711C3}.Debug|Any CPU.ActiveCfg = Debug|x86
		{29D8E10D-3614-4645-89E7-4392A8A711C3}.Debug|Mixed Platforms.ActiveCfg = Debug|x86
		{29D8E10D-3614-4645-89E7-4392A8A711C3}.Debug|Mixed Platforms.Build.0 = Debug|x86
		{29D8E10D-3614-4645-89E7-4392A8A711C3}.Debug|x86.ActiveCfg = Debug|x86
		{29D8E10D-3614-4645-89E7-4392A8A711C3}.Debug|x86.Build.0 = Debug|x86
		{29D8E10D-3614-4645-89E7-4392A8A711C3}.Release|Any CPU.ActiveCfg = Release|x86
		{29D8E10D-3614-4645-89E7-4392A8A711C3}.Release|Mixed Platforms.ActiveCfg = Release|x86
		{29D8E10D-3614-4645-89E7-4392A8A711C3}.Release|Mixed Platforms.Build.0 = Release|x86
		{29D8E10D-3614-4645-89E7-4392A8A711C3}.Release|x86.ActiveCfg = Release|x86
		{29D8E10D-3614-4645-89E7-4392A8A711C3}.Release|x86.Build.0 = Release|x86
		{88140A72-88BF-4CE9-9AA2-0386C00D298B}.Debug|Any CPU.ActiveCfg = Debug|Any CPU
		{88140A72-88BF-4CE9-9AA2-0386C00D298B}.Debug|Any CPU.Build.0 = Debug|Any CPU
		{88140A72-88BF-4CE9-9AA2-0386C00D298B}.Debug|Mixed Platforms.ActiveCfg = Debug|Any CPU
		{88140A72-88BF-4CE9-9AA2-0386C00D298B}.Debug|Mixed Platforms.Build.0 = Debug|Any CPU
		{88140A72-88BF-4CE9-9AA2-0386C00D298B}.Debug|x86.ActiveCfg = Debug|Any CPU
		{88140A72-88BF-4CE9-9AA2-0386C00D298B}.Release|Any CPU.ActiveCfg = Release|Any CPU
		{88140A72-88BF-4CE9-9AA2-0386C00D298B}.Release|Any CPU.Build.0 = Release|Any CPU
		{88140A72-88BF-4CE9-9AA2-0386C00D298B}.Release|Mixed Platforms.ActiveCfg = Release|Any CPU
		{88140A72-88BF-4CE9-9AA2-0386C00D298B}.Release|Mixed Platforms.Build.0 = Release|Any CPU
		{88140A72-88BF-4CE9-9AA2-0386C00D298B}.Release|x86.ActiveCfg = Release|Any CPU
	EndGlobalSection
	GlobalSection(SolutionProperties) = preSolution
		HideSolutionNode = FALSE
	EndGlobalSection
EndGlobal
