
Microsoft Visual Studio Solution File, Format Version 10.00
# Visual Studio 2008
Project("{FAE04EC0-301F-11D3-BF4B-00C04F79EFBC}") = "Palindrome", "Palindrome\Palindrome.csproj", "{0CC17AA3-7163-4908-8675-E9ACCDA7628C}"
EndProject
Global
	GlobalSection(SolutionConfigurationPlatforms) = preSolution
		Debug|Any CPU = Debug|Any CPU
		Release|Any CPU = Release|Any CPU
	EndGlobalSection
	GlobalSection(ProjectConfigurationPlatforms) = postSolution
		{0CC17AA3-7163-4908-8675-E9ACCDA7628C}.Debug|Any CPU.ActiveCfg = Debug|Any CPU
		{0CC17AA3-7163-4908-8675-E9ACCDA7628C}.Debug|Any CPU.Build.0 = Debug|Any CPU
		{0CC17AA3-7163-4908-8675-E9ACCDA7628C}.Release|Any CPU.ActiveCfg = Release|Any CPU
		{0CC17AA3-7163-4908-8675-E9ACCDA7628C}.Release|Any CPU.Build.0 = Release|Any CPU
	EndGlobalSection
	GlobalSection(SolutionProperties) = preSolution
		HideSolutionNode = FALSE
	EndGlobalSection
EndGlobal
