
Microsoft Visual Studio Solution File, Format Version 12.00
# Visual Studio 2013
VisualStudioVersion = 12.0.31101.0
MinimumVisualStudioVersion = 10.0.40219.1
Project("{FAE04EC0-301F-11D3-BF4B-00C04F79EFBC}") = "AppServicesSvcBusTopic", "AppServicesSvcBusTopic.csproj", "{23BEC2DE-8D5F-4914-A2E2-82B0003F71DE}"
EndProject
Global
	GlobalSection(SolutionConfigurationPlatforms) = preSolution
		Debug|Any CPU = Debug|Any CPU
		Release|Any CPU = Release|Any CPU
	EndGlobalSection
	GlobalSection(ProjectConfigurationPlatforms) = postSolution
		{23BEC2DE-8D5F-4914-A2E2-82B0003F71DE}.Debug|Any CPU.ActiveCfg = Debug|Any CPU
		{23BEC2DE-8D5F-4914-A2E2-82B0003F71DE}.Debug|Any CPU.Build.0 = Debug|Any CPU
		{23BEC2DE-8D5F-4914-A2E2-82B0003F71DE}.Release|Any CPU.ActiveCfg = Release|Any CPU
		{23BEC2DE-8D5F-4914-A2E2-82B0003F71DE}.Release|Any CPU.Build.0 = Release|Any CPU
	EndGlobalSection
	GlobalSection(SolutionProperties) = preSolution
		HideSolutionNode = FALSE
	EndGlobalSection
EndGlobal
